Microsoft Visual Studio Solution File, Format Version 12.00
# Visual Studio Version 16
VisualStudioVersion = 16.0.30717.126
MinimumVisualStudioVersion = 10.0.40219.1
Project("{39E2626F-3545-4960-A6E8-258AD8476CE5}") = "PTPackage_PosixAndroid", "PTPackage_PosixAndroid.androidproj", "{FBC5CEB9-71F8-46FC-9204-2B68C1447DCD}"
EndProject
Project("{8BC9CEB8-8B4A-11D0-8D11-00A0C91BC942}") = "pt_mcrt", "pt_mcrt.vcxproj", "{157DDACE-E8FC-4971-AD32-2D041336BE6E}"
EndProject
Project("{8BC9CEB8-8B4A-11D0-8D11-00A0C91BC942}") = "pt_wsi", "pt_wsi.vcxproj", "{219E5D8B-2804-433B-AF70-281EFBD86B84}"
EndProject
Global
	GlobalSection(SolutionConfigurationPlatforms) = preSolution
		Debug|ARM = Debug|ARM
		Debug|ARM64 = Debug|ARM64
		Debug|x64 = Debug|x64
		Debug|x86 = Debug|x86
		Release|ARM = Release|ARM
		Release|ARM64 = Release|ARM64
		Release|x64 = Release|x64
		Release|x86 = Release|x86
	EndGlobalSection
	GlobalSection(ProjectConfigurationPlatforms) = postSolution
		{FBC5CEB9-71F8-46FC-9204-2B68C1447DCD}.Debug|ARM.ActiveCfg = Debug|ARM
		{FBC5CEB9-71F8-46FC-9204-2B68C1447DCD}.Debug|ARM.Build.0 = Debug|ARM
		{FBC5CEB9-71F8-46FC-9204-2B68C1447DCD}.Debug|ARM.Deploy.0 = Debug|ARM
		{FBC5CEB9-71F8-46FC-9204-2B68C1447DCD}.Debug|ARM64.ActiveCfg = Debug|ARM64
		{FBC5CEB9-71F8-46FC-9204-2B68C1447DCD}.Debug|ARM64.Build.0 = Debug|ARM64
		{FBC5CEB9-71F8-46FC-9204-2B68C1447DCD}.Debug|ARM64.Deploy.0 = Debug|ARM64
		{FBC5CEB9-71F8-46FC-9204-2B68C1447DCD}.Debug|x64.ActiveCfg = Debug|x64
		{FBC5CEB9-71F8-46FC-9204-2B68C1447DCD}.Debug|x64.Build.0 = Debug|x64
		{FBC5CEB9-71F8-46FC-9204-2B68C1447DCD}.Debug|x64.Deploy.0 = Debug|x64
		{FBC5CEB9-71F8-46FC-9204-2B68C1447DCD}.Debug|x86.ActiveCfg = Debug|x86
		{FBC5CEB9-71F8-46FC-9204-2B68C1447DCD}.Debug|x86.Build.0 = Debug|x86
		{FBC5CEB9-71F8-46FC-9204-2B68C1447DCD}.Debug|x86.Deploy.0 = Debug|x86
		{FBC5CEB9-71F8-46FC-9204-2B68C1447DCD}.Release|ARM.ActiveCfg = Release|ARM
		{FBC5CEB9-71F8-46FC-9204-2B68C1447DCD}.Release|ARM.Build.0 = Release|ARM
		{FBC5CEB9-71F8-46FC-9204-2B68C1447DCD}.Release|ARM.Deploy.0 = Release|ARM
		{FBC5CEB9-71F8-46FC-9204-2B68C1447DCD}.Release|ARM64.ActiveCfg = Release|ARM64
		{FBC5CEB9-71F8-46FC-9204-2B68C1447DCD}.Release|ARM64.Build.0 = Release|ARM64
		{FBC5CEB9-71F8-46FC-9204-2B68C1447DCD}.Release|ARM64.Deploy.0 = Release|ARM64
		{FBC5CEB9-71F8-46FC-9204-2B68C1447DCD}.Release|x64.ActiveCfg = Release|x64
		{FBC5CEB9-71F8-46FC-9204-2B68C1447DCD}.Release|x64.Build.0 = Release|x64
		{FBC5CEB9-71F8-46FC-9204-2B68C1447DCD}.Release|x64.Deploy.0 = Release|x64
		{FBC5CEB9-71F8-46FC-9204-2B68C1447DCD}.Release|x86.ActiveCfg = Release|x86
		{FBC5CEB9-71F8-46FC-9204-2B68C1447DCD}.Release|x86.Build.0 = Release|x86
		{FBC5CEB9-71F8-46FC-9204-2B68C1447DCD}.Release|x86.Deploy.0 = Release|x86
		{157DDACE-E8FC-4971-AD32-2D041336BE6E}.Debug|ARM.ActiveCfg = Debug|ARM
		{157DDACE-E8FC-4971-AD32-2D041336BE6E}.Debug|ARM.Build.0 = Debug|ARM
		{157DDACE-E8FC-4971-AD32-2D041336BE6E}.Debug|ARM64.ActiveCfg = Debug|ARM64
		{157DDACE-E8FC-4971-AD32-2D041336BE6E}.Debug|ARM64.Build.0 = Debug|ARM64
		{157DDACE-E8FC-4971-AD32-2D041336BE6E}.Debug|x64.ActiveCfg = Debug|x64
		{157DDACE-E8FC-4971-AD32-2D041336BE6E}.Debug|x64.Build.0 = Debug|x64
		{157DDACE-E8FC-4971-AD32-2D041336BE6E}.Debug|x86.ActiveCfg = Debug|x86
		{157DDACE-E8FC-4971-AD32-2D041336BE6E}.Debug|x86.Build.0 = Debug|x86
		{157DDACE-E8FC-4971-AD32-2D041336BE6E}.Release|ARM.ActiveCfg = Release|ARM
		{157DDACE-E8FC-4971-AD32-2D041336BE6E}.Release|ARM.Build.0 = Release|ARM
		{157DDACE-E8FC-4971-AD32-2D041336BE6E}.Release|ARM64.ActiveCfg = Release|ARM64
		{157DDACE-E8FC-4971-AD32-2D041336BE6E}.Release|ARM64.Build.0 = Release|ARM64
		{157DDACE-E8FC-4971-AD32-2D041336BE6E}.Release|x64.ActiveCfg = Release|x64
		{157DDACE-E8FC-4971-AD32-2D041336BE6E}.Release|x64.Build.0 = Release|x64
		{157DDACE-E8FC-4971-AD32-2D041336BE6E}.Release|x86.ActiveCfg = Release|x86
		{157DDACE-E8FC-4971-AD32-2D041336BE6E}.Release|x86.Build.0 = Release|x86
		{219E5D8B-2804-433B-AF70-281EFBD86B84}.Debug|ARM.ActiveCfg = Debug|ARM
		{219E5D8B-2804-433B-AF70-281EFBD86B84}.Debug|ARM.Build.0 = Debug|ARM
		{219E5D8B-2804-433B-AF70-281EFBD86B84}.Debug|ARM64.ActiveCfg = Debug|ARM64
		{219E5D8B-2804-433B-AF70-281EFBD86B84}.Debug|ARM64.Build.0 = Debug|ARM64
		{219E5D8B-2804-433B-AF70-281EFBD86B84}.Debug|x64.ActiveCfg = Debug|x64
		{219E5D8B-2804-433B-AF70-281EFBD86B84}.Debug|x64.Build.0 = Debug|x64
		{219E5D8B-2804-433B-AF70-281EFBD86B84}.Debug|x86.ActiveCfg = Debug|x86
		{219E5D8B-2804-433B-AF70-281EFBD86B84}.Debug|x86.Build.0 = Debug|x86
		{219E5D8B-2804-433B-AF70-281EFBD86B84}.Release|ARM.ActiveCfg = Release|ARM
		{219E5D8B-2804-433B-AF70-281EFBD86B84}.Release|ARM.Build.0 = Release|ARM
		{219E5D8B-2804-433B-AF70-281EFBD86B84}.Release|ARM64.ActiveCfg = Release|ARM64
		{219E5D8B-2804-433B-AF70-281EFBD86B84}.Release|ARM64.Build.0 = Release|ARM64
		{219E5D8B-2804-433B-AF70-281EFBD86B84}.Release|x64.ActiveCfg = Release|x64
		{219E5D8B-2804-433B-AF70-281EFBD86B84}.Release|x64.Build.0 = Release|x64
		{219E5D8B-2804-433B-AF70-281EFBD86B84}.Release|x86.ActiveCfg = Release|x86
		{219E5D8B-2804-433B-AF70-281EFBD86B84}.Release|x86.Build.0 = Release|x86
	EndGlobalSection
	GlobalSection(SolutionProperties) = preSolution
		HideSolutionNode = FALSE
	EndGlobalSection
	GlobalSection(ExtensibilityGlobals) = postSolution
		SolutionGuid = {06BD206F-C2F5-442F-991B-F26952E691B2}
	EndGlobalSection
EndGlobal
