Microsoft Visual Studio Solution File, Format Version 12.00
# Visual Studio 15
VisualStudioVersion = 15.0.27130.2027
MinimumVisualStudioVersion = 10.0.40219.1
Project("{8BC9CEB8-8B4A-11D0-8D11-00A0C91BC942}") = "PTGFXVK_PosixAndroid", "PTGFXVK_PosixAndroid.vcxproj", "{84646759-1D88-4C3F-9470-3CB5512F6A77}"
EndProject
Project("{8BC9CEB8-8B4A-11D0-8D11-00A0C91BC942}") = "PTMcRT_PosixAndroid", "PTMcRT_PosixAndroid.vcxproj", "{157DDACE-E8FC-4971-AD32-2D041336BE6E}"
EndProject
Project("{8BC9CEB8-8B4A-11D0-8D11-00A0C91BC942}") = "PTLauncher_PosixAndroid", "PTLauncher_PosixAndroid.vcxproj", "{219E5D8B-2804-433B-AF70-281EFBD86B84}"
	ProjectSection(ProjectDependencies) = postProject
		{A6069C18-E0FF-455D-AA65-8E1BC700BB9E} = {A6069C18-E0FF-455D-AA65-8E1BC700BB9E}
		{157DDACE-E8FC-4971-AD32-2D041336BE6E} = {157DDACE-E8FC-4971-AD32-2D041336BE6E}
	EndProjectSection
EndProject
Project("{39E2626F-3545-4960-A6E8-258AD8476CE5}") = "PTPackage_PosixAndroid", "PTPackage_PosixAndroid.androidproj", "{FBC5CEB9-71F8-46FC-9204-2B68C1447DCD}"
EndProject
Project("{8BC9CEB8-8B4A-11D0-8D11-00A0C91BC942}") = "PTApp_PosixAndroid", "PTApp_PosixAndroid.vcxproj", "{A6069C18-E0FF-455D-AA65-8E1BC700BB9E}"
	ProjectSection(ProjectDependencies) = postProject
		{157DDACE-E8FC-4971-AD32-2D041336BE6E} = {157DDACE-E8FC-4971-AD32-2D041336BE6E}
	EndProjectSection
EndProject
Global
	GlobalSection(SolutionConfigurationPlatforms) = preSolution
		Debug|ARM = Debug|ARM
		Debug|ARM64 = Debug|ARM64
		Debug|x64 = Debug|x64
		Debug|x86 = Debug|x86
		Release|ARM = Release|ARM
		Release|ARM64 = Release|ARM64
		Release|x64 = Release|x64
		Release|x86 = Release|x86
	EndGlobalSection
	GlobalSection(ProjectConfigurationPlatforms) = postSolution
		{84646759-1D88-4C3F-9470-3CB5512F6A77}.Debug|ARM.ActiveCfg = Debug|ARM
		{84646759-1D88-4C3F-9470-3CB5512F6A77}.Debug|ARM.Build.0 = Debug|ARM
		{84646759-1D88-4C3F-9470-3CB5512F6A77}.Debug|ARM64.ActiveCfg = Debug|ARM64
		{84646759-1D88-4C3F-9470-3CB5512F6A77}.Debug|ARM64.Build.0 = Debug|ARM64
		{84646759-1D88-4C3F-9470-3CB5512F6A77}.Debug|x64.ActiveCfg = Debug|x64
		{84646759-1D88-4C3F-9470-3CB5512F6A77}.Debug|x64.Build.0 = Debug|x64
		{84646759-1D88-4C3F-9470-3CB5512F6A77}.Debug|x86.ActiveCfg = Debug|x86
		{84646759-1D88-4C3F-9470-3CB5512F6A77}.Debug|x86.Build.0 = Debug|x86
		{84646759-1D88-4C3F-9470-3CB5512F6A77}.Release|ARM.ActiveCfg = Release|ARM
		{84646759-1D88-4C3F-9470-3CB5512F6A77}.Release|ARM.Build.0 = Release|ARM
		{84646759-1D88-4C3F-9470-3CB5512F6A77}.Release|ARM64.ActiveCfg = Release|ARM64
		{84646759-1D88-4C3F-9470-3CB5512F6A77}.Release|ARM64.Build.0 = Release|ARM64
		{84646759-1D88-4C3F-9470-3CB5512F6A77}.Release|x64.ActiveCfg = Release|x64
		{84646759-1D88-4C3F-9470-3CB5512F6A77}.Release|x64.Build.0 = Release|x64
		{84646759-1D88-4C3F-9470-3CB5512F6A77}.Release|x86.ActiveCfg = Release|x86
		{84646759-1D88-4C3F-9470-3CB5512F6A77}.Release|x86.Build.0 = Release|x86
		{157DDACE-E8FC-4971-AD32-2D041336BE6E}.Debug|ARM.ActiveCfg = Debug|ARM
		{157DDACE-E8FC-4971-AD32-2D041336BE6E}.Debug|ARM.Build.0 = Debug|ARM
		{157DDACE-E8FC-4971-AD32-2D041336BE6E}.Debug|ARM64.ActiveCfg = Debug|ARM64
		{157DDACE-E8FC-4971-AD32-2D041336BE6E}.Debug|ARM64.Build.0 = Debug|ARM64
		{157DDACE-E8FC-4971-AD32-2D041336BE6E}.Debug|x64.ActiveCfg = Debug|x64
		{157DDACE-E8FC-4971-AD32-2D041336BE6E}.Debug|x64.Build.0 = Debug|x64
		{157DDACE-E8FC-4971-AD32-2D041336BE6E}.Debug|x86.ActiveCfg = Debug|x86
		{157DDACE-E8FC-4971-AD32-2D041336BE6E}.Debug|x86.Build.0 = Debug|x86
		{157DDACE-E8FC-4971-AD32-2D041336BE6E}.Release|ARM.ActiveCfg = Release|ARM
		{157DDACE-E8FC-4971-AD32-2D041336BE6E}.Release|ARM.Build.0 = Release|ARM
		{157DDACE-E8FC-4971-AD32-2D041336BE6E}.Release|ARM64.ActiveCfg = Release|ARM64
		{157DDACE-E8FC-4971-AD32-2D041336BE6E}.Release|ARM64.Build.0 = Release|ARM64
		{157DDACE-E8FC-4971-AD32-2D041336BE6E}.Release|x64.ActiveCfg = Release|x64
		{157DDACE-E8FC-4971-AD32-2D041336BE6E}.Release|x64.Build.0 = Release|x64
		{157DDACE-E8FC-4971-AD32-2D041336BE6E}.Release|x86.ActiveCfg = Release|x86
		{157DDACE-E8FC-4971-AD32-2D041336BE6E}.Release|x86.Build.0 = Release|x86
		{219E5D8B-2804-433B-AF70-281EFBD86B84}.Debug|ARM.ActiveCfg = Debug|ARM
		{219E5D8B-2804-433B-AF70-281EFBD86B84}.Debug|ARM.Build.0 = Debug|ARM
		{219E5D8B-2804-433B-AF70-281EFBD86B84}.Debug|ARM64.ActiveCfg = Debug|ARM64
		{219E5D8B-2804-433B-AF70-281EFBD86B84}.Debug|ARM64.Build.0 = Debug|ARM64
		{219E5D8B-2804-433B-AF70-281EFBD86B84}.Debug|x64.ActiveCfg = Debug|x64
		{219E5D8B-2804-433B-AF70-281EFBD86B84}.Debug|x64.Build.0 = Debug|x64
		{219E5D8B-2804-433B-AF70-281EFBD86B84}.Debug|x86.ActiveCfg = Debug|x86
		{219E5D8B-2804-433B-AF70-281EFBD86B84}.Debug|x86.Build.0 = Debug|x86
		{219E5D8B-2804-433B-AF70-281EFBD86B84}.Release|ARM.ActiveCfg = Release|ARM
		{219E5D8B-2804-433B-AF70-281EFBD86B84}.Release|ARM.Build.0 = Release|ARM
		{219E5D8B-2804-433B-AF70-281EFBD86B84}.Release|ARM64.ActiveCfg = Release|ARM64
		{219E5D8B-2804-433B-AF70-281EFBD86B84}.Release|ARM64.Build.0 = Release|ARM64
		{219E5D8B-2804-433B-AF70-281EFBD86B84}.Release|x64.ActiveCfg = Release|x64
		{219E5D8B-2804-433B-AF70-281EFBD86B84}.Release|x64.Build.0 = Release|x64
		{219E5D8B-2804-433B-AF70-281EFBD86B84}.Release|x86.ActiveCfg = Release|x86
		{219E5D8B-2804-433B-AF70-281EFBD86B84}.Release|x86.Build.0 = Release|x86
		{FBC5CEB9-71F8-46FC-9204-2B68C1447DCD}.Debug|ARM.ActiveCfg = Debug|ARM
		{FBC5CEB9-71F8-46FC-9204-2B68C1447DCD}.Debug|ARM.Build.0 = Debug|ARM
		{FBC5CEB9-71F8-46FC-9204-2B68C1447DCD}.Debug|ARM.Deploy.0 = Debug|ARM
		{FBC5CEB9-71F8-46FC-9204-2B68C1447DCD}.Debug|ARM64.ActiveCfg = Debug|ARM64
		{FBC5CEB9-71F8-46FC-9204-2B68C1447DCD}.Debug|ARM64.Build.0 = Debug|ARM64
		{FBC5CEB9-71F8-46FC-9204-2B68C1447DCD}.Debug|ARM64.Deploy.0 = Debug|ARM64
		{FBC5CEB9-71F8-46FC-9204-2B68C1447DCD}.Debug|x64.ActiveCfg = Debug|x64
		{FBC5CEB9-71F8-46FC-9204-2B68C1447DCD}.Debug|x64.Build.0 = Debug|x64
		{FBC5CEB9-71F8-46FC-9204-2B68C1447DCD}.Debug|x64.Deploy.0 = Debug|x64
		{FBC5CEB9-71F8-46FC-9204-2B68C1447DCD}.Debug|x86.ActiveCfg = Debug|x86
		{FBC5CEB9-71F8-46FC-9204-2B68C1447DCD}.Debug|x86.Build.0 = Debug|x86
		{FBC5CEB9-71F8-46FC-9204-2B68C1447DCD}.Debug|x86.Deploy.0 = Debug|x86
		{FBC5CEB9-71F8-46FC-9204-2B68C1447DCD}.Release|ARM.ActiveCfg = Release|ARM
		{FBC5CEB9-71F8-46FC-9204-2B68C1447DCD}.Release|ARM.Build.0 = Release|ARM
		{FBC5CEB9-71F8-46FC-9204-2B68C1447DCD}.Release|ARM.Deploy.0 = Release|ARM
		{FBC5CEB9-71F8-46FC-9204-2B68C1447DCD}.Release|ARM64.ActiveCfg = Release|ARM64
		{FBC5CEB9-71F8-46FC-9204-2B68C1447DCD}.Release|ARM64.Build.0 = Release|ARM64
		{FBC5CEB9-71F8-46FC-9204-2B68C1447DCD}.Release|ARM64.Deploy.0 = Release|ARM64
		{FBC5CEB9-71F8-46FC-9204-2B68C1447DCD}.Release|x64.ActiveCfg = Release|x64
		{FBC5CEB9-71F8-46FC-9204-2B68C1447DCD}.Release|x64.Build.0 = Release|x64
		{FBC5CEB9-71F8-46FC-9204-2B68C1447DCD}.Release|x64.Deploy.0 = Release|x64
		{FBC5CEB9-71F8-46FC-9204-2B68C1447DCD}.Release|x86.ActiveCfg = Release|x86
		{FBC5CEB9-71F8-46FC-9204-2B68C1447DCD}.Release|x86.Build.0 = Release|x86
		{FBC5CEB9-71F8-46FC-9204-2B68C1447DCD}.Release|x86.Deploy.0 = Release|x86
		{A6069C18-E0FF-455D-AA65-8E1BC700BB9E}.Debug|ARM.ActiveCfg = Debug|ARM
		{A6069C18-E0FF-455D-AA65-8E1BC700BB9E}.Debug|ARM.Build.0 = Debug|ARM
		{A6069C18-E0FF-455D-AA65-8E1BC700BB9E}.Debug|ARM64.ActiveCfg = Debug|ARM64
		{A6069C18-E0FF-455D-AA65-8E1BC700BB9E}.Debug|ARM64.Build.0 = Debug|ARM64
		{A6069C18-E0FF-455D-AA65-8E1BC700BB9E}.Debug|x64.ActiveCfg = Debug|x64
		{A6069C18-E0FF-455D-AA65-8E1BC700BB9E}.Debug|x64.Build.0 = Debug|x64
		{A6069C18-E0FF-455D-AA65-8E1BC700BB9E}.Debug|x86.ActiveCfg = Debug|x86
		{A6069C18-E0FF-455D-AA65-8E1BC700BB9E}.Debug|x86.Build.0 = Debug|x86
		{A6069C18-E0FF-455D-AA65-8E1BC700BB9E}.Release|ARM.ActiveCfg = Release|ARM
		{A6069C18-E0FF-455D-AA65-8E1BC700BB9E}.Release|ARM.Build.0 = Release|ARM
		{A6069C18-E0FF-455D-AA65-8E1BC700BB9E}.Release|ARM64.ActiveCfg = Release|ARM64
		{A6069C18-E0FF-455D-AA65-8E1BC700BB9E}.Release|ARM64.Build.0 = Release|ARM64
		{A6069C18-E0FF-455D-AA65-8E1BC700BB9E}.Release|x64.ActiveCfg = Release|x64
		{A6069C18-E0FF-455D-AA65-8E1BC700BB9E}.Release|x64.Build.0 = Release|x64
		{A6069C18-E0FF-455D-AA65-8E1BC700BB9E}.Release|x86.ActiveCfg = Release|x86
		{A6069C18-E0FF-455D-AA65-8E1BC700BB9E}.Release|x86.Build.0 = Release|x86
	EndGlobalSection
	GlobalSection(SolutionProperties) = preSolution
		HideSolutionNode = FALSE
	EndGlobalSection
	GlobalSection(ExtensibilityGlobals) = postSolution
		SolutionGuid = {06BD206F-C2F5-442F-991B-F26952E691B2}
	EndGlobalSection
EndGlobal
