Microsoft Visual Studio Solution File, Format Version 12.00
# Visual Studio 15
VisualStudioVersion = 15.0.27130.2027
MinimumVisualStudioVersion = 10.0.40219.1
Project("{8BC9CEB8-8B4A-11D0-8D11-00A0C91BC942}") = "PTGFXD3D12_Win32Desktop", "PTGFXD3D12_Win32Desktop.vcxproj", "{6DFF1720-EED3-4408-8637-C2A45775BF83}"
EndProject
Project("{8BC9CEB8-8B4A-11D0-8D11-00A0C91BC942}") = "PTGFXVK_Win32Desktop", "PTGFXVK_Win32Desktop.vcxproj", "{91F1D8A3-C9BD-42A4-90B0-5617A80E6EE7}"
EndProject
Project("{8BC9CEB8-8B4A-11D0-8D11-00A0C91BC942}") = "PTSystem_Win32Desktop", "PTSystem_Win32Desktop.vcxproj", "{FED171CE-F280-46F3-B633-0E1C345DCA4F}"
EndProject
Project("{8BC9CEB8-8B4A-11D0-8D11-00A0C91BC942}") = "PTLauncher_Win32Desktop", "PTLauncher_Win32Desktop.vcxproj", "{AF9C0C51-3308-4CA6-A1A3-68D57E5D0C40}"
EndProject
Project("{8BC9CEB8-8B4A-11D0-8D11-00A0C91BC942}") = "PTApp_Win32Desktop", "PTApp_Win32Desktop.vcxproj", "{7686E349-AAB6-4328-B96E-17A08A3DF168}"
EndProject
Project("{8BC9CEB8-8B4A-11D0-8D11-00A0C91BC942}") = "PTInterop_Win32Desktop", "PTInterop_Win32Desktop.vcxproj", "{53CE1959-8F21-4A97-8F09-E01ADC447CB7}"
EndProject
Global
	GlobalSection(SolutionConfigurationPlatforms) = preSolution
		Debug|Win32 = Debug|Win32
		Debug|x64 = Debug|x64
		Release|Win32 = Release|Win32
		Release|x64 = Release|x64
	EndGlobalSection
	GlobalSection(ProjectConfigurationPlatforms) = postSolution
		{FED171CE-F280-46F3-B633-0E1C345DCA4F}.Debug|Win32.ActiveCfg = Debug|Win32
		{FED171CE-F280-46F3-B633-0E1C345DCA4F}.Debug|Win32.Build.0 = Debug|Win32
		{FED171CE-F280-46F3-B633-0E1C345DCA4F}.Debug|x64.ActiveCfg = Debug|x64
		{FED171CE-F280-46F3-B633-0E1C345DCA4F}.Debug|x64.Build.0 = Debug|x64
		{FED171CE-F280-46F3-B633-0E1C345DCA4F}.Release|Win32.ActiveCfg = Release|Win32
		{FED171CE-F280-46F3-B633-0E1C345DCA4F}.Release|Win32.Build.0 = Release|Win32
		{FED171CE-F280-46F3-B633-0E1C345DCA4F}.Release|x64.ActiveCfg = Release|x64
		{FED171CE-F280-46F3-B633-0E1C345DCA4F}.Release|x64.Build.0 = Release|x64
		{7686E349-AAB6-4328-B96E-17A08A3DF168}.Debug|Win32.ActiveCfg = Debug|Win32
		{7686E349-AAB6-4328-B96E-17A08A3DF168}.Debug|Win32.Build.0 = Debug|Win32
		{7686E349-AAB6-4328-B96E-17A08A3DF168}.Debug|x64.ActiveCfg = Debug|x64
		{7686E349-AAB6-4328-B96E-17A08A3DF168}.Debug|x64.Build.0 = Debug|x64
		{7686E349-AAB6-4328-B96E-17A08A3DF168}.Release|Win32.ActiveCfg = Release|Win32
		{7686E349-AAB6-4328-B96E-17A08A3DF168}.Release|Win32.Build.0 = Release|Win32
		{7686E349-AAB6-4328-B96E-17A08A3DF168}.Release|x64.ActiveCfg = Release|x64
		{7686E349-AAB6-4328-B96E-17A08A3DF168}.Release|x64.Build.0 = Release|x64
		{53CE1959-8F21-4A97-8F09-E01ADC447CB7}.Debug|Win32.ActiveCfg = Debug|Win32
		{53CE1959-8F21-4A97-8F09-E01ADC447CB7}.Debug|Win32.Build.0 = Debug|Win32
		{53CE1959-8F21-4A97-8F09-E01ADC447CB7}.Debug|x64.ActiveCfg = Debug|x64
		{53CE1959-8F21-4A97-8F09-E01ADC447CB7}.Debug|x64.Build.0 = Debug|x64
		{53CE1959-8F21-4A97-8F09-E01ADC447CB7}.Release|Win32.ActiveCfg = Release|Win32
		{53CE1959-8F21-4A97-8F09-E01ADC447CB7}.Release|Win32.Build.0 = Release|Win32
		{53CE1959-8F21-4A97-8F09-E01ADC447CB7}.Release|x64.ActiveCfg = Release|x64
		{53CE1959-8F21-4A97-8F09-E01ADC447CB7}.Release|x64.Build.0 = Release|x64
		{6DFF1720-EED3-4408-8637-C2A45775BF83}.Debug|Win32.ActiveCfg = Debug|Win32
		{6DFF1720-EED3-4408-8637-C2A45775BF83}.Debug|Win32.Build.0 = Debug|Win32
		{6DFF1720-EED3-4408-8637-C2A45775BF83}.Debug|x64.ActiveCfg = Debug|x64
		{6DFF1720-EED3-4408-8637-C2A45775BF83}.Debug|x64.Build.0 = Debug|x64
		{6DFF1720-EED3-4408-8637-C2A45775BF83}.Release|Win32.ActiveCfg = Release|Win32
		{6DFF1720-EED3-4408-8637-C2A45775BF83}.Release|Win32.Build.0 = Release|Win32
		{6DFF1720-EED3-4408-8637-C2A45775BF83}.Release|x64.ActiveCfg = Release|x64
		{6DFF1720-EED3-4408-8637-C2A45775BF83}.Release|x64.Build.0 = Release|x64
		{AF9C0C51-3308-4CA6-A1A3-68D57E5D0C40}.Debug|Win32.ActiveCfg = Debug|Win32
		{AF9C0C51-3308-4CA6-A1A3-68D57E5D0C40}.Debug|Win32.Build.0 = Debug|Win32
		{AF9C0C51-3308-4CA6-A1A3-68D57E5D0C40}.Debug|x64.ActiveCfg = Debug|x64
		{AF9C0C51-3308-4CA6-A1A3-68D57E5D0C40}.Debug|x64.Build.0 = Debug|x64
		{AF9C0C51-3308-4CA6-A1A3-68D57E5D0C40}.Release|Win32.ActiveCfg = Release|Win32
		{AF9C0C51-3308-4CA6-A1A3-68D57E5D0C40}.Release|Win32.Build.0 = Release|Win32
		{AF9C0C51-3308-4CA6-A1A3-68D57E5D0C40}.Release|x64.ActiveCfg = Release|x64
		{AF9C0C51-3308-4CA6-A1A3-68D57E5D0C40}.Release|x64.Build.0 = Release|x64
		{91F1D8A3-C9BD-42A4-90B0-5617A80E6EE7}.Debug|Win32.ActiveCfg = Debug|Win32
		{91F1D8A3-C9BD-42A4-90B0-5617A80E6EE7}.Debug|Win32.Build.0 = Debug|Win32
		{91F1D8A3-C9BD-42A4-90B0-5617A80E6EE7}.Debug|x64.ActiveCfg = Debug|x64
		{91F1D8A3-C9BD-42A4-90B0-5617A80E6EE7}.Debug|x64.Build.0 = Debug|x64
		{91F1D8A3-C9BD-42A4-90B0-5617A80E6EE7}.Release|Win32.ActiveCfg = Release|Win32
		{91F1D8A3-C9BD-42A4-90B0-5617A80E6EE7}.Release|Win32.Build.0 = Release|Win32
		{91F1D8A3-C9BD-42A4-90B0-5617A80E6EE7}.Release|x64.ActiveCfg = Release|x64
		{91F1D8A3-C9BD-42A4-90B0-5617A80E6EE7}.Release|x64.Build.0 = Release|x64
	EndGlobalSection
	GlobalSection(SolutionProperties) = preSolution
		HideSolutionNode = FALSE
	EndGlobalSection
	GlobalSection(ExtensibilityGlobals) = postSolution
		SolutionGuid = {A0E5A939-2845-4B2E-8AFF-8F891978DC3C}
	EndGlobalSection
EndGlobal
