<?xml version="1.0" encoding="utf-8"?>
<Project ToolsVersion="4.0" xmlns="http://schemas.microsoft.com/developer/msbuild/2003">
  <ItemGroup>
    <Filter Include="Public">
      <UniqueIdentifier>{131c3ee2-010a-4cd5-85ce-d2a726622fd1}</UniqueIdentifier>
    </Filter>
    <Filter Include="Public\App">
      <UniqueIdentifier>{e851b196-65c7-46f9-a04b-7cc78008cc62}</UniqueIdentifier>
    </Filter>
    <Filter Include="Private">
      <UniqueIdentifier>{65fbf962-9c72-4360-bb36-bfb78487d0f5}</UniqueIdentifier>
    </Filter>
    <Filter Include="Private\App">
      <UniqueIdentifier>{10eede0c-4bb4-48be-a0ad-24d8646062eb}</UniqueIdentifier>
    </Filter>
    <Filter Include="Public\Window">
      <UniqueIdentifier>{70b53ade-a73d-4903-970f-ff9f59ed1bed}</UniqueIdentifier>
    </Filter>
    <Filter Include="Public\System">
      <UniqueIdentifier>{f7d10182-c0df-4bf2-ba30-237e2863bf17}</UniqueIdentifier>
    </Filter>
    <Filter Include="Public\System\Posix">
      <UniqueIdentifier>{1dfcae65-f9f5-4435-8d77-d24937ddf328}</UniqueIdentifier>
    </Filter>
  </ItemGroup>
  <ItemGroup>
    <ClInclude Include="..\..\Public\App\PTACommon.h">
      <Filter>Public\App</Filter>
    </ClInclude>
    <ClInclude Include="..\..\Public\App\PTAExport.h">
      <Filter>Public\App</Filter>
    </ClInclude>
    <ClInclude Include="..\..\Public\PTCommon.h">
      <Filter>Public</Filter>
    </ClInclude>
    <ClInclude Include="..\..\Public\Window\PTWCommon.h">
      <Filter>Public\Window</Filter>
    </ClInclude>
    <ClInclude Include="..\..\Public\Window\PTWWindow.h">
      <Filter>Public\Window</Filter>
    </ClInclude>
    <ClInclude Include="..\..\Public\System\PTSFile.h">
      <Filter>Public\System</Filter>
    </ClInclude>
    <ClInclude Include="..\..\Public\System\PTSCommon.h">
      <Filter>Public\System</Filter>
    </ClInclude>
    <ClInclude Include="..\..\Public\System\PTSMemoryAllocator.h">
      <Filter>Public\System</Filter>
    </ClInclude>
    <ClInclude Include="..\..\Public\System\PTSTaskScheduler.h">
      <Filter>Public\System</Filter>
    </ClInclude>
    <ClInclude Include="..\..\Public\System\PTSThread.h">
      <Filter>Public\System</Filter>
    </ClInclude>
  </ItemGroup>
  <ItemGroup>
    <ClCompile Include="..\..\Private\App\PTAExport.cpp">
      <Filter>Private\App</Filter>
    </ClCompile>
  </ItemGroup>
  <ItemGroup>
    <None Include="..\..\Public\System\Posix\PTSThread.inl">
      <Filter>Public\System\Posix</Filter>
    </None>
  </ItemGroup>
</Project>