Microsoft Visual Studio Solution File, Format Version 12.00
# Visual Studio 15
VisualStudioVersion = 15.0.27004.2006
MinimumVisualStudioVersion = 10.0.40219.1
Project("{8BC9CEB8-8B4A-11D0-8D11-00A0C91BC942}") = "PTSystem_PosixXCB", "PTSystem_PosixXCB.vcxproj", "{86D69AB2-BCDE-4487-9C04-5AC912091498}"
EndProject
Global
	GlobalSection(SolutionConfigurationPlatforms) = preSolution
		Debug|ARM = Debug|ARM
		Debug|x64 = Debug|x64
		Debug|x86 = Debug|x86
		Release|ARM = Release|ARM
		Release|x64 = Release|x64
		Release|x86 = Release|x86
	EndGlobalSection
	GlobalSection(ProjectConfigurationPlatforms) = postSolution
		{86D69AB2-BCDE-4487-9C04-5AC912091498}.Debug|ARM.ActiveCfg = Debug|ARM
		{86D69AB2-BCDE-4487-9C04-5AC912091498}.Debug|ARM.Build.0 = Debug|ARM
		{86D69AB2-BCDE-4487-9C04-5AC912091498}.Debug|x64.ActiveCfg = Debug|x64
		{86D69AB2-BCDE-4487-9C04-5AC912091498}.Debug|x64.Build.0 = Debug|x64
		{86D69AB2-BCDE-4487-9C04-5AC912091498}.Debug|x86.ActiveCfg = Debug|x86
		{86D69AB2-BCDE-4487-9C04-5AC912091498}.Debug|x86.Build.0 = Debug|x86
		{86D69AB2-BCDE-4487-9C04-5AC912091498}.Release|ARM.ActiveCfg = Release|ARM
		{86D69AB2-BCDE-4487-9C04-5AC912091498}.Release|ARM.Build.0 = Release|ARM
		{86D69AB2-BCDE-4487-9C04-5AC912091498}.Release|x64.ActiveCfg = Release|x64
		{86D69AB2-BCDE-4487-9C04-5AC912091498}.Release|x64.Build.0 = Release|x64
		{86D69AB2-BCDE-4487-9C04-5AC912091498}.Release|x86.ActiveCfg = Release|x86
		{86D69AB2-BCDE-4487-9C04-5AC912091498}.Release|x86.Build.0 = Release|x86
	EndGlobalSection
	GlobalSection(SolutionProperties) = preSolution
		HideSolutionNode = FALSE
	EndGlobalSection
	GlobalSection(ExtensibilityGlobals) = postSolution
		SolutionGuid = {983048B7-AFF6-439C-8E5E-7439EBE0E954}
	EndGlobalSection
EndGlobal
