<?xml version="1.0" encoding="utf-8"?>
<Project ToolsVersion="4.0" xmlns="http://schemas.microsoft.com/developer/msbuild/2003">
  <ItemGroup>
    <Filter Include="Public">
      <UniqueIdentifier>{dfca82b3-56a8-4059-8da6-edf9599783ad}</UniqueIdentifier>
    </Filter>
    <Filter Include="Public\Window">
      <UniqueIdentifier>{fa9137b6-c527-4bec-b205-153700edcfc4}</UniqueIdentifier>
    </Filter>
    <Filter Include="Private">
      <UniqueIdentifier>{484f09f3-7898-43f2-9bf1-8cce4cb024be}</UniqueIdentifier>
    </Filter>
    <Filter Include="Private\Window">
      <UniqueIdentifier>{c4848723-ab37-49ba-bcf0-d0bb757e75e8}</UniqueIdentifier>
    </Filter>
    <Filter Include="Private\Window\PosixXCB">
      <UniqueIdentifier>{5f6ceec8-d500-4bff-a5b4-f416cfc58848}</UniqueIdentifier>
    </Filter>
    <Filter Include="Public\System">
      <UniqueIdentifier>{71115b63-dac2-4d7a-aa24-f2b84dd2c19f}</UniqueIdentifier>
    </Filter>
    <Filter Include="Public\System\Posix">
      <UniqueIdentifier>{18ba22dc-2310-4085-b658-27a3c26632b6}</UniqueIdentifier>
    </Filter>
    <Filter Include="Public\App">
      <UniqueIdentifier>{475f8589-5a1c-46ef-a3cd-6dd995aaa440}</UniqueIdentifier>
    </Filter>
  </ItemGroup>
  <ItemGroup>
    <ClInclude Include="..\..\Public\Window\PTWCommon.h">
      <Filter>Public\Window</Filter>
    </ClInclude>
    <ClInclude Include="..\..\Public\Window\PTWWindow.h">
      <Filter>Public\Window</Filter>
    </ClInclude>
    <ClInclude Include="..\..\Public\PTCommon.h">
      <Filter>Public</Filter>
    </ClInclude>
    <ClInclude Include="..\..\Private\Window\PosixXCB\PTWindowImpl.h">
      <Filter>Private\Window\PosixXCB</Filter>
    </ClInclude>
    <ClInclude Include="..\..\Public\System\PTSCommon.h">
      <Filter>Public\System</Filter>
    </ClInclude>
    <ClInclude Include="..\..\Public\System\PTSFile.h">
      <Filter>Public\System</Filter>
    </ClInclude>
    <ClInclude Include="..\..\Public\System\PTSMemoryAllocator.h">
      <Filter>Public\System</Filter>
    </ClInclude>
    <ClInclude Include="..\..\Public\System\PTSTaskScheduler.h">
      <Filter>Public\System</Filter>
    </ClInclude>
    <ClInclude Include="..\..\Public\System\PTSThread.h">
      <Filter>Public\System</Filter>
    </ClInclude>
    <ClInclude Include="..\..\Public\App\PTACommon.h">
      <Filter>Public\App</Filter>
    </ClInclude>
    <ClInclude Include="..\..\Public\App\PTAExport.h">
      <Filter>Public\App</Filter>
    </ClInclude>
  </ItemGroup>
  <ItemGroup>
    <ClCompile Include="..\..\Private\Window\PosixXCB\PTWindowImpl.cpp">
      <Filter>Private\Window\PosixXCB</Filter>
    </ClCompile>
  </ItemGroup>
  <ItemGroup>
    <None Include="..\..\Public\System\Posix\PTSThread.inl">
      <Filter>Public\System\Posix</Filter>
    </None>
  </ItemGroup>
</Project>