<?xml version="1.0" encoding="utf-8"?>
<Project ToolsVersion="4.0" xmlns="http://schemas.microsoft.com/developer/msbuild/2003">
  <ItemGroup>
    <Filter Include="Public">
      <UniqueIdentifier>{87bbea98-a851-4d37-b99f-d95da8964596}</UniqueIdentifier>
    </Filter>
    <Filter Include="Public\System">
      <UniqueIdentifier>{45993b50-521b-42fc-aabd-1cd2b4deed27}</UniqueIdentifier>
    </Filter>
    <Filter Include="Public\System\Posix">
      <UniqueIdentifier>{be5d5ba6-c02d-45fd-9013-4b882769c6fe}</UniqueIdentifier>
    </Filter>
    <Filter Include="Private">
      <UniqueIdentifier>{5b9c3681-290f-4870-b3cb-7230d5f9c510}</UniqueIdentifier>
    </Filter>
    <Filter Include="Private\System">
      <UniqueIdentifier>{db2241fb-135a-438b-8c13-858f81d70eaf}</UniqueIdentifier>
    </Filter>
    <Filter Include="Private\System\Posix">
      <UniqueIdentifier>{1875882c-c56f-4d02-b639-31e7e4578cc0}</UniqueIdentifier>
    </Filter>
  </ItemGroup>
  <ItemGroup>
    <ClInclude Include="..\..\Public\System\PTSMemoryAllocator.h">
      <Filter>Public\System\Posix</Filter>
    </ClInclude>
    <ClInclude Include="..\..\Public\System\PTSCommon.h">
      <Filter>Public\System</Filter>
    </ClInclude>
    <ClInclude Include="..\..\Public\PTCommon.h">
      <Filter>Public</Filter>
    </ClInclude>
  </ItemGroup>
  <ItemGroup>
    <ClCompile Include="..\..\Private\System\Posix\tbbmalloc.cpp">
      <Filter>Private\System\Posix</Filter>
    </ClCompile>
  </ItemGroup>
</Project>