<?xml version="1.0" encoding="utf-8"?>
<Project ToolsVersion="4.0" xmlns="http://schemas.microsoft.com/developer/msbuild/2003">
  <ItemGroup>
    <Filter Include="ThirdParty">
      <UniqueIdentifier>{60f3391b-58ca-46b2-b36e-affb9f20195b}</UniqueIdentifier>
    </Filter>
    <Filter Include="ThirdParty\TinyALSA">
      <UniqueIdentifier>{1a55f2e2-0d72-4242-9261-cc16ece93360}</UniqueIdentifier>
    </Filter>
    <Filter Include="ThirdParty\TinyALSA\Source">
      <UniqueIdentifier>{68eec287-4fe8-4008-a46c-37b667a4d5c8}</UniqueIdentifier>
    </Filter>
    <Filter Include="ThirdParty\TinyALSA\Include">
      <UniqueIdentifier>{ba23dd8d-3080-4f7b-841f-c5dbd7d0fd1a}</UniqueIdentifier>
    </Filter>
    <Filter Include="ThirdParty\TinyALSA\Include\tinyalsa">
      <UniqueIdentifier>{44e24431-8d83-41ca-8d74-4a16065b60ba}</UniqueIdentifier>
    </Filter>
    <Filter Include="Private">
      <UniqueIdentifier>{a4f117dd-4089-4c45-b3bb-306829602ad4}</UniqueIdentifier>
    </Filter>
    <Filter Include="Private\Audio">
      <UniqueIdentifier>{31c5fe9c-610a-4f8d-a107-4b5a6b77acdf}</UniqueIdentifier>
    </Filter>
    <Filter Include="Private\Audio\TinyALSA">
      <UniqueIdentifier>{5bbc1e62-982d-49a2-9933-a9bceb8390b8}</UniqueIdentifier>
    </Filter>
  </ItemGroup>
  <ItemGroup>
    <ClInclude Include="..\..\ThirdParty\TinyALSA\Include\tinyalsa\asoundlib.h">
      <Filter>ThirdParty\TinyALSA\Include\tinyalsa</Filter>
    </ClInclude>
    <ClInclude Include="..\..\ThirdParty\PTLocateSourceCode_PosixXCB.h">
      <Filter>ThirdParty</Filter>
    </ClInclude>
    <ClInclude Include="..\..\PTLocateSourceCode_PosixXCB.h" />
    <ClInclude Include="..\..\Private\Audio\TinyALSA\PTALSAOpenClient.h">
      <Filter>Private\Audio\TinyALSA</Filter>
    </ClInclude>
  </ItemGroup>
  <ItemGroup>
    <ClCompile Include="..\..\ThirdParty\TinyALSA\Source\mixer.cpp">
      <Filter>ThirdParty\TinyALSA\Source</Filter>
    </ClCompile>
    <ClCompile Include="..\..\ThirdParty\TinyALSA\Source\pcm.cpp">
      <Filter>ThirdParty\TinyALSA\Source</Filter>
    </ClCompile>
    <ClCompile Include="..\..\Private\Audio\TinyALSA\PTALSAOpenClient.cpp">
      <Filter>Private\Audio\TinyALSA</Filter>
    </ClCompile>
  </ItemGroup>
</Project>