<?xml version="1.0" encoding="utf-8"?>
<Project ToolsVersion="4.0" xmlns="http://schemas.microsoft.com/developer/msbuild/2003">
  <ItemGroup>
    <Filter Include="ThirdParty">
      <UniqueIdentifier>{abfd2aad-7606-46e2-a11d-b6b4db72e1a2}</UniqueIdentifier>
    </Filter>
    <Filter Include="ThirdParty\VulkanSDK">
      <UniqueIdentifier>{db9ba71a-6acf-4815-b302-b802df131194}</UniqueIdentifier>
    </Filter>
    <Filter Include="ThirdParty\VulkanSDK\Source">
      <UniqueIdentifier>{fd12f8cb-74d9-4563-9145-6d54266aad18}</UniqueIdentifier>
    </Filter>
    <Filter Include="ThirdParty\VulkanSDK\Source\SPIRV_Tools">
      <UniqueIdentifier>{85b6a6ac-6a65-475b-bf22-524ebd60d005}</UniqueIdentifier>
    </Filter>
    <Filter Include="ThirdParty\VulkanSDK\Source\SPIRV_Tools\source">
      <UniqueIdentifier>{c3a553d0-ef42-42b6-b5b2-ca7fab01438c}</UniqueIdentifier>
    </Filter>
    <Filter Include="ThirdParty\VulkanSDK\Source\SPIRV_Tools\include">
      <UniqueIdentifier>{b04d19b8-41ec-4e27-9555-f044162fe15a}</UniqueIdentifier>
    </Filter>
    <Filter Include="ThirdParty\VulkanSDK\Source\SPIRV_Tools\source\util">
      <UniqueIdentifier>{a23f17a1-b982-423b-833b-5a87cc8932ab}</UniqueIdentifier>
    </Filter>
    <Filter Include="ThirdParty\VulkanSDK\Source\SPIRV_Tools\source\val">
      <UniqueIdentifier>{5e2ac0e6-ba3e-4deb-8d01-97ef49282625}</UniqueIdentifier>
    </Filter>
    <Filter Include="ThirdParty\VulkanSDK\Source\SPIRV">
      <UniqueIdentifier>{90ec0aa3-fd61-4e37-824d-a96f95d62494}</UniqueIdentifier>
    </Filter>
  </ItemGroup>
  <ItemGroup>
    <ClCompile Include="..\..\ThirdParty\VulkanSDK\Source\SPIRV_Tools\source\validate_image.cpp">
      <Filter>ThirdParty\VulkanSDK\Source\SPIRV_Tools\source</Filter>
    </ClCompile>
    <ClCompile Include="..\..\ThirdParty\VulkanSDK\Source\SPIRV_Tools\source\validate_instruction.cpp">
      <Filter>ThirdParty\VulkanSDK\Source\SPIRV_Tools\source</Filter>
    </ClCompile>
    <ClCompile Include="..\..\ThirdParty\VulkanSDK\Source\SPIRV_Tools\source\validate_layout.cpp">
      <Filter>ThirdParty\VulkanSDK\Source\SPIRV_Tools\source</Filter>
    </ClCompile>
    <ClCompile Include="..\..\ThirdParty\VulkanSDK\Source\SPIRV_Tools\source\validate_literals.cpp">
      <Filter>ThirdParty\VulkanSDK\Source\SPIRV_Tools\source</Filter>
    </ClCompile>
    <ClCompile Include="..\..\ThirdParty\VulkanSDK\Source\SPIRV_Tools\source\validate_logicals.cpp">
      <Filter>ThirdParty\VulkanSDK\Source\SPIRV_Tools\source</Filter>
    </ClCompile>
    <ClCompile Include="..\..\ThirdParty\VulkanSDK\Source\SPIRV_Tools\source\validate_primitives.cpp">
      <Filter>ThirdParty\VulkanSDK\Source\SPIRV_Tools\source</Filter>
    </ClCompile>
    <ClCompile Include="..\..\ThirdParty\VulkanSDK\Source\SPIRV_Tools\source\validate_type_unique.cpp">
      <Filter>ThirdParty\VulkanSDK\Source\SPIRV_Tools\source</Filter>
    </ClCompile>
    <ClCompile Include="..\..\ThirdParty\VulkanSDK\Source\SPIRV_Tools\source\assembly_grammar.cpp">
      <Filter>ThirdParty\VulkanSDK\Source\SPIRV_Tools\source</Filter>
    </ClCompile>
    <ClCompile Include="..\..\ThirdParty\VulkanSDK\Source\SPIRV_Tools\source\binary.cpp">
      <Filter>ThirdParty\VulkanSDK\Source\SPIRV_Tools\source</Filter>
    </ClCompile>
    <ClCompile Include="..\..\ThirdParty\VulkanSDK\Source\SPIRV_Tools\source\diagnostic.cpp">
      <Filter>ThirdParty\VulkanSDK\Source\SPIRV_Tools\source</Filter>
    </ClCompile>
    <ClCompile Include="..\..\ThirdParty\VulkanSDK\Source\SPIRV_Tools\source\disassemble.cpp">
      <Filter>ThirdParty\VulkanSDK\Source\SPIRV_Tools\source</Filter>
    </ClCompile>
    <ClCompile Include="..\..\ThirdParty\VulkanSDK\Source\SPIRV_Tools\source\enum_string_mapping.cpp">
      <Filter>ThirdParty\VulkanSDK\Source\SPIRV_Tools\source</Filter>
    </ClCompile>
    <ClCompile Include="..\..\ThirdParty\VulkanSDK\Source\SPIRV_Tools\source\ext_inst.cpp">
      <Filter>ThirdParty\VulkanSDK\Source\SPIRV_Tools\source</Filter>
    </ClCompile>
    <ClCompile Include="..\..\ThirdParty\VulkanSDK\Source\SPIRV_Tools\source\extensions.cpp">
      <Filter>ThirdParty\VulkanSDK\Source\SPIRV_Tools\source</Filter>
    </ClCompile>
    <ClCompile Include="..\..\ThirdParty\VulkanSDK\Source\SPIRV_Tools\source\id_descriptor.cpp">
      <Filter>ThirdParty\VulkanSDK\Source\SPIRV_Tools\source</Filter>
    </ClCompile>
    <ClCompile Include="..\..\ThirdParty\VulkanSDK\Source\SPIRV_Tools\source\libspirv.cpp">
      <Filter>ThirdParty\VulkanSDK\Source\SPIRV_Tools\source</Filter>
    </ClCompile>
    <ClCompile Include="..\..\ThirdParty\VulkanSDK\Source\SPIRV_Tools\source\name_mapper.cpp">
      <Filter>ThirdParty\VulkanSDK\Source\SPIRV_Tools\source</Filter>
    </ClCompile>
    <ClCompile Include="..\..\ThirdParty\VulkanSDK\Source\SPIRV_Tools\source\opcode.cpp">
      <Filter>ThirdParty\VulkanSDK\Source\SPIRV_Tools\source</Filter>
    </ClCompile>
    <ClCompile Include="..\..\ThirdParty\VulkanSDK\Source\SPIRV_Tools\source\operand.cpp">
      <Filter>ThirdParty\VulkanSDK\Source\SPIRV_Tools\source</Filter>
    </ClCompile>
    <ClCompile Include="..\..\ThirdParty\VulkanSDK\Source\SPIRV_Tools\source\parsed_operand.cpp">
      <Filter>ThirdParty\VulkanSDK\Source\SPIRV_Tools\source</Filter>
    </ClCompile>
    <ClCompile Include="..\..\ThirdParty\VulkanSDK\Source\SPIRV_Tools\source\print.cpp">
      <Filter>ThirdParty\VulkanSDK\Source\SPIRV_Tools\source</Filter>
    </ClCompile>
    <ClCompile Include="..\..\ThirdParty\VulkanSDK\Source\SPIRV_Tools\source\software_version.cpp">
      <Filter>ThirdParty\VulkanSDK\Source\SPIRV_Tools\source</Filter>
    </ClCompile>
    <ClCompile Include="..\..\ThirdParty\VulkanSDK\Source\SPIRV_Tools\source\spirv_endian.cpp">
      <Filter>ThirdParty\VulkanSDK\Source\SPIRV_Tools\source</Filter>
    </ClCompile>
    <ClCompile Include="..\..\ThirdParty\VulkanSDK\Source\SPIRV_Tools\source\spirv_target_env.cpp">
      <Filter>ThirdParty\VulkanSDK\Source\SPIRV_Tools\source</Filter>
    </ClCompile>
    <ClCompile Include="..\..\ThirdParty\VulkanSDK\Source\SPIRV_Tools\source\spirv_validator_options.cpp">
      <Filter>ThirdParty\VulkanSDK\Source\SPIRV_Tools\source</Filter>
    </ClCompile>
    <ClCompile Include="..\..\ThirdParty\VulkanSDK\Source\SPIRV_Tools\source\table.cpp">
      <Filter>ThirdParty\VulkanSDK\Source\SPIRV_Tools\source</Filter>
    </ClCompile>
    <ClCompile Include="..\..\ThirdParty\VulkanSDK\Source\SPIRV_Tools\source\text.cpp">
      <Filter>ThirdParty\VulkanSDK\Source\SPIRV_Tools\source</Filter>
    </ClCompile>
    <ClCompile Include="..\..\ThirdParty\VulkanSDK\Source\SPIRV_Tools\source\text_handler.cpp">
      <Filter>ThirdParty\VulkanSDK\Source\SPIRV_Tools\source</Filter>
    </ClCompile>
    <ClCompile Include="..\..\ThirdParty\VulkanSDK\Source\SPIRV_Tools\source\validate.cpp">
      <Filter>ThirdParty\VulkanSDK\Source\SPIRV_Tools\source</Filter>
    </ClCompile>
    <ClCompile Include="..\..\ThirdParty\VulkanSDK\Source\SPIRV_Tools\source\validate_adjacency.cpp">
      <Filter>ThirdParty\VulkanSDK\Source\SPIRV_Tools\source</Filter>
    </ClCompile>
    <ClCompile Include="..\..\ThirdParty\VulkanSDK\Source\SPIRV_Tools\source\validate_arithmetics.cpp">
      <Filter>ThirdParty\VulkanSDK\Source\SPIRV_Tools\source</Filter>
    </ClCompile>
    <ClCompile Include="..\..\ThirdParty\VulkanSDK\Source\SPIRV_Tools\source\validate_atomics.cpp">
      <Filter>ThirdParty\VulkanSDK\Source\SPIRV_Tools\source</Filter>
    </ClCompile>
    <ClCompile Include="..\..\ThirdParty\VulkanSDK\Source\SPIRV_Tools\source\validate_barriers.cpp">
      <Filter>ThirdParty\VulkanSDK\Source\SPIRV_Tools\source</Filter>
    </ClCompile>
    <ClCompile Include="..\..\ThirdParty\VulkanSDK\Source\SPIRV_Tools\source\validate_bitwise.cpp">
      <Filter>ThirdParty\VulkanSDK\Source\SPIRV_Tools\source</Filter>
    </ClCompile>
    <ClCompile Include="..\..\ThirdParty\VulkanSDK\Source\SPIRV_Tools\source\validate_capability.cpp">
      <Filter>ThirdParty\VulkanSDK\Source\SPIRV_Tools\source</Filter>
    </ClCompile>
    <ClCompile Include="..\..\ThirdParty\VulkanSDK\Source\SPIRV_Tools\source\validate_cfg.cpp">
      <Filter>ThirdParty\VulkanSDK\Source\SPIRV_Tools\source</Filter>
    </ClCompile>
    <ClCompile Include="..\..\ThirdParty\VulkanSDK\Source\SPIRV_Tools\source\validate_composites.cpp">
      <Filter>ThirdParty\VulkanSDK\Source\SPIRV_Tools\source</Filter>
    </ClCompile>
    <ClCompile Include="..\..\ThirdParty\VulkanSDK\Source\SPIRV_Tools\source\validate_conversion.cpp">
      <Filter>ThirdParty\VulkanSDK\Source\SPIRV_Tools\source</Filter>
    </ClCompile>
    <ClCompile Include="..\..\ThirdParty\VulkanSDK\Source\SPIRV_Tools\source\validate_datarules.cpp">
      <Filter>ThirdParty\VulkanSDK\Source\SPIRV_Tools\source</Filter>
    </ClCompile>
    <ClCompile Include="..\..\ThirdParty\VulkanSDK\Source\SPIRV_Tools\source\validate_decorations.cpp">
      <Filter>ThirdParty\VulkanSDK\Source\SPIRV_Tools\source</Filter>
    </ClCompile>
    <ClCompile Include="..\..\ThirdParty\VulkanSDK\Source\SPIRV_Tools\source\validate_derivatives.cpp">
      <Filter>ThirdParty\VulkanSDK\Source\SPIRV_Tools\source</Filter>
    </ClCompile>
    <ClCompile Include="..\..\ThirdParty\VulkanSDK\Source\SPIRV_Tools\source\validate_ext_inst.cpp">
      <Filter>ThirdParty\VulkanSDK\Source\SPIRV_Tools\source</Filter>
    </ClCompile>
    <ClCompile Include="..\..\ThirdParty\VulkanSDK\Source\SPIRV_Tools\source\validate_id.cpp">
      <Filter>ThirdParty\VulkanSDK\Source\SPIRV_Tools\source</Filter>
    </ClCompile>
    <ClCompile Include="..\..\ThirdParty\VulkanSDK\Source\SPIRV_Tools\source\util\parse_number.cpp">
      <Filter>ThirdParty\VulkanSDK\Source\SPIRV_Tools\source\util</Filter>
    </ClCompile>
    <ClCompile Include="..\..\ThirdParty\VulkanSDK\Source\SPIRV_Tools\source\util\string_utils.cpp">
      <Filter>ThirdParty\VulkanSDK\Source\SPIRV_Tools\source\util</Filter>
    </ClCompile>
    <ClCompile Include="..\..\ThirdParty\VulkanSDK\Source\SPIRV_Tools\source\util\bit_stream.cpp">
      <Filter>ThirdParty\VulkanSDK\Source\SPIRV_Tools\source\util</Filter>
    </ClCompile>
    <ClCompile Include="..\..\ThirdParty\VulkanSDK\Source\SPIRV_Tools\source\val\basic_block.cpp">
      <Filter>ThirdParty\VulkanSDK\Source\SPIRV_Tools\source\val</Filter>
    </ClCompile>
    <ClCompile Include="..\..\ThirdParty\VulkanSDK\Source\SPIRV_Tools\source\val\construct.cpp">
      <Filter>ThirdParty\VulkanSDK\Source\SPIRV_Tools\source\val</Filter>
    </ClCompile>
    <ClCompile Include="..\..\ThirdParty\VulkanSDK\Source\SPIRV_Tools\source\val\function.cpp">
      <Filter>ThirdParty\VulkanSDK\Source\SPIRV_Tools\source\val</Filter>
    </ClCompile>
    <ClCompile Include="..\..\ThirdParty\VulkanSDK\Source\SPIRV_Tools\source\val\instruction.cpp">
      <Filter>ThirdParty\VulkanSDK\Source\SPIRV_Tools\source\val</Filter>
    </ClCompile>
    <ClCompile Include="..\..\ThirdParty\VulkanSDK\Source\SPIRV_Tools\source\val\validation_state.cpp">
      <Filter>ThirdParty\VulkanSDK\Source\SPIRV_Tools\source\val</Filter>
    </ClCompile>
  </ItemGroup>
  <ItemGroup>
    <ClInclude Include="..\..\ThirdParty\VulkanSDK\Source\SPIRV_Tools\source\validate.h">
      <Filter>ThirdParty\VulkanSDK\Source\SPIRV_Tools\source</Filter>
    </ClInclude>
    <ClInclude Include="..\..\ThirdParty\VulkanSDK\Source\SPIRV_Tools\source\instruction.h">
      <Filter>ThirdParty\VulkanSDK\Source\SPIRV_Tools\source</Filter>
    </ClInclude>
    <ClInclude Include="..\..\ThirdParty\VulkanSDK\Source\SPIRV_Tools\source\latest_version_spirv_header.h">
      <Filter>ThirdParty\VulkanSDK\Source\SPIRV_Tools\source</Filter>
    </ClInclude>
    <ClInclude Include="..\..\ThirdParty\VulkanSDK\Source\SPIRV_Tools\source\message.h">
      <Filter>ThirdParty\VulkanSDK\Source\SPIRV_Tools\source</Filter>
    </ClInclude>
    <ClInclude Include="..\..\ThirdParty\VulkanSDK\Source\SPIRV_Tools\source\table.h">
      <Filter>ThirdParty\VulkanSDK\Source\SPIRV_Tools\source</Filter>
    </ClInclude>
    <ClInclude Include="..\..\ThirdParty\VulkanSDK\Source\SPIRV_Tools\source\extensions.h">
      <Filter>ThirdParty\VulkanSDK\Source\SPIRV_Tools\source</Filter>
    </ClInclude>
    <ClInclude Include="..\..\ThirdParty\VulkanSDK\Source\SPIRV_Tools\source\enum_set.h">
      <Filter>ThirdParty\VulkanSDK\Source\SPIRV_Tools\source</Filter>
    </ClInclude>
    <ClInclude Include="..\..\ThirdParty\VulkanSDK\Source\SPIRV_Tools\include\libspirv.h">
      <Filter>ThirdParty\VulkanSDK\Source\SPIRV_Tools\include</Filter>
    </ClInclude>
    <ClInclude Include="..\..\ThirdParty\VulkanSDK\Source\SPIRV_Tools\include\libspirv.hpp">
      <Filter>ThirdParty\VulkanSDK\Source\SPIRV_Tools\include</Filter>
    </ClInclude>
    <ClInclude Include="..\..\ThirdParty\VulkanSDK\Source\SPIRV_Tools\source\enum_string_mapping.h">
      <Filter>ThirdParty\VulkanSDK\Source\SPIRV_Tools\source</Filter>
    </ClInclude>
    <ClInclude Include="..\..\ThirdParty\VulkanSDK\Source\SPIRV_Tools\source\assembly_grammar.h">
      <Filter>ThirdParty\VulkanSDK\Source\SPIRV_Tools\source</Filter>
    </ClInclude>
    <ClInclude Include="..\..\ThirdParty\VulkanSDK\Source\SPIRV_Tools\source\opcode.h">
      <Filter>ThirdParty\VulkanSDK\Source\SPIRV_Tools\source</Filter>
    </ClInclude>
    <ClInclude Include="..\..\ThirdParty\VulkanSDK\Source\SPIRV_Tools\source\operand.h">
      <Filter>ThirdParty\VulkanSDK\Source\SPIRV_Tools\source</Filter>
    </ClInclude>
    <ClInclude Include="..\..\ThirdParty\VulkanSDK\Source\SPIRV_Tools\source\ext_inst.h">
      <Filter>ThirdParty\VulkanSDK\Source\SPIRV_Tools\source</Filter>
    </ClInclude>
    <ClInclude Include="..\..\ThirdParty\VulkanSDK\Source\SPIRV_Tools\source\binary.h">
      <Filter>ThirdParty\VulkanSDK\Source\SPIRV_Tools\source</Filter>
    </ClInclude>
    <ClInclude Include="..\..\ThirdParty\VulkanSDK\Source\SPIRV_Tools\source\spirv_definition.h">
      <Filter>ThirdParty\VulkanSDK\Source\SPIRV_Tools\source</Filter>
    </ClInclude>
    <ClInclude Include="..\..\ThirdParty\VulkanSDK\Source\SPIRV_Tools\source\diagnostic.h">
      <Filter>ThirdParty\VulkanSDK\Source\SPIRV_Tools\source</Filter>
    </ClInclude>
    <ClInclude Include="..\..\ThirdParty\VulkanSDK\Source\SPIRV_Tools\source\spirv_constant.h">
      <Filter>ThirdParty\VulkanSDK\Source\SPIRV_Tools\source</Filter>
    </ClInclude>
    <ClInclude Include="..\..\ThirdParty\VulkanSDK\Source\SPIRV_Tools\source\spirv_endian.h">
      <Filter>ThirdParty\VulkanSDK\Source\SPIRV_Tools\source</Filter>
    </ClInclude>
    <ClInclude Include="..\..\ThirdParty\VulkanSDK\Source\SPIRV_Tools\source\disassemble.h">
      <Filter>ThirdParty\VulkanSDK\Source\SPIRV_Tools\source</Filter>
    </ClInclude>
    <ClInclude Include="..\..\ThirdParty\VulkanSDK\Source\SPIRV_Tools\source\name_mapper.h">
      <Filter>ThirdParty\VulkanSDK\Source\SPIRV_Tools\source</Filter>
    </ClInclude>
    <ClInclude Include="..\..\ThirdParty\VulkanSDK\Source\SPIRV_Tools\source\parsed_operand.h">
      <Filter>ThirdParty\VulkanSDK\Source\SPIRV_Tools\source</Filter>
    </ClInclude>
    <ClInclude Include="..\..\ThirdParty\VulkanSDK\Source\SPIRV_Tools\source\print.h">
      <Filter>ThirdParty\VulkanSDK\Source\SPIRV_Tools\source</Filter>
    </ClInclude>
    <ClInclude Include="..\..\ThirdParty\VulkanSDK\Source\SPIRV_Tools\source\util\hex_float.h">
      <Filter>ThirdParty\VulkanSDK\Source\SPIRV_Tools\source\util</Filter>
    </ClInclude>
    <ClInclude Include="..\..\ThirdParty\VulkanSDK\Source\SPIRV_Tools\source\latest_version_glsl_std_450_header.h">
      <Filter>ThirdParty\VulkanSDK\Source\SPIRV_Tools\source</Filter>
    </ClInclude>
    <ClInclude Include="..\..\ThirdParty\VulkanSDK\Source\SPIRV_Tools\source\id_descriptor.h">
      <Filter>ThirdParty\VulkanSDK\Source\SPIRV_Tools\source</Filter>
    </ClInclude>
    <ClInclude Include="..\..\ThirdParty\VulkanSDK\Source\SPIRV_Tools\source\macro.h">
      <Filter>ThirdParty\VulkanSDK\Source\SPIRV_Tools\source</Filter>
    </ClInclude>
    <ClInclude Include="..\..\ThirdParty\VulkanSDK\Source\SPIRV_Tools\source\spirv_validator_options.h">
      <Filter>ThirdParty\VulkanSDK\Source\SPIRV_Tools\source</Filter>
    </ClInclude>
    <ClInclude Include="..\..\ThirdParty\VulkanSDK\Source\SPIRV_Tools\source\text.h">
      <Filter>ThirdParty\VulkanSDK\Source\SPIRV_Tools\source</Filter>
    </ClInclude>
    <ClInclude Include="..\..\ThirdParty\VulkanSDK\Source\SPIRV_Tools\source\text_handler.h">
      <Filter>ThirdParty\VulkanSDK\Source\SPIRV_Tools\source</Filter>
    </ClInclude>
    <ClInclude Include="..\..\ThirdParty\VulkanSDK\Source\SPIRV_Tools\source\util\parse_number.h">
      <Filter>ThirdParty\VulkanSDK\Source\SPIRV_Tools\source\util</Filter>
    </ClInclude>
    <ClInclude Include="..\..\ThirdParty\VulkanSDK\Source\SPIRV_Tools\source\val\construct.h">
      <Filter>ThirdParty\VulkanSDK\Source\SPIRV_Tools\source\val</Filter>
    </ClInclude>
    <ClInclude Include="..\..\ThirdParty\VulkanSDK\Source\SPIRV_Tools\source\val\function.h">
      <Filter>ThirdParty\VulkanSDK\Source\SPIRV_Tools\source\val</Filter>
    </ClInclude>
    <ClInclude Include="..\..\ThirdParty\VulkanSDK\Source\SPIRV_Tools\source\val\validation_state.h">
      <Filter>ThirdParty\VulkanSDK\Source\SPIRV_Tools\source\val</Filter>
    </ClInclude>
    <ClInclude Include="..\..\ThirdParty\VulkanSDK\Source\SPIRV_Tools\source\val\instruction.h">
      <Filter>ThirdParty\VulkanSDK\Source\SPIRV_Tools\source\val</Filter>
    </ClInclude>
    <ClInclude Include="..\..\ThirdParty\VulkanSDK\Source\SPIRV_Tools\source\val\decoration.h">
      <Filter>ThirdParty\VulkanSDK\Source\SPIRV_Tools\source\val</Filter>
    </ClInclude>
    <ClInclude Include="..\..\ThirdParty\VulkanSDK\Source\SPIRV_Tools\source\spirv_target_env.h">
      <Filter>ThirdParty\VulkanSDK\Source\SPIRV_Tools\source</Filter>
    </ClInclude>
    <ClInclude Include="..\..\ThirdParty\VulkanSDK\Source\SPIRV_Tools\source\cfa.h">
      <Filter>ThirdParty\VulkanSDK\Source\SPIRV_Tools\source</Filter>
    </ClInclude>
    <ClInclude Include="..\..\ThirdParty\VulkanSDK\Source\SPIRV_Tools\source\latest_version_opencl_std_header.h">
      <Filter>ThirdParty\VulkanSDK\Source\SPIRV_Tools\source</Filter>
    </ClInclude>
    <ClInclude Include="..\..\ThirdParty\VulkanSDK\Source\SPIRV_Tools\source\util\string_utils.h">
      <Filter>ThirdParty\VulkanSDK\Source\SPIRV_Tools\source\util</Filter>
    </ClInclude>
    <ClInclude Include="..\..\ThirdParty\VulkanSDK\Source\SPIRV_Tools\source\util\bitutils.h">
      <Filter>ThirdParty\VulkanSDK\Source\SPIRV_Tools\source\util</Filter>
    </ClInclude>
    <ClInclude Include="..\..\ThirdParty\VulkanSDK\Source\SPIRV_Tools\source\util\bit_stream.h">
      <Filter>ThirdParty\VulkanSDK\Source\SPIRV_Tools\source\util</Filter>
    </ClInclude>
    <ClInclude Include="..\..\ThirdParty\VulkanSDK\Source\SPIRV_Tools\source\val\basic_block.h">
      <Filter>ThirdParty\VulkanSDK\Source\SPIRV_Tools\source\val</Filter>
    </ClInclude>
    <ClInclude Include="..\..\ThirdParty\VulkanSDK\Source\SPIRV\GLSL.std.450.h">
      <Filter>ThirdParty\VulkanSDK\Source\SPIRV</Filter>
    </ClInclude>
    <ClInclude Include="..\..\ThirdParty\VulkanSDK\Source\SPIRV\OpenCL.std.h">
      <Filter>ThirdParty\VulkanSDK\Source\SPIRV</Filter>
    </ClInclude>
    <ClInclude Include="..\..\ThirdParty\VulkanSDK\Source\SPIRV\spirv.h">
      <Filter>ThirdParty\VulkanSDK\Source\SPIRV</Filter>
    </ClInclude>
    <ClInclude Include="..\..\ThirdParty\VulkanSDK\Source\SPIRV\spirv.hpp">
      <Filter>ThirdParty\VulkanSDK\Source\SPIRV</Filter>
    </ClInclude>
  </ItemGroup>
  <ItemGroup>
    <None Include="..\..\ThirdParty\VulkanSDK\Source\SPIRV_Tools\source\enum_string_mapping.inc">
      <Filter>ThirdParty\VulkanSDK\Source\SPIRV_Tools\source</Filter>
    </None>
    <None Include="..\..\ThirdParty\VulkanSDK\Source\SPIRV_Tools\source\extension_enum.inc">
      <Filter>ThirdParty\VulkanSDK\Source\SPIRV_Tools\source</Filter>
    </None>
    <None Include="..\..\ThirdParty\VulkanSDK\Source\SPIRV_Tools\source\debuginfo.insts.inc">
      <Filter>ThirdParty\VulkanSDK\Source\SPIRV_Tools\source</Filter>
    </None>
    <None Include="..\..\ThirdParty\VulkanSDK\Source\SPIRV_Tools\source\glsl.std.450.insts.inc">
      <Filter>ThirdParty\VulkanSDK\Source\SPIRV_Tools\source</Filter>
    </None>
    <None Include="..\..\ThirdParty\VulkanSDK\Source\SPIRV_Tools\source\opencl.std.insts.inc">
      <Filter>ThirdParty\VulkanSDK\Source\SPIRV_Tools\source</Filter>
    </None>
    <None Include="..\..\ThirdParty\VulkanSDK\Source\SPIRV_Tools\source\spv-amd-gcn-shader.insts.inc">
      <Filter>ThirdParty\VulkanSDK\Source\SPIRV_Tools\source</Filter>
    </None>
    <None Include="..\..\ThirdParty\VulkanSDK\Source\SPIRV_Tools\source\spv-amd-shader-ballot.insts.inc">
      <Filter>ThirdParty\VulkanSDK\Source\SPIRV_Tools\source</Filter>
    </None>
    <None Include="..\..\ThirdParty\VulkanSDK\Source\SPIRV_Tools\source\spv-amd-shader-explicit-vertex-parameter.insts.inc">
      <Filter>ThirdParty\VulkanSDK\Source\SPIRV_Tools\source</Filter>
    </None>
    <None Include="..\..\ThirdParty\VulkanSDK\Source\SPIRV_Tools\source\spv-amd-shader-trinary-minmax.insts.inc">
      <Filter>ThirdParty\VulkanSDK\Source\SPIRV_Tools\source</Filter>
    </None>
    <None Include="..\..\ThirdParty\VulkanSDK\Source\SPIRV_Tools\source\core.insts-1.1.inc">
      <Filter>ThirdParty\VulkanSDK\Source\SPIRV_Tools\source</Filter>
    </None>
    <None Include="..\..\ThirdParty\VulkanSDK\Source\SPIRV_Tools\source\core.insts-1.2.inc">
      <Filter>ThirdParty\VulkanSDK\Source\SPIRV_Tools\source</Filter>
    </None>
    <None Include="..\..\ThirdParty\VulkanSDK\Source\SPIRV_Tools\source\core.insts-1.0.inc">
      <Filter>ThirdParty\VulkanSDK\Source\SPIRV_Tools\source</Filter>
    </None>
    <None Include="..\..\ThirdParty\VulkanSDK\Source\SPIRV_Tools\source\generators.inc">
      <Filter>ThirdParty\VulkanSDK\Source\SPIRV_Tools\source</Filter>
    </None>
    <None Include="..\..\ThirdParty\VulkanSDK\Source\SPIRV_Tools\source\operand.kinds-1.0.inc">
      <Filter>ThirdParty\VulkanSDK\Source\SPIRV_Tools\source</Filter>
    </None>
    <None Include="..\..\ThirdParty\VulkanSDK\Source\SPIRV_Tools\source\operand.kinds-1.1.inc">
      <Filter>ThirdParty\VulkanSDK\Source\SPIRV_Tools\source</Filter>
    </None>
    <None Include="..\..\ThirdParty\VulkanSDK\Source\SPIRV_Tools\source\operand.kinds-1.2.inc">
      <Filter>ThirdParty\VulkanSDK\Source\SPIRV_Tools\source</Filter>
    </None>
    <None Include="..\..\ThirdParty\VulkanSDK\Source\SPIRV_Tools\source\build-version.inc">
      <Filter>ThirdParty\VulkanSDK\Source\SPIRV_Tools\source</Filter>
    </None>
  </ItemGroup>
</Project>