<?xml version="1.0" encoding="utf-8"?>
<Project ToolsVersion="4.0" xmlns="http://schemas.microsoft.com/developer/msbuild/2003">
  <ItemGroup>
    <ClCompile Include="..\..\ThirdParty\VulkanSDK\Source\layers\vk_format_utils.cpp">
      <Filter>ThirdParty\VulkanSDK\Source\layers</Filter>
    </ClCompile>
    <ClCompile Include="..\..\ThirdParty\VulkanSDK\Source\layers\vk_layer_config.cpp">
      <Filter>ThirdParty\VulkanSDK\Source\layers</Filter>
    </ClCompile>
    <ClCompile Include="..\..\ThirdParty\VulkanSDK\Source\layers\vk_layer_extension_utils.cpp">
      <Filter>ThirdParty\VulkanSDK\Source\layers</Filter>
    </ClCompile>
    <ClCompile Include="..\..\ThirdParty\VulkanSDK\Source\layers\vk_layer_utils.cpp">
      <Filter>ThirdParty\VulkanSDK\Source\layers</Filter>
    </ClCompile>
  </ItemGroup>
  <ItemGroup>
    <ClInclude Include="..\..\ThirdParty\VulkanSDK\Source\layers\vk_format_utils.h">
      <Filter>ThirdParty\VulkanSDK\Source\layers</Filter>
    </ClInclude>
    <ClInclude Include="..\..\ThirdParty\VulkanSDK\Source\layers\vk_layer_config.h">
      <Filter>ThirdParty\VulkanSDK\Source\layers</Filter>
    </ClInclude>
    <ClInclude Include="..\..\ThirdParty\VulkanSDK\Source\layers\vk_layer_extension_utils.h">
      <Filter>ThirdParty\VulkanSDK\Source\layers</Filter>
    </ClInclude>
    <ClInclude Include="..\..\ThirdParty\VulkanSDK\Source\layers\vk_layer_utils.h">
      <Filter>ThirdParty\VulkanSDK\Source\layers</Filter>
    </ClInclude>
  </ItemGroup>
  <ItemGroup>
    <Filter Include="ThirdParty">
      <UniqueIdentifier>{f10af294-a2e6-473c-808b-61b21bfe8a34}</UniqueIdentifier>
    </Filter>
    <Filter Include="ThirdParty\VulkanSDK">
      <UniqueIdentifier>{9454310d-7126-4064-b2f7-4469a2dbb313}</UniqueIdentifier>
    </Filter>
    <Filter Include="ThirdParty\VulkanSDK\Source">
      <UniqueIdentifier>{53b08f65-df4c-4d20-8290-f7607286c0cd}</UniqueIdentifier>
    </Filter>
    <Filter Include="ThirdParty\VulkanSDK\Source\layers">
      <UniqueIdentifier>{77cb6f2f-c106-4917-ad84-0973e557c401}</UniqueIdentifier>
    </Filter>
  </ItemGroup>
</Project>