// !$*UTF8*$!
{
	archiveVersion = 1;
	classes = {
	};
	objectVersion = 50;
	objects = {

/* Begin PBXBuildFile section */
		6238291026769323002ECF8A /* pt_apple_sdk_posix_mach_objc.cpp in Sources */ = {isa = PBXBuildFile; fileRef = 6238290F26769323002ECF8A /* pt_apple_sdk_posix_mach_objc.cpp */; };
		6238291226769328002ECF8A /* pt_apple_sdk_posix_mach_foundation.cpp in Sources */ = {isa = PBXBuildFile; fileRef = 6238291126769328002ECF8A /* pt_apple_sdk_posix_mach_foundation.cpp */; };
		623829142676932F002ECF8A /* pt_apple_sdk_posix_mach_appkit.cpp in Sources */ = {isa = PBXBuildFile; fileRef = 623829132676932F002ECF8A /* pt_apple_sdk_posix_mach_appkit.cpp */; };
		625D4F132676B4E4000F087B /* pt_apple_sdk_posix_mach_metalkit.cpp in Sources */ = {isa = PBXBuildFile; fileRef = 625D4F122676B4E3000F087B /* pt_apple_sdk_posix_mach_metalkit.cpp */; };
		625D4F172676BC6C000F087B /* pt_apple_sdk_posix_mach_metal.cpp in Sources */ = {isa = PBXBuildFile; fileRef = 625D4F162676BC6C000F087B /* pt_apple_sdk_posix_mach_metal.cpp */; };
		625D4F3126775C9B000F087B /* pt_gfx_connection_export.cpp in Sources */ = {isa = PBXBuildFile; fileRef = 625D4F3026775C9B000F087B /* pt_gfx_connection_export.cpp */; };
		625D4F3326775CEF000F087B /* pt_gfx_connection_common.cpp in Sources */ = {isa = PBXBuildFile; fileRef = 625D4F3226775CEF000F087B /* pt_gfx_connection_common.cpp */; };
		625D4F3726775DB1000F087B /* pt_gfx_connection_mtl.cpp in Sources */ = {isa = PBXBuildFile; fileRef = 625D4F3626775DB1000F087B /* pt_gfx_connection_mtl.cpp */; };
		625D4F392677611B000F087B /* pt_gfx_api_mtl.cpp in Sources */ = {isa = PBXBuildFile; fileRef = 625D4F382677611B000F087B /* pt_gfx_api_mtl.cpp */; };
		62D793B525974516001CC2AF /* libobjc.tbd in Frameworks */ = {isa = PBXBuildFile; fileRef = 62D793B425974516001CC2AF /* libobjc.tbd */; };
		62D793B925974525001CC2AF /* AppKit.tbd in Frameworks */ = {isa = PBXBuildFile; fileRef = 62D793B825974525001CC2AF /* AppKit.tbd */; };
		62D793BD25974534001CC2AF /* Foundation.tbd in Frameworks */ = {isa = PBXBuildFile; fileRef = 62D793BC25974534001CC2AF /* Foundation.tbd */; };
		62D793C125974546001CC2AF /* Metal.tbd in Frameworks */ = {isa = PBXBuildFile; fileRef = 62D793C025974546001CC2AF /* Metal.tbd */; };
		62D793C72597454D001CC2AF /* MetalKit.tbd in Frameworks */ = {isa = PBXBuildFile; fileRef = 62D793C62597454D001CC2AF /* MetalKit.tbd */; };
		62D7940E25975789001CC2AF /* pt_wsi_window_posix_mach_osx.cpp in Sources */ = {isa = PBXBuildFile; fileRef = 62D7940C25975766001CC2AF /* pt_wsi_window_posix_mach_osx.cpp */; };
		62D9E1C526779F510003ADBA /* libpt_apple_sdk_posix_mach_osx.dylib in Frameworks */ = {isa = PBXBuildFile; fileRef = 6238290426768846002ECF8A /* libpt_apple_sdk_posix_mach_osx.dylib */; };
		62D9E1C626779F530003ADBA /* libpt_gfx_wsi_window_osx.dylib in Frameworks */ = {isa = PBXBuildFile; fileRef = 625D4F2C26775B6F000F087B /* libpt_gfx_wsi_window_osx.dylib */; };
		62D9E1C726779F660003ADBA /* libpt_apple_sdk_posix_mach_osx.dylib in Frameworks */ = {isa = PBXBuildFile; fileRef = 6238290426768846002ECF8A /* libpt_apple_sdk_posix_mach_osx.dylib */; };
		92F0788E2447818700F82881 /* UIKit.tbd in Frameworks */ = {isa = PBXBuildFile; fileRef = 92F0788D2447818700F82881 /* UIKit.tbd */; };
		92F078942447863B00F82881 /* libobjc.tbd in Frameworks */ = {isa = PBXBuildFile; fileRef = 92F078932447863B00F82881 /* libobjc.tbd */; };
		92F0793324479F0600F82881 /* Foundation.tbd in Frameworks */ = {isa = PBXBuildFile; fileRef = 92F0793224479F0600F82881 /* Foundation.tbd */; };
		92F0793524479F1000F82881 /* Metal.tbd in Frameworks */ = {isa = PBXBuildFile; fileRef = 92F0793424479F1000F82881 /* Metal.tbd */; };
		92F0793724479F1500F82881 /* MetalKit.tbd in Frameworks */ = {isa = PBXBuildFile; fileRef = 92F0793624479F1500F82881 /* MetalKit.tbd */; };
/* End PBXBuildFile section */

/* Begin PBXFileReference section */
		6238290426768846002ECF8A /* libpt_apple_sdk_posix_mach_osx.dylib */ = {isa = PBXFileReference; explicitFileType = "compiled.mach-o.dylib"; includeInIndex = 0; path = libpt_apple_sdk_posix_mach_osx.dylib; sourceTree = BUILT_PRODUCTS_DIR; };
		6238290A267692DD002ECF8A /* pt_apple_sdk_common.h */ = {isa = PBXFileReference; fileEncoding = 4; lastKnownFileType = sourcecode.c.h; name = pt_apple_sdk_common.h; path = ../../include/pt_apple_sdk_common.h; sourceTree = "<group>"; };
		6238290C267692F2002ECF8A /* pt_apple_sdk_posix_mach_appkit.h */ = {isa = PBXFileReference; lastKnownFileType = sourcecode.c.h; name = pt_apple_sdk_posix_mach_appkit.h; path = ../../include/pt_apple_sdk_posix_mach_appkit.h; sourceTree = "<group>"; };
		6238290D267692FA002ECF8A /* pt_apple_sdk_posix_mach_foundation.h */ = {isa = PBXFileReference; lastKnownFileType = sourcecode.c.h; name = pt_apple_sdk_posix_mach_foundation.h; path = ../../include/pt_apple_sdk_posix_mach_foundation.h; sourceTree = "<group>"; };
		6238290E2676930A002ECF8A /* pt_apple_sdk_posix_mach_objc.h */ = {isa = PBXFileReference; lastKnownFileType = sourcecode.c.h; name = pt_apple_sdk_posix_mach_objc.h; path = ../../include/pt_apple_sdk_posix_mach_objc.h; sourceTree = "<group>"; };
		6238290F26769323002ECF8A /* pt_apple_sdk_posix_mach_objc.cpp */ = {isa = PBXFileReference; fileEncoding = 4; lastKnownFileType = sourcecode.cpp.cpp; name = pt_apple_sdk_posix_mach_objc.cpp; path = ../../src/pt_apple_sdk_posix_mach_objc.cpp; sourceTree = "<group>"; };
		6238291126769328002ECF8A /* pt_apple_sdk_posix_mach_foundation.cpp */ = {isa = PBXFileReference; fileEncoding = 4; lastKnownFileType = sourcecode.cpp.cpp; name = pt_apple_sdk_posix_mach_foundation.cpp; path = ../../src/pt_apple_sdk_posix_mach_foundation.cpp; sourceTree = "<group>"; };
		623829132676932F002ECF8A /* pt_apple_sdk_posix_mach_appkit.cpp */ = {isa = PBXFileReference; fileEncoding = 4; lastKnownFileType = sourcecode.cpp.cpp; name = pt_apple_sdk_posix_mach_appkit.cpp; path = ../../src/pt_apple_sdk_posix_mach_appkit.cpp; sourceTree = "<group>"; };
		625D4F122676B4E3000F087B /* pt_apple_sdk_posix_mach_metalkit.cpp */ = {isa = PBXFileReference; fileEncoding = 4; lastKnownFileType = sourcecode.cpp.cpp; name = pt_apple_sdk_posix_mach_metalkit.cpp; path = ../../src/pt_apple_sdk_posix_mach_metalkit.cpp; sourceTree = "<group>"; };
		625D4F142676B4F3000F087B /* pt_apple_sdk_posix_mach_metalkit.h */ = {isa = PBXFileReference; lastKnownFileType = sourcecode.c.h; name = pt_apple_sdk_posix_mach_metalkit.h; path = ../../include/pt_apple_sdk_posix_mach_metalkit.h; sourceTree = "<group>"; };
		625D4F152676BC5E000F087B /* pt_apple_sdk_posix_mach_metal.h */ = {isa = PBXFileReference; lastKnownFileType = sourcecode.c.h; name = pt_apple_sdk_posix_mach_metal.h; path = ../../include/pt_apple_sdk_posix_mach_metal.h; sourceTree = "<group>"; };
		625D4F162676BC6C000F087B /* pt_apple_sdk_posix_mach_metal.cpp */ = {isa = PBXFileReference; fileEncoding = 4; lastKnownFileType = sourcecode.cpp.cpp; name = pt_apple_sdk_posix_mach_metal.cpp; path = ../../src/pt_apple_sdk_posix_mach_metal.cpp; sourceTree = "<group>"; };
		625D4F2C26775B6F000F087B /* libpt_gfx_wsi_window_osx.dylib */ = {isa = PBXFileReference; explicitFileType = "compiled.mach-o.dylib"; includeInIndex = 0; path = libpt_gfx_wsi_window_osx.dylib; sourceTree = BUILT_PRODUCTS_DIR; };
		625D4F3026775C9B000F087B /* pt_gfx_connection_export.cpp */ = {isa = PBXFileReference; fileEncoding = 4; lastKnownFileType = sourcecode.cpp.cpp; name = pt_gfx_connection_export.cpp; path = ../../src/pt_gfx_connection_export.cpp; sourceTree = "<group>"; };
		625D4F3226775CEF000F087B /* pt_gfx_connection_common.cpp */ = {isa = PBXFileReference; fileEncoding = 4; lastKnownFileType = sourcecode.cpp.cpp; name = pt_gfx_connection_common.cpp; path = ../../src/pt_gfx_connection_common.cpp; sourceTree = "<group>"; };
		625D4F3426775DA0000F087B /* pt_gfx_connection_common.h */ = {isa = PBXFileReference; lastKnownFileType = sourcecode.c.h; name = pt_gfx_connection_common.h; path = ../../src/pt_gfx_connection_common.h; sourceTree = "<group>"; };
		625D4F3526775DAC000F087B /* pt_gfx_connection_mtl.h */ = {isa = PBXFileReference; lastKnownFileType = sourcecode.c.h; name = pt_gfx_connection_mtl.h; path = ../../src/pt_gfx_connection_mtl.h; sourceTree = "<group>"; };
		625D4F3626775DB1000F087B /* pt_gfx_connection_mtl.cpp */ = {isa = PBXFileReference; fileEncoding = 4; lastKnownFileType = sourcecode.cpp.cpp; name = pt_gfx_connection_mtl.cpp; path = ../../src/pt_gfx_connection_mtl.cpp; sourceTree = "<group>"; };
		625D4F382677611B000F087B /* pt_gfx_api_mtl.cpp */ = {isa = PBXFileReference; fileEncoding = 4; lastKnownFileType = sourcecode.cpp.cpp; name = pt_gfx_api_mtl.cpp; path = ../../src/pt_gfx_api_mtl.cpp; sourceTree = "<group>"; };
		625D4F3A26776125000F087B /* pt_gfx_api_mtl.h */ = {isa = PBXFileReference; lastKnownFileType = sourcecode.c.h; name = pt_gfx_api_mtl.h; path = ../../src/pt_gfx_api_mtl.h; sourceTree = "<group>"; };
		62D793B425974516001CC2AF /* libobjc.tbd */ = {isa = PBXFileReference; lastKnownFileType = "sourcecode.text-based-dylib-definition"; name = libobjc.tbd; path = Platforms/MacOSX.platform/Developer/SDKs/MacOSX.sdk/usr/lib/libobjc.tbd; sourceTree = DEVELOPER_DIR; };
		62D793B825974525001CC2AF /* AppKit.tbd */ = {isa = PBXFileReference; lastKnownFileType = "sourcecode.text-based-dylib-definition"; name = AppKit.tbd; path = Platforms/MacOSX.platform/Developer/SDKs/MacOSX.sdk/System/Library/Frameworks/AppKit.framework/AppKit.tbd; sourceTree = DEVELOPER_DIR; };
		62D793BC25974534001CC2AF /* Foundation.tbd */ = {isa = PBXFileReference; lastKnownFileType = "sourcecode.text-based-dylib-definition"; name = Foundation.tbd; path = Platforms/MacOSX.platform/Developer/SDKs/MacOSX.sdk/System/Library/Frameworks/Foundation.framework/Foundation.tbd; sourceTree = DEVELOPER_DIR; };
		62D793C025974546001CC2AF /* Metal.tbd */ = {isa = PBXFileReference; lastKnownFileType = "sourcecode.text-based-dylib-definition"; name = Metal.tbd; path = Platforms/MacOSX.platform/Developer/SDKs/MacOSX.sdk/System/Library/Frameworks/Metal.framework/Metal.tbd; sourceTree = DEVELOPER_DIR; };
		62D793C62597454D001CC2AF /* MetalKit.tbd */ = {isa = PBXFileReference; lastKnownFileType = "sourcecode.text-based-dylib-definition"; name = MetalKit.tbd; path = Platforms/MacOSX.platform/Developer/SDKs/MacOSX.sdk/System/Library/Frameworks/MetalKit.framework/MetalKit.tbd; sourceTree = DEVELOPER_DIR; };
		62D793E425974E73001CC2AF /* PatriotEngine-MacOSX.app */ = {isa = PBXFileReference; explicitFileType = wrapper.application; includeInIndex = 0; path = "PatriotEngine-MacOSX.app"; sourceTree = BUILT_PRODUCTS_DIR; };
		62D793E525974E7C001CC2AF /* PatriotEngine-iPhoneOS.app */ = {isa = PBXFileReference; explicitFileType = wrapper.application; includeInIndex = 0; path = "PatriotEngine-iPhoneOS.app"; sourceTree = BUILT_PRODUCTS_DIR; };
		62D7940C25975766001CC2AF /* pt_wsi_window_posix_mach_osx.cpp */ = {isa = PBXFileReference; lastKnownFileType = sourcecode.cpp.cpp; name = pt_wsi_window_posix_mach_osx.cpp; path = ../../examples/launcher/pt_wsi_window_posix_mach_osx.cpp; sourceTree = SOURCE_ROOT; };
		92F078822447761900F82881 /* osx.entitlements */ = {isa = PBXFileReference; fileEncoding = 4; lastKnownFileType = text.plist.entitlements; path = osx.entitlements; sourceTree = SOURCE_ROOT; };
		92F0788A24477E2200F82881 /* ios.plist */ = {isa = PBXFileReference; lastKnownFileType = text.plist.xml; path = ios.plist; sourceTree = SOURCE_ROOT; };
		92F0788D2447818700F82881 /* UIKit.tbd */ = {isa = PBXFileReference; lastKnownFileType = "sourcecode.text-based-dylib-definition"; name = UIKit.tbd; path = Platforms/iPhoneOS.platform/Developer/SDKs/iPhoneOS.sdk/System/Library/Frameworks/UIKit.framework/UIKit.tbd; sourceTree = DEVELOPER_DIR; };
		92F078932447863B00F82881 /* libobjc.tbd */ = {isa = PBXFileReference; lastKnownFileType = "sourcecode.text-based-dylib-definition"; name = libobjc.tbd; path = Platforms/iPhoneOS.platform/Developer/SDKs/iPhoneOS.sdk/usr/lib/libobjc.tbd; sourceTree = DEVELOPER_DIR; };
		92F0793224479F0600F82881 /* Foundation.tbd */ = {isa = PBXFileReference; lastKnownFileType = "sourcecode.text-based-dylib-definition"; name = Foundation.tbd; path = Platforms/iPhoneOS.platform/Developer/SDKs/iPhoneOS.sdk/System/Library/Frameworks/Foundation.framework/Foundation.tbd; sourceTree = DEVELOPER_DIR; };
		92F0793424479F1000F82881 /* Metal.tbd */ = {isa = PBXFileReference; lastKnownFileType = "sourcecode.text-based-dylib-definition"; name = Metal.tbd; path = Platforms/iPhoneOS.platform/Developer/SDKs/iPhoneOS.sdk/System/Library/Frameworks/Metal.framework/Metal.tbd; sourceTree = DEVELOPER_DIR; };
		92F0793624479F1500F82881 /* MetalKit.tbd */ = {isa = PBXFileReference; lastKnownFileType = "sourcecode.text-based-dylib-definition"; name = MetalKit.tbd; path = Platforms/iPhoneOS.platform/Developer/SDKs/iPhoneOS.sdk/System/Library/Frameworks/MetalKit.framework/MetalKit.tbd; sourceTree = DEVELOPER_DIR; };
		92F977F22439099100C5F3C5 /* osx.plist */ = {isa = PBXFileReference; lastKnownFileType = text.plist.xml; path = osx.plist; sourceTree = SOURCE_ROOT; };
/* End PBXFileReference section */

/* Begin PBXFrameworksBuildPhase section */
		6238290226768846002ECF8A /* Frameworks */ = {
			isa = PBXFrameworksBuildPhase;
			buildActionMask = 2147483647;
			files = (
				62D793B525974516001CC2AF /* libobjc.tbd in Frameworks */,
				62D793B925974525001CC2AF /* AppKit.tbd in Frameworks */,
				62D793BD25974534001CC2AF /* Foundation.tbd in Frameworks */,
				62D793C125974546001CC2AF /* Metal.tbd in Frameworks */,
				62D793C72597454D001CC2AF /* MetalKit.tbd in Frameworks */,
			);
			runOnlyForDeploymentPostprocessing = 0;
		};
		625D4F2A26775B6F000F087B /* Frameworks */ = {
			isa = PBXFrameworksBuildPhase;
			buildActionMask = 2147483647;
			files = (
				62D9E1C726779F660003ADBA /* libpt_apple_sdk_posix_mach_osx.dylib in Frameworks */,
			);
			runOnlyForDeploymentPostprocessing = 0;
		};
		92983F152447725E003F48B6 /* Frameworks */ = {
			isa = PBXFrameworksBuildPhase;
			buildActionMask = 2147483647;
			files = (
				92F078942447863B00F82881 /* libobjc.tbd in Frameworks */,
				92F0788E2447818700F82881 /* UIKit.tbd in Frameworks */,
				92F0793324479F0600F82881 /* Foundation.tbd in Frameworks */,
				92F0793524479F1000F82881 /* Metal.tbd in Frameworks */,
				92F0793724479F1500F82881 /* MetalKit.tbd in Frameworks */,
			);
			runOnlyForDeploymentPostprocessing = 0;
		};
		92F977E12439099000C5F3C5 /* Frameworks */ = {
			isa = PBXFrameworksBuildPhase;
			buildActionMask = 2147483647;
			files = (
				62D9E1C626779F530003ADBA /* libpt_gfx_wsi_window_osx.dylib in Frameworks */,
				62D9E1C526779F510003ADBA /* libpt_apple_sdk_posix_mach_osx.dylib in Frameworks */,
			);
			runOnlyForDeploymentPostprocessing = 0;
		};
/* End PBXFrameworksBuildPhase section */

/* Begin PBXGroup section */
		6238290826769285002ECF8A /* include */ = {
			isa = PBXGroup;
			children = (
				6238290A267692DD002ECF8A /* pt_apple_sdk_common.h */,
				6238290E2676930A002ECF8A /* pt_apple_sdk_posix_mach_objc.h */,
				6238290D267692FA002ECF8A /* pt_apple_sdk_posix_mach_foundation.h */,
				6238290C267692F2002ECF8A /* pt_apple_sdk_posix_mach_appkit.h */,
				625D4F152676BC5E000F087B /* pt_apple_sdk_posix_mach_metal.h */,
				625D4F142676B4F3000F087B /* pt_apple_sdk_posix_mach_metalkit.h */,
			);
			name = include;
			sourceTree = "<group>";
		};
		62382909267692A3002ECF8A /* src */ = {
			isa = PBXGroup;
			children = (
				625D4F3426775DA0000F087B /* pt_gfx_connection_common.h */,
				625D4F3226775CEF000F087B /* pt_gfx_connection_common.cpp */,
				625D4F3026775C9B000F087B /* pt_gfx_connection_export.cpp */,
				625D4F3526775DAC000F087B /* pt_gfx_connection_mtl.h */,
				625D4F3626775DB1000F087B /* pt_gfx_connection_mtl.cpp */,
				625D4F3A26776125000F087B /* pt_gfx_api_mtl.h */,
				625D4F382677611B000F087B /* pt_gfx_api_mtl.cpp */,
				6238290F26769323002ECF8A /* pt_apple_sdk_posix_mach_objc.cpp */,
				6238291126769328002ECF8A /* pt_apple_sdk_posix_mach_foundation.cpp */,
				623829132676932F002ECF8A /* pt_apple_sdk_posix_mach_appkit.cpp */,
				625D4F122676B4E3000F087B /* pt_apple_sdk_posix_mach_metalkit.cpp */,
				625D4F162676BC6C000F087B /* pt_apple_sdk_posix_mach_metal.cpp */,
			);
			name = src;
			sourceTree = "<group>";
		};
		62D793E7259750A4001CC2AF /* bldsys */ = {
			isa = PBXGroup;
			children = (
				92F977F22439099100C5F3C5 /* osx.plist */,
				92F0788A24477E2200F82881 /* ios.plist */,
				92F078822447761900F82881 /* osx.entitlements */,
			);
			name = bldsys;
			sourceTree = "<group>";
		};
		62D7940D2597576F001CC2AF /* examples */ = {
			isa = PBXGroup;
			children = (
				62D7940C25975766001CC2AF /* pt_wsi_window_posix_mach_osx.cpp */,
			);
			name = examples;
			sourceTree = "<group>";
		};
		9279CC2124390AE300DACBD7 /* Frameworks */ = {
			isa = PBXGroup;
			children = (
				62D793C62597454D001CC2AF /* MetalKit.tbd */,
				62D793C025974546001CC2AF /* Metal.tbd */,
				62D793BC25974534001CC2AF /* Foundation.tbd */,
				62D793B825974525001CC2AF /* AppKit.tbd */,
				62D793B425974516001CC2AF /* libobjc.tbd */,
				92F0793624479F1500F82881 /* MetalKit.tbd */,
				92F0793424479F1000F82881 /* Metal.tbd */,
				92F0793224479F0600F82881 /* Foundation.tbd */,
				92F078932447863B00F82881 /* libobjc.tbd */,
				92F0788D2447818700F82881 /* UIKit.tbd */,
			);
			name = Frameworks;
			sourceTree = "<group>";
		};
		92F977DB2439099000C5F3C5 = {
			isa = PBXGroup;
			children = (
				62D7940D2597576F001CC2AF /* examples */,
				62D793E7259750A4001CC2AF /* bldsys */,
				6238290826769285002ECF8A /* include */,
				62382909267692A3002ECF8A /* src */,
				9279CC2124390AE300DACBD7 /* Frameworks */,
				62D793E425974E73001CC2AF /* PatriotEngine-MacOSX.app */,
				62D793E525974E7C001CC2AF /* PatriotEngine-iPhoneOS.app */,
				6238290426768846002ECF8A /* libpt_apple_sdk_posix_mach_osx.dylib */,
				625D4F2C26775B6F000F087B /* libpt_gfx_wsi_window_osx.dylib */,
			);
			sourceTree = "<group>";
		};
/* End PBXGroup section */

/* Begin PBXHeadersBuildPhase section */
		6238290026768846002ECF8A /* Headers */ = {
			isa = PBXHeadersBuildPhase;
			buildActionMask = 2147483647;
			files = (
			);
			runOnlyForDeploymentPostprocessing = 0;
		};
		625D4F2826775B6F000F087B /* Headers */ = {
			isa = PBXHeadersBuildPhase;
			buildActionMask = 2147483647;
			files = (
			);
			runOnlyForDeploymentPostprocessing = 0;
		};
/* End PBXHeadersBuildPhase section */

/* Begin PBXNativeTarget section */
		6238290326768846002ECF8A /* pt_apple_sdk_posix_mach_osx */ = {
			isa = PBXNativeTarget;
			buildConfigurationList = 6238290726768846002ECF8A /* Build configuration list for PBXNativeTarget "pt_apple_sdk_posix_mach_osx" */;
			buildPhases = (
				6238290026768846002ECF8A /* Headers */,
				6238290126768846002ECF8A /* Sources */,
				6238290226768846002ECF8A /* Frameworks */,
			);
			buildRules = (
			);
			dependencies = (
			);
			name = pt_apple_sdk_posix_mach_osx;
			productName = pt_apple_sdk_posix_mach_osx;
			productReference = 6238290426768846002ECF8A /* libpt_apple_sdk_posix_mach_osx.dylib */;
			productType = "com.apple.product-type.library.dynamic";
		};
		625D4F2B26775B6F000F087B /* pt_gfx_wsi_window_osx */ = {
			isa = PBXNativeTarget;
			buildConfigurationList = 625D4F2D26775B6F000F087B /* Build configuration list for PBXNativeTarget "pt_gfx_wsi_window_osx" */;
			buildPhases = (
				625D4F2826775B6F000F087B /* Headers */,
				625D4F2926775B6F000F087B /* Sources */,
				625D4F2A26775B6F000F087B /* Frameworks */,
			);
			buildRules = (
			);
			dependencies = (
			);
			name = pt_gfx_wsi_window_osx;
			productName = pt_gfx_wsi_window_osx;
			productReference = 625D4F2C26775B6F000F087B /* libpt_gfx_wsi_window_osx.dylib */;
			productType = "com.apple.product-type.library.dynamic";
		};
		92983F172447725E003F48B6 /* PatriotEngine-iPhoneOS */ = {
			isa = PBXNativeTarget;
			buildConfigurationList = 92983F2F2447725E003F48B6 /* Build configuration list for PBXNativeTarget "PatriotEngine-iPhoneOS" */;
			buildPhases = (
				92983F142447725E003F48B6 /* Sources */,
				92983F152447725E003F48B6 /* Frameworks */,
				92983F162447725E003F48B6 /* Resources */,
			);
			buildRules = (
			);
			dependencies = (
			);
			name = "PatriotEngine-iPhoneOS";
			productName = CXXBasedMac;
			productReference = 62D793E525974E7C001CC2AF /* PatriotEngine-iPhoneOS.app */;
			productType = "com.apple.product-type.application";
		};
		92F977E32439099000C5F3C5 /* PatriotEngine-MacOSX */ = {
			isa = PBXNativeTarget;
			buildConfigurationList = 92F977F82439099100C5F3C5 /* Build configuration list for PBXNativeTarget "PatriotEngine-MacOSX" */;
			buildPhases = (
				92F977E02439099000C5F3C5 /* Sources */,
				92F977E12439099000C5F3C5 /* Frameworks */,
				92F977E22439099000C5F3C5 /* Resources */,
			);
			buildRules = (
			);
			dependencies = (
			);
			name = "PatriotEngine-MacOSX";
			productName = CXXBasedMac;
			productReference = 62D793E425974E73001CC2AF /* PatriotEngine-MacOSX.app */;
			productType = "com.apple.product-type.application";
		};
/* End PBXNativeTarget section */

/* Begin PBXProject section */
		92F977DC2439099000C5F3C5 /* Project object */ = {
			isa = PBXProject;
			attributes = {
				LastUpgradeCheck = 1230;
				ORGANIZATIONNAME = AdunZhang;
				TargetAttributes = {
					6238290326768846002ECF8A = {
						CreatedOnToolsVersion = 12.5;
					};
					625D4F2B26775B6F000F087B = {
						CreatedOnToolsVersion = 12.5;
					};
					92983F172447725E003F48B6 = {
						CreatedOnToolsVersion = 11.4;
					};
					92F977E32439099000C5F3C5 = {
						CreatedOnToolsVersion = 11.4;
					};
				};
			};
			buildConfigurationList = 92F977DF2439099000C5F3C5 /* Build configuration list for PBXProject "PatriotEngine" */;
			compatibilityVersion = "Xcode 9.3";
			developmentRegion = en;
			hasScannedForEncodings = 0;
			knownRegions = (
				en,
				Base,
			);
			mainGroup = 92F977DB2439099000C5F3C5;
			productRefGroup = 92F977DB2439099000C5F3C5;
			projectDirPath = "";
			projectRoot = "";
			targets = (
				92F977E32439099000C5F3C5 /* PatriotEngine-MacOSX */,
				92983F172447725E003F48B6 /* PatriotEngine-iPhoneOS */,
				6238290326768846002ECF8A /* pt_apple_sdk_posix_mach_osx */,
				625D4F2B26775B6F000F087B /* pt_gfx_wsi_window_osx */,
			);
		};
/* End PBXProject section */

/* Begin PBXResourcesBuildPhase section */
		92983F162447725E003F48B6 /* Resources */ = {
			isa = PBXResourcesBuildPhase;
			buildActionMask = 2147483647;
			files = (
			);
			runOnlyForDeploymentPostprocessing = 0;
		};
		92F977E22439099000C5F3C5 /* Resources */ = {
			isa = PBXResourcesBuildPhase;
			buildActionMask = 2147483647;
			files = (
			);
			runOnlyForDeploymentPostprocessing = 0;
		};
/* End PBXResourcesBuildPhase section */

/* Begin PBXSourcesBuildPhase section */
		6238290126768846002ECF8A /* Sources */ = {
			isa = PBXSourcesBuildPhase;
			buildActionMask = 2147483647;
			files = (
				6238291026769323002ECF8A /* pt_apple_sdk_posix_mach_objc.cpp in Sources */,
				6238291226769328002ECF8A /* pt_apple_sdk_posix_mach_foundation.cpp in Sources */,
				623829142676932F002ECF8A /* pt_apple_sdk_posix_mach_appkit.cpp in Sources */,
				625D4F172676BC6C000F087B /* pt_apple_sdk_posix_mach_metal.cpp in Sources */,
				625D4F132676B4E4000F087B /* pt_apple_sdk_posix_mach_metalkit.cpp in Sources */,
			);
			runOnlyForDeploymentPostprocessing = 0;
		};
		625D4F2926775B6F000F087B /* Sources */ = {
			isa = PBXSourcesBuildPhase;
			buildActionMask = 2147483647;
			files = (
				625D4F392677611B000F087B /* pt_gfx_api_mtl.cpp in Sources */,
				625D4F3326775CEF000F087B /* pt_gfx_connection_common.cpp in Sources */,
				625D4F3726775DB1000F087B /* pt_gfx_connection_mtl.cpp in Sources */,
				625D4F3126775C9B000F087B /* pt_gfx_connection_export.cpp in Sources */,
			);
			runOnlyForDeploymentPostprocessing = 0;
		};
		92983F142447725E003F48B6 /* Sources */ = {
			isa = PBXSourcesBuildPhase;
			buildActionMask = 2147483647;
			files = (
			);
			runOnlyForDeploymentPostprocessing = 0;
		};
		92F977E02439099000C5F3C5 /* Sources */ = {
			isa = PBXSourcesBuildPhase;
			buildActionMask = 2147483647;
			files = (
				62D7940E25975789001CC2AF /* pt_wsi_window_posix_mach_osx.cpp in Sources */,
			);
			runOnlyForDeploymentPostprocessing = 0;
		};
/* End PBXSourcesBuildPhase section */

/* Begin XCBuildConfiguration section */
		6238290526768846002ECF8A /* Debug */ = {
			isa = XCBuildConfiguration;
			buildSettings = {
				CODE_SIGN_STYLE = Automatic;
				DYLIB_COMPATIBILITY_VERSION = 1;
				DYLIB_CURRENT_VERSION = 1;
				DYLIB_INSTALL_NAME_BASE = "@executable_path/../Frameworks";
				EXECUTABLE_PREFIX = lib;
				GCC_PREPROCESSOR_DEFINITIONS = (
					"$(inherited)",
					"PT_ATTR_APPLE_SDK=PT_ATTR_EXPORT",
				);
				PRODUCT_NAME = "$(TARGET_NAME)";
				SDKROOT = macosx;
				SKIP_INSTALL = YES;
			};
			name = Debug;
		};
		6238290626768846002ECF8A /* Release */ = {
			isa = XCBuildConfiguration;
			buildSettings = {
				CODE_SIGN_STYLE = Automatic;
				DYLIB_COMPATIBILITY_VERSION = 1;
				DYLIB_CURRENT_VERSION = 1;
				DYLIB_INSTALL_NAME_BASE = "@executable_path/../Frameworks";
				EXECUTABLE_PREFIX = lib;
				GCC_PREPROCESSOR_DEFINITIONS = (
					"$(inherited)",
					"PT_ATTR_APPLE_SDK=PT_ATTR_EXPORT",
				);
				PRODUCT_NAME = "$(TARGET_NAME)";
				SDKROOT = macosx;
				SKIP_INSTALL = YES;
			};
			name = Release;
		};
		625D4F2E26775B6F000F087B /* Debug */ = {
			isa = XCBuildConfiguration;
			buildSettings = {
				CODE_SIGN_STYLE = Automatic;
				DYLIB_COMPATIBILITY_VERSION = 1;
				DYLIB_CURRENT_VERSION = 1;
				DYLIB_INSTALL_NAME_BASE = "@executable_path/../Frameworks";
				EXECUTABLE_PREFIX = lib;
				GCC_PREPROCESSOR_DEFINITIONS = (
					"$(inherited)",
					"PT_ATTR_GFX=PT_ATTR_EXPORT",
				);
				PRODUCT_NAME = "$(TARGET_NAME)";
				SDKROOT = macosx;
				SKIP_INSTALL = YES;
			};
			name = Debug;
		};
		625D4F2F26775B6F000F087B /* Release */ = {
			isa = XCBuildConfiguration;
			buildSettings = {
				CODE_SIGN_STYLE = Automatic;
				DYLIB_COMPATIBILITY_VERSION = 1;
				DYLIB_CURRENT_VERSION = 1;
				DYLIB_INSTALL_NAME_BASE = "@executable_path/../Frameworks";
				EXECUTABLE_PREFIX = lib;
				GCC_PREPROCESSOR_DEFINITIONS = (
					"$(inherited)",
					"PT_ATTR_GFX=PT_ATTR_EXPORT",
				);
				PRODUCT_NAME = "$(TARGET_NAME)";
				SDKROOT = macosx;
				SKIP_INSTALL = YES;
			};
			name = Release;
		};
		92983F302447725E003F48B6 /* Debug */ = {
			isa = XCBuildConfiguration;
			buildSettings = {
				ASSETCATALOG_COMPILER_APPICON_NAME = AppIcon;
				CODE_SIGN_IDENTITY = "Apple Development";
				CODE_SIGN_STYLE = Automatic;
				DEVELOPMENT_TEAM = 6MJZWFY372;
				INFOPLIST_FILE = ios.plist;
				IPHONEOS_DEPLOYMENT_TARGET = 13.4;
				LD_RUNPATH_SEARCH_PATHS = (
					"$(inherited)",
					"@executable_path/Frameworks",
				);
				PRODUCT_BUNDLE_IDENTIFIER = "HanetakaYuminaga.PatriotEngine-iPhoneOS";
				PRODUCT_NAME = "$(TARGET_NAME)";
				PROVISIONING_PROFILE_SPECIFIER = "";
				SDKROOT = iphoneos;
				TARGETED_DEVICE_FAMILY = "1,2";
			};
			name = Debug;
		};
		92983F312447725E003F48B6 /* Release */ = {
			isa = XCBuildConfiguration;
			buildSettings = {
				ASSETCATALOG_COMPILER_APPICON_NAME = AppIcon;
				CODE_SIGN_IDENTITY = "Apple Development";
				CODE_SIGN_STYLE = Automatic;
				DEVELOPMENT_TEAM = "";
				INFOPLIST_FILE = ios.plist;
				IPHONEOS_DEPLOYMENT_TARGET = 13.4;
				LD_RUNPATH_SEARCH_PATHS = (
					"$(inherited)",
					"@executable_path/Frameworks",
				);
				PRODUCT_BUNDLE_IDENTIFIER = "HanetakaYuminaga.PatriotEngine-iPhoneOS";
				PRODUCT_NAME = "$(TARGET_NAME)";
				PROVISIONING_PROFILE_SPECIFIER = "";
				SDKROOT = iphoneos;
				TARGETED_DEVICE_FAMILY = "1,2";
				VALIDATE_PRODUCT = YES;
			};
			name = Release;
		};
		92F977F62439099100C5F3C5 /* Debug */ = {
			isa = XCBuildConfiguration;
			buildSettings = {
				ALWAYS_SEARCH_USER_PATHS = NO;
				CLANG_ANALYZER_NONNULL = YES;
				CLANG_ANALYZER_NUMBER_OBJECT_CONVERSION = YES_AGGRESSIVE;
				CLANG_CXX_LANGUAGE_STANDARD = "gnu++14";
				CLANG_CXX_LIBRARY = "libc++";
				CLANG_ENABLE_MODULES = YES;
				CLANG_ENABLE_OBJC_ARC = YES;
				CLANG_ENABLE_OBJC_WEAK = YES;
				CLANG_WARN_BLOCK_CAPTURE_AUTORELEASING = YES;
				CLANG_WARN_BOOL_CONVERSION = YES;
				CLANG_WARN_COMMA = YES;
				CLANG_WARN_CONSTANT_CONVERSION = YES;
				CLANG_WARN_DEPRECATED_OBJC_IMPLEMENTATIONS = YES;
				CLANG_WARN_DIRECT_OBJC_ISA_USAGE = YES_ERROR;
				CLANG_WARN_DOCUMENTATION_COMMENTS = YES;
				CLANG_WARN_EMPTY_BODY = YES;
				CLANG_WARN_ENUM_CONVERSION = YES;
				CLANG_WARN_INFINITE_RECURSION = YES;
				CLANG_WARN_INT_CONVERSION = YES;
				CLANG_WARN_NON_LITERAL_NULL_CONVERSION = YES;
				CLANG_WARN_OBJC_IMPLICIT_RETAIN_SELF = YES;
				CLANG_WARN_OBJC_LITERAL_CONVERSION = YES;
				CLANG_WARN_OBJC_ROOT_CLASS = YES_ERROR;
				CLANG_WARN_QUOTED_INCLUDE_IN_FRAMEWORK_HEADER = YES;
				CLANG_WARN_RANGE_LOOP_ANALYSIS = YES;
				CLANG_WARN_STRICT_PROTOTYPES = YES;
				CLANG_WARN_SUSPICIOUS_MOVE = YES;
				CLANG_WARN_UNGUARDED_AVAILABILITY = YES_AGGRESSIVE;
				CLANG_WARN_UNREACHABLE_CODE = YES;
				CLANG_WARN__DUPLICATE_METHOD_MATCH = YES;
				COPY_PHASE_STRIP = NO;
				DEBUG_INFORMATION_FORMAT = dwarf;
				ENABLE_STRICT_OBJC_MSGSEND = YES;
				ENABLE_TESTABILITY = YES;
				GCC_C_LANGUAGE_STANDARD = gnu11;
				GCC_DYNAMIC_NO_PIC = NO;
				GCC_NO_COMMON_BLOCKS = YES;
				GCC_OPTIMIZATION_LEVEL = 0;
				GCC_PREPROCESSOR_DEFINITIONS = (
					"DEBUG=1",
					"$(inherited)",
				);
				GCC_WARN_64_TO_32_BIT_CONVERSION = YES;
				GCC_WARN_ABOUT_RETURN_TYPE = YES_ERROR;
				GCC_WARN_UNDECLARED_SELECTOR = YES;
				GCC_WARN_UNINITIALIZED_AUTOS = YES_AGGRESSIVE;
				GCC_WARN_UNUSED_FUNCTION = YES;
				GCC_WARN_UNUSED_VARIABLE = YES;
				HEADER_SEARCH_PATHS = "$(PROJECT_DIR)/../../include";
				MACOSX_DEPLOYMENT_TARGET = 10.15;
				MTL_ENABLE_DEBUG_INFO = INCLUDE_SOURCE;
				MTL_FAST_MATH = YES;
				ONLY_ACTIVE_ARCH = YES;
			};
			name = Debug;
		};
		92F977F72439099100C5F3C5 /* Release */ = {
			isa = XCBuildConfiguration;
			buildSettings = {
				ALWAYS_SEARCH_USER_PATHS = NO;
				CLANG_ANALYZER_NONNULL = YES;
				CLANG_ANALYZER_NUMBER_OBJECT_CONVERSION = YES_AGGRESSIVE;
				CLANG_CXX_LANGUAGE_STANDARD = "gnu++14";
				CLANG_CXX_LIBRARY = "libc++";
				CLANG_ENABLE_MODULES = YES;
				CLANG_ENABLE_OBJC_ARC = YES;
				CLANG_ENABLE_OBJC_WEAK = YES;
				CLANG_WARN_BLOCK_CAPTURE_AUTORELEASING = YES;
				CLANG_WARN_BOOL_CONVERSION = YES;
				CLANG_WARN_COMMA = YES;
				CLANG_WARN_CONSTANT_CONVERSION = YES;
				CLANG_WARN_DEPRECATED_OBJC_IMPLEMENTATIONS = YES;
				CLANG_WARN_DIRECT_OBJC_ISA_USAGE = YES_ERROR;
				CLANG_WARN_DOCUMENTATION_COMMENTS = YES;
				CLANG_WARN_EMPTY_BODY = YES;
				CLANG_WARN_ENUM_CONVERSION = YES;
				CLANG_WARN_INFINITE_RECURSION = YES;
				CLANG_WARN_INT_CONVERSION = YES;
				CLANG_WARN_NON_LITERAL_NULL_CONVERSION = YES;
				CLANG_WARN_OBJC_IMPLICIT_RETAIN_SELF = YES;
				CLANG_WARN_OBJC_LITERAL_CONVERSION = YES;
				CLANG_WARN_OBJC_ROOT_CLASS = YES_ERROR;
				CLANG_WARN_QUOTED_INCLUDE_IN_FRAMEWORK_HEADER = YES;
				CLANG_WARN_RANGE_LOOP_ANALYSIS = YES;
				CLANG_WARN_STRICT_PROTOTYPES = YES;
				CLANG_WARN_SUSPICIOUS_MOVE = YES;
				CLANG_WARN_UNGUARDED_AVAILABILITY = YES_AGGRESSIVE;
				CLANG_WARN_UNREACHABLE_CODE = YES;
				CLANG_WARN__DUPLICATE_METHOD_MATCH = YES;
				COPY_PHASE_STRIP = NO;
				DEBUG_INFORMATION_FORMAT = "dwarf-with-dsym";
				ENABLE_NS_ASSERTIONS = NO;
				ENABLE_STRICT_OBJC_MSGSEND = YES;
				GCC_C_LANGUAGE_STANDARD = gnu11;
				GCC_NO_COMMON_BLOCKS = YES;
				GCC_WARN_64_TO_32_BIT_CONVERSION = YES;
				GCC_WARN_ABOUT_RETURN_TYPE = YES_ERROR;
				GCC_WARN_UNDECLARED_SELECTOR = YES;
				GCC_WARN_UNINITIALIZED_AUTOS = YES_AGGRESSIVE;
				GCC_WARN_UNUSED_FUNCTION = YES;
				GCC_WARN_UNUSED_VARIABLE = YES;
				HEADER_SEARCH_PATHS = "$(PROJECT_DIR)/../../include";
				MACOSX_DEPLOYMENT_TARGET = 10.15;
				MTL_ENABLE_DEBUG_INFO = NO;
				MTL_FAST_MATH = YES;
			};
			name = Release;
		};
		92F977F92439099100C5F3C5 /* Debug */ = {
			isa = XCBuildConfiguration;
			buildSettings = {
				CODE_SIGN_ENTITLEMENTS = osx.entitlements;
				CODE_SIGN_IDENTITY = "-";
				CODE_SIGN_STYLE = Automatic;
				COMBINE_HIDPI_IMAGES = YES;
				INFOPLIST_FILE = osx.plist;
				LD_RUNPATH_SEARCH_PATHS = (
					"$(inherited)",
					"@executable_path/../Frameworks",
				);
				LIBRARY_SEARCH_PATHS = (
					"$(inherited)",
					"$(SYSTEM_LIBRARY_DIR)/Frameworks/Foundation.framework/Versions/Current",
					"$(SYSTEM_LIBRARY_DIR)/Frameworks/AppKit.framework/Versions/Current",
					"$(SYSTEM_LIBRARY_DIR)/Frameworks/Metal.framework/Versions/Current",
					"$(SYSTEM_LIBRARY_DIR)/Frameworks/MetalKit.framework/Versions/Current",
				);
				PRODUCT_BUNDLE_IDENTIFIER = "HanetakaYuminaga.PatriotEngine-MacOSX";
				PRODUCT_NAME = "$(TARGET_NAME)";
				SDKROOT = macosx;
			};
			name = Debug;
		};
		92F977FA2439099100C5F3C5 /* Release */ = {
			isa = XCBuildConfiguration;
			buildSettings = {
				CODE_SIGN_ENTITLEMENTS = osx.entitlements;
				CODE_SIGN_IDENTITY = "-";
				CODE_SIGN_STYLE = Automatic;
				COMBINE_HIDPI_IMAGES = YES;
				INFOPLIST_FILE = osx.plist;
				LD_RUNPATH_SEARCH_PATHS = (
					"$(inherited)",
					"@executable_path/../Frameworks",
				);
				LIBRARY_SEARCH_PATHS = (
					"$(inherited)",
					"$(SYSTEM_LIBRARY_DIR)/Frameworks/Foundation.framework/Versions/Current",
					"$(SYSTEM_LIBRARY_DIR)/Frameworks/AppKit.framework/Versions/Current",
					"$(SYSTEM_LIBRARY_DIR)/Frameworks/Metal.framework/Versions/Current",
					"$(SYSTEM_LIBRARY_DIR)/Frameworks/MetalKit.framework/Versions/Current",
				);
				PRODUCT_BUNDLE_IDENTIFIER = "HanetakaYuminaga.PatriotEngine-MacOSX";
				PRODUCT_NAME = "$(TARGET_NAME)";
				SDKROOT = macosx;
			};
			name = Release;
		};
/* End XCBuildConfiguration section */

/* Begin XCConfigurationList section */
		6238290726768846002ECF8A /* Build configuration list for PBXNativeTarget "pt_apple_sdk_posix_mach_osx" */ = {
			isa = XCConfigurationList;
			buildConfigurations = (
				6238290526768846002ECF8A /* Debug */,
				6238290626768846002ECF8A /* Release */,
			);
			defaultConfigurationIsVisible = 0;
			defaultConfigurationName = Release;
		};
		625D4F2D26775B6F000F087B /* Build configuration list for PBXNativeTarget "pt_gfx_wsi_window_osx" */ = {
			isa = XCConfigurationList;
			buildConfigurations = (
				625D4F2E26775B6F000F087B /* Debug */,
				625D4F2F26775B6F000F087B /* Release */,
			);
			defaultConfigurationIsVisible = 0;
			defaultConfigurationName = Release;
		};
		92983F2F2447725E003F48B6 /* Build configuration list for PBXNativeTarget "PatriotEngine-iPhoneOS" */ = {
			isa = XCConfigurationList;
			buildConfigurations = (
				92983F302447725E003F48B6 /* Debug */,
				92983F312447725E003F48B6 /* Release */,
			);
			defaultConfigurationIsVisible = 0;
			defaultConfigurationName = Release;
		};
		92F977DF2439099000C5F3C5 /* Build configuration list for PBXProject "PatriotEngine" */ = {
			isa = XCConfigurationList;
			buildConfigurations = (
				92F977F62439099100C5F3C5 /* Debug */,
				92F977F72439099100C5F3C5 /* Release */,
			);
			defaultConfigurationIsVisible = 0;
			defaultConfigurationName = Release;
		};
		92F977F82439099100C5F3C5 /* Build configuration list for PBXNativeTarget "PatriotEngine-MacOSX" */ = {
			isa = XCConfigurationList;
			buildConfigurations = (
				92F977F92439099100C5F3C5 /* Debug */,
				92F977FA2439099100C5F3C5 /* Release */,
			);
			defaultConfigurationIsVisible = 0;
			defaultConfigurationName = Release;
		};
/* End XCConfigurationList section */
	};
	rootObject = 92F977DC2439099000C5F3C5 /* Project object */;
}
