// !$*UTF8*$!
{
	archiveVersion = 1;
	classes = {
	};
	objectVersion = 50;
	objects = {

/* Begin PBXBuildFile section */
		6210AF6A26891D4D00047DAB /* libVkLayer_khronos_validation.dylib in Embed Libraries */ = {isa = PBXBuildFile; fileRef = 6210AF6926891D4D00047DAB /* libVkLayer_khronos_validation.dylib */; settings = {ATTRIBUTES = (CodeSignOnCopy, ); }; };
		6210AF6B26891D6000047DAB /* libvulkan.1.dylib in Embed Libraries */ = {isa = PBXBuildFile; fileRef = 62A5B4342689183B00AE5275 /* libvulkan.1.dylib */; settings = {ATTRIBUTES = (CodeSignOnCopy, ); }; };
		6210AF712689203D00047DAB /* VkLayer_khronos_validation.json in Resources */ = {isa = PBXBuildFile; fileRef = 6210AF6C26891E1900047DAB /* VkLayer_khronos_validation.json */; };
		6210AF73268920A900047DAB /* MoltenVK_icd.json in Resources */ = {isa = PBXBuildFile; fileRef = 6210AF722689206A00047DAB /* MoltenVK_icd.json */; };
		6238291026769323002ECF8A /* pt_apple_sdk_posix_mach_objc.cpp in Sources */ = {isa = PBXBuildFile; fileRef = 6238290F26769323002ECF8A /* pt_apple_sdk_posix_mach_objc.cpp */; };
		6238291226769328002ECF8A /* pt_apple_sdk_posix_mach_foundation.cpp in Sources */ = {isa = PBXBuildFile; fileRef = 6238291126769328002ECF8A /* pt_apple_sdk_posix_mach_foundation.cpp */; };
		623829142676932F002ECF8A /* pt_apple_sdk_posix_mach_appkit.cpp in Sources */ = {isa = PBXBuildFile; fileRef = 623829132676932F002ECF8A /* pt_apple_sdk_posix_mach_appkit.cpp */; };
		624EFC1626889C0E001F2F63 /* libpt_mcrt.dylib in Embed Libraries */ = {isa = PBXBuildFile; fileRef = 62D230AC268893240044D96C /* libpt_mcrt.dylib */; settings = {ATTRIBUTES = (CodeSignOnCopy, ); }; };
		624EFC1926889C3E001F2F63 /* libMoltenVK.dylib in Embed Libraries */ = {isa = PBXBuildFile; fileRef = 62D2307A268890680044D96C /* libMoltenVK.dylib */; settings = {ATTRIBUTES = (CodeSignOnCopy, ); }; };
		624EFC1A26889C46001F2F63 /* libpt_irml.dylib in Embed Libraries */ = {isa = PBXBuildFile; fileRef = 62D230CB268896930044D96C /* libpt_irml.dylib */; settings = {ATTRIBUTES = (CodeSignOnCopy, ); }; };
		624EFC1B26889C4B001F2F63 /* libpt_tbb.dylib in Embed Libraries */ = {isa = PBXBuildFile; fileRef = 62D230CC268896930044D96C /* libpt_tbb.dylib */; settings = {ATTRIBUTES = (CodeSignOnCopy, ); }; };
		624EFC1C26889C4F001F2F63 /* libpt_tbbmalloc.dylib in Embed Libraries */ = {isa = PBXBuildFile; fileRef = 62D230CA268896930044D96C /* libpt_tbbmalloc.dylib */; settings = {ATTRIBUTES = (CodeSignOnCopy, ); }; };
		625C06DD26880C7C00D173BE /* pt_apple_sdk_posix_mach_corevideo.cpp in Sources */ = {isa = PBXBuildFile; fileRef = 62F91F36268807C6009FCA7E /* pt_apple_sdk_posix_mach_corevideo.cpp */; };
		625C06E326880E6200D173BE /* libpt_apple_sdk_posix_mach_osx.dylib in Embed Libraries */ = {isa = PBXBuildFile; fileRef = 6238290426768846002ECF8A /* libpt_apple_sdk_posix_mach_osx.dylib */; settings = {ATTRIBUTES = (CodeSignOnCopy, ); }; };
		625C06E526880E6300D173BE /* libpt_gfx_wsi_window_osx.dylib in Embed Libraries */ = {isa = PBXBuildFile; fileRef = 625D4F2C26775B6F000F087B /* libpt_gfx_wsi_window_osx.dylib */; settings = {ATTRIBUTES = (CodeSignOnCopy, ); }; };
		625C06F0268837C500D173BE /* pt_apple_sdk_posix_mach_dispatch.cpp in Sources */ = {isa = PBXBuildFile; fileRef = 625C06EF268837C500D173BE /* pt_apple_sdk_posix_mach_dispatch.cpp */; };
		6277494026894C3D009F2E71 /* pt_wsi_bitmap.cpp in Sources */ = {isa = PBXBuildFile; fileRef = 6277493F26894C3D009F2E71 /* pt_wsi_bitmap.cpp */; };
		6277494D26894D30009F2E71 /* pt_gfx_texture_common_load_dds.cpp in Sources */ = {isa = PBXBuildFile; fileRef = 62D230622688861B0044D96C /* pt_gfx_texture_common_load_dds.cpp */; };
		6277494E26894D30009F2E71 /* pt_gfx_malloc_vk.cpp in Sources */ = {isa = PBXBuildFile; fileRef = 62D2307626888FA20044D96C /* pt_gfx_malloc_vk.cpp */; };
		6277494F26894D30009F2E71 /* pt_gfx_texture_common_load_pvr.cpp in Sources */ = {isa = PBXBuildFile; fileRef = 62D23064268886200044D96C /* pt_gfx_texture_common_load_pvr.cpp */; };
		6277495026894D30009F2E71 /* pt_gfx_texture_common.cpp in Sources */ = {isa = PBXBuildFile; fileRef = 62D23060268884630044D96C /* pt_gfx_texture_common.cpp */; };
		6277495126894D30009F2E71 /* pt_gfx_connection_common.cpp in Sources */ = {isa = PBXBuildFile; fileRef = 625D4F3226775CEF000F087B /* pt_gfx_connection_common.cpp */; };
		6277495226894D30009F2E71 /* pt_gfx_connection_vk.cpp in Sources */ = {isa = PBXBuildFile; fileRef = 62D2306F26888F690044D96C /* pt_gfx_connection_vk.cpp */; };
		6277495326894D30009F2E71 /* pt_gfx_texture_vk.cpp in Sources */ = {isa = PBXBuildFile; fileRef = 62D230662688862D0044D96C /* pt_gfx_texture_vk.cpp */; };
		6277495426894D30009F2E71 /* pt_gfx_malloc.cpp in Sources */ = {isa = PBXBuildFile; fileRef = 62D2307226888F830044D96C /* pt_gfx_malloc.cpp */; };
		6277495526894D6A009F2E71 /* libpt_mcrt.dylib in Frameworks */ = {isa = PBXBuildFile; fileRef = 62D230AC268893240044D96C /* libpt_mcrt.dylib */; };
		6277495A26894D71009F2E71 /* libpt_mcrt.dylib in Frameworks */ = {isa = PBXBuildFile; fileRef = 62D230AC268893240044D96C /* libpt_mcrt.dylib */; };
		6277495F26894D85009F2E71 /* libvulkan.1.dylib in Frameworks */ = {isa = PBXBuildFile; fileRef = 62A5B4342689183B00AE5275 /* libvulkan.1.dylib */; };
		62A5B4352689183B00AE5275 /* libvulkan.1.dylib in Frameworks */ = {isa = PBXBuildFile; fileRef = 62A5B4342689183B00AE5275 /* libvulkan.1.dylib */; };
		62D230882688921E0044D96C /* pt_gfx_connection_vk_wsi_metal.cpp in Sources */ = {isa = PBXBuildFile; fileRef = 62D2306D26888F630044D96C /* pt_gfx_connection_vk_wsi_metal.cpp */; };
		62D230892688921E0044D96C /* pt_gfx_texture_common.cpp in Sources */ = {isa = PBXBuildFile; fileRef = 62D23060268884630044D96C /* pt_gfx_texture_common.cpp */; };
		62D2308A2688921E0044D96C /* pt_gfx_malloc.cpp in Sources */ = {isa = PBXBuildFile; fileRef = 62D2307226888F830044D96C /* pt_gfx_malloc.cpp */; };
		62D2308B2688921E0044D96C /* pt_gfx_malloc_vk.cpp in Sources */ = {isa = PBXBuildFile; fileRef = 62D2307626888FA20044D96C /* pt_gfx_malloc_vk.cpp */; };
		62D2308C2688921E0044D96C /* pt_gfx_texture_vk.cpp in Sources */ = {isa = PBXBuildFile; fileRef = 62D230662688862D0044D96C /* pt_gfx_texture_vk.cpp */; };
		62D2308D2688921E0044D96C /* pt_gfx_texture_common_load_pvr.cpp in Sources */ = {isa = PBXBuildFile; fileRef = 62D23064268886200044D96C /* pt_gfx_texture_common_load_pvr.cpp */; };
		62D2308E2688921E0044D96C /* pt_gfx_connection_common.cpp in Sources */ = {isa = PBXBuildFile; fileRef = 625D4F3226775CEF000F087B /* pt_gfx_connection_common.cpp */; };
		62D2308F2688921E0044D96C /* pt_gfx_texture_common_load_dds.cpp in Sources */ = {isa = PBXBuildFile; fileRef = 62D230622688861B0044D96C /* pt_gfx_texture_common_load_dds.cpp */; };
		62D230902688921E0044D96C /* pt_gfx_api_vk.cpp in Sources */ = {isa = PBXBuildFile; fileRef = 62D2306A268886570044D96C /* pt_gfx_api_vk.cpp */; };
		62D230912688921E0044D96C /* pt_gfx_connection_vk.cpp in Sources */ = {isa = PBXBuildFile; fileRef = 62D2306F26888F690044D96C /* pt_gfx_connection_vk.cpp */; };
		62D230BD268893540044D96C /* pt_mcrt_memcpy_dpdk_rte_memcpy_x86_avx.cpp in Sources */ = {isa = PBXBuildFile; fileRef = 62D230B0268893540044D96C /* pt_mcrt_memcpy_dpdk_rte_memcpy_x86_avx.cpp */; };
		62D230BE268893540044D96C /* pt_mcrt_memcpy_dpdk_rte_memcpy_x86_ssse3.cpp in Sources */ = {isa = PBXBuildFile; fileRef = 62D230B1268893540044D96C /* pt_mcrt_memcpy_dpdk_rte_memcpy_x86_ssse3.cpp */; };
		62D230BF268893540044D96C /* pt_mcrt_memcpy_dpdk_rte_memcpy_x86_avx512f.cpp in Sources */ = {isa = PBXBuildFile; fileRef = 62D230B2268893540044D96C /* pt_mcrt_memcpy_dpdk_rte_memcpy_x86_avx512f.cpp */; };
		62D230C0268893540044D96C /* pt_mcrt_memcpy.cpp in Sources */ = {isa = PBXBuildFile; fileRef = 62D230B3268893540044D96C /* pt_mcrt_memcpy.cpp */; };
		62D230C4268893540044D96C /* pt_mcrt_malloc.cpp in Sources */ = {isa = PBXBuildFile; fileRef = 62D230B7268893540044D96C /* pt_mcrt_malloc.cpp */; };
		62D230C6268893540044D96C /* pt_mcrt_memcpy_dpdk_rte_memcpy_arm32_neon.cpp in Sources */ = {isa = PBXBuildFile; fileRef = 62D230B9268893540044D96C /* pt_mcrt_memcpy_dpdk_rte_memcpy_arm32_neon.cpp */; };
		62D230C7268893540044D96C /* pt_mcrt_task.cpp in Sources */ = {isa = PBXBuildFile; fileRef = 62D230BA268893540044D96C /* pt_mcrt_task.cpp */; };
		62D230CD268896930044D96C /* libpt_tbbmalloc.dylib in Frameworks */ = {isa = PBXBuildFile; fileRef = 62D230CA268896930044D96C /* libpt_tbbmalloc.dylib */; };
		62D230CF268896930044D96C /* libpt_irml.dylib in Frameworks */ = {isa = PBXBuildFile; fileRef = 62D230CB268896930044D96C /* libpt_irml.dylib */; };
		62D230D1268896930044D96C /* libpt_tbb.dylib in Frameworks */ = {isa = PBXBuildFile; fileRef = 62D230CC268896930044D96C /* libpt_tbb.dylib */; };
		62D230D42688987A0044D96C /* libpt_mcrt.dylib in Frameworks */ = {isa = PBXBuildFile; fileRef = 62D230AC268893240044D96C /* libpt_mcrt.dylib */; };
		62D793B525974516001CC2AF /* libobjc.tbd in Frameworks */ = {isa = PBXBuildFile; fileRef = 62D793B425974516001CC2AF /* libobjc.tbd */; };
		62D793B925974525001CC2AF /* AppKit.tbd in Frameworks */ = {isa = PBXBuildFile; fileRef = 62D793B825974525001CC2AF /* AppKit.tbd */; };
		62D793BD25974534001CC2AF /* Foundation.tbd in Frameworks */ = {isa = PBXBuildFile; fileRef = 62D793BC25974534001CC2AF /* Foundation.tbd */; };
		62D7940E25975789001CC2AF /* pt_wsi_window_osx.cpp in Sources */ = {isa = PBXBuildFile; fileRef = 62D7940C25975766001CC2AF /* pt_wsi_window_osx.cpp */; };
		62D9E1C526779F510003ADBA /* libpt_apple_sdk_posix_mach_osx.dylib in Frameworks */ = {isa = PBXBuildFile; fileRef = 6238290426768846002ECF8A /* libpt_apple_sdk_posix_mach_osx.dylib */; };
		62D9E1C626779F530003ADBA /* libpt_gfx_wsi_window_osx.dylib in Frameworks */ = {isa = PBXBuildFile; fileRef = 625D4F2C26775B6F000F087B /* libpt_gfx_wsi_window_osx.dylib */; };
		62E54AA226894DFF00D7A782 /* pt_gfx_api_vk.cpp in Sources */ = {isa = PBXBuildFile; fileRef = 62D2306A268886570044D96C /* pt_gfx_api_vk.cpp */; };
		62E54AA326894E1400D7A782 /* pt_gfx_connection_vk_wsi_bitmap.cpp in Sources */ = {isa = PBXBuildFile; fileRef = 6277494B26894D22009F2E71 /* pt_gfx_connection_vk_wsi_bitmap.cpp */; };
		62E54AA426894EA600D7A782 /* pt_gfx_connection_vk_wsi_bitmap.cpp in Sources */ = {isa = PBXBuildFile; fileRef = 6277494B26894D22009F2E71 /* pt_gfx_connection_vk_wsi_bitmap.cpp */; };
		62E54AA626894EF700D7A782 /* libMoltenVK.dylib in Embed Libraries */ = {isa = PBXBuildFile; fileRef = 62D2307A268890680044D96C /* libMoltenVK.dylib */; settings = {ATTRIBUTES = (CodeSignOnCopy, ); }; };
		62E54AA926894EFF00D7A782 /* libpt_irml.dylib in Embed Libraries */ = {isa = PBXBuildFile; fileRef = 62D230CB268896930044D96C /* libpt_irml.dylib */; settings = {ATTRIBUTES = (CodeSignOnCopy, ); }; };
		62E54AAB26894F0200D7A782 /* libpt_tbb.dylib in Embed Libraries */ = {isa = PBXBuildFile; fileRef = 62D230CC268896930044D96C /* libpt_tbb.dylib */; settings = {ATTRIBUTES = (CodeSignOnCopy, ); }; };
		62E54AAD26894F0400D7A782 /* libpt_tbbmalloc.dylib in Embed Libraries */ = {isa = PBXBuildFile; fileRef = 62D230CA268896930044D96C /* libpt_tbbmalloc.dylib */; settings = {ATTRIBUTES = (CodeSignOnCopy, ); }; };
		62E54AAF26894F0700D7A782 /* libVkLayer_khronos_validation.dylib in Embed Libraries */ = {isa = PBXBuildFile; fileRef = 6210AF6926891D4D00047DAB /* libVkLayer_khronos_validation.dylib */; settings = {ATTRIBUTES = (CodeSignOnCopy, ); }; };
		62E54AB126894F0900D7A782 /* libvulkan.1.dylib in Embed Libraries */ = {isa = PBXBuildFile; fileRef = 62A5B4342689183B00AE5275 /* libvulkan.1.dylib */; settings = {ATTRIBUTES = (CodeSignOnCopy, ); }; };
		62E54AB326894F1700D7A782 /* libpt_mcrt.dylib in Embed Libraries */ = {isa = PBXBuildFile; fileRef = 62D230AC268893240044D96C /* libpt_mcrt.dylib */; settings = {ATTRIBUTES = (CodeSignOnCopy, ); }; };
		62E54AB626894F1D00D7A782 /* libpt_gfx_wsi_bitmap.dylib in Frameworks */ = {isa = PBXBuildFile; fileRef = 6277494726894CE1009F2E71 /* libpt_gfx_wsi_bitmap.dylib */; };
		62E54AB726894F1D00D7A782 /* libpt_gfx_wsi_bitmap.dylib in Embed Libraries */ = {isa = PBXBuildFile; fileRef = 6277494726894CE1009F2E71 /* libpt_gfx_wsi_bitmap.dylib */; settings = {ATTRIBUTES = (CodeSignOnCopy, ); }; };
		62E54ABE26894F5B00D7A782 /* VkLayer_khronos_validation.json in Resources */ = {isa = PBXBuildFile; fileRef = 6210AF6C26891E1900047DAB /* VkLayer_khronos_validation.json */; };
		62E54ABF26894F5D00D7A782 /* MoltenVK_icd.json in Resources */ = {isa = PBXBuildFile; fileRef = 6210AF722689206A00047DAB /* MoltenVK_icd.json */; };
		62E54AC02689502400D7A782 /* libpt_apple_sdk_posix_mach_osx.dylib in Embed Libraries */ = {isa = PBXBuildFile; fileRef = 6238290426768846002ECF8A /* libpt_apple_sdk_posix_mach_osx.dylib */; settings = {ATTRIBUTES = (CodeSignOnCopy, ); }; };
		62E54AC12689502D00D7A782 /* libpt_apple_sdk_posix_mach_osx.dylib in Frameworks */ = {isa = PBXBuildFile; fileRef = 6238290426768846002ECF8A /* libpt_apple_sdk_posix_mach_osx.dylib */; };
		62F91F37268807C6009FCA7E /* CoreVideo.tbd in Frameworks */ = {isa = PBXBuildFile; fileRef = 62F9437726880A93001A4BC8 /* CoreVideo.tbd */; };
		92F0788E2447818700F82881 /* UIKit.tbd in Frameworks */ = {isa = PBXBuildFile; fileRef = 92F0788D2447818700F82881 /* UIKit.tbd */; };
		92F078942447863B00F82881 /* libobjc.tbd in Frameworks */ = {isa = PBXBuildFile; fileRef = 92F078932447863B00F82881 /* libobjc.tbd */; };
		92F0793324479F0600F82881 /* Foundation.tbd in Frameworks */ = {isa = PBXBuildFile; fileRef = 92F0793224479F0600F82881 /* Foundation.tbd */; };
		92F0793524479F1000F82881 /* Metal.tbd in Frameworks */ = {isa = PBXBuildFile; fileRef = 92F0793424479F1000F82881 /* Metal.tbd */; };
		92F0793724479F1500F82881 /* MetalKit.tbd in Frameworks */ = {isa = PBXBuildFile; fileRef = 92F0793624479F1500F82881 /* MetalKit.tbd */; };
/* End PBXBuildFile section */

/* Begin PBXContainerItemProxy section */
		624EFC1726889C0E001F2F63 /* PBXContainerItemProxy */ = {
			isa = PBXContainerItemProxy;
			containerPortal = 92F977DC2439099000C5F3C5 /* Project object */;
			proxyType = 1;
			remoteGlobalIDString = 62D230AB268893240044D96C;
			remoteInfo = pt_mcrt;
		};
		6277495726894D6A009F2E71 /* PBXContainerItemProxy */ = {
			isa = PBXContainerItemProxy;
			containerPortal = 92F977DC2439099000C5F3C5 /* Project object */;
			proxyType = 1;
			remoteGlobalIDString = 62D230AB268893240044D96C;
			remoteInfo = pt_mcrt;
		};
		6277495C26894D71009F2E71 /* PBXContainerItemProxy */ = {
			isa = PBXContainerItemProxy;
			containerPortal = 92F977DC2439099000C5F3C5 /* Project object */;
			proxyType = 1;
			remoteGlobalIDString = 62D230AB268893240044D96C;
			remoteInfo = pt_mcrt;
		};
		62D230D62688987A0044D96C /* PBXContainerItemProxy */ = {
			isa = PBXContainerItemProxy;
			containerPortal = 92F977DC2439099000C5F3C5 /* Project object */;
			proxyType = 1;
			remoteGlobalIDString = 62D230AB268893240044D96C;
			remoteInfo = pt_mcrt;
		};
		62D230D826889B2E0044D96C /* PBXContainerItemProxy */ = {
			isa = PBXContainerItemProxy;
			containerPortal = 92F977DC2439099000C5F3C5 /* Project object */;
			proxyType = 1;
			remoteGlobalIDString = 6238290326768846002ECF8A;
			remoteInfo = pt_apple_sdk_posix_mach_osx;
		};
		62D230DA26889B330044D96C /* PBXContainerItemProxy */ = {
			isa = PBXContainerItemProxy;
			containerPortal = 92F977DC2439099000C5F3C5 /* Project object */;
			proxyType = 1;
			remoteGlobalIDString = 625D4F2B26775B6F000F087B;
			remoteInfo = pt_gfx_wsi_window_osx;
		};
		62E54AB426894F1700D7A782 /* PBXContainerItemProxy */ = {
			isa = PBXContainerItemProxy;
			containerPortal = 92F977DC2439099000C5F3C5 /* Project object */;
			proxyType = 1;
			remoteGlobalIDString = 62D230AB268893240044D96C;
			remoteInfo = pt_mcrt;
		};
		62E54AB826894F1D00D7A782 /* PBXContainerItemProxy */ = {
			isa = PBXContainerItemProxy;
			containerPortal = 92F977DC2439099000C5F3C5 /* Project object */;
			proxyType = 1;
			remoteGlobalIDString = 6277494626894CE1009F2E71;
			remoteInfo = pt_gfx_wsi_bitmap;
		};
		62E54ABC26894F2200D7A782 /* PBXContainerItemProxy */ = {
			isa = PBXContainerItemProxy;
			containerPortal = 92F977DC2439099000C5F3C5 /* Project object */;
			proxyType = 1;
			remoteGlobalIDString = 6238290326768846002ECF8A;
			remoteInfo = pt_apple_sdk_posix_mach_osx;
		};
/* End PBXContainerItemProxy section */

/* Begin PBXCopyFilesBuildPhase section */
		625C06E426880E6200D173BE /* Embed Libraries */ = {
			isa = PBXCopyFilesBuildPhase;
			buildActionMask = 12;
			dstPath = "";
			dstSubfolderSpec = 10;
			files = (
				625C06E526880E6300D173BE /* libpt_gfx_wsi_window_osx.dylib in Embed Libraries */,
				6210AF6B26891D6000047DAB /* libvulkan.1.dylib in Embed Libraries */,
				6210AF6A26891D4D00047DAB /* libVkLayer_khronos_validation.dylib in Embed Libraries */,
				624EFC1926889C3E001F2F63 /* libMoltenVK.dylib in Embed Libraries */,
				624EFC1626889C0E001F2F63 /* libpt_mcrt.dylib in Embed Libraries */,
				624EFC1A26889C46001F2F63 /* libpt_irml.dylib in Embed Libraries */,
				624EFC1B26889C4B001F2F63 /* libpt_tbb.dylib in Embed Libraries */,
				624EFC1C26889C4F001F2F63 /* libpt_tbbmalloc.dylib in Embed Libraries */,
				625C06E326880E6200D173BE /* libpt_apple_sdk_posix_mach_osx.dylib in Embed Libraries */,
			);
			name = "Embed Libraries";
			runOnlyForDeploymentPostprocessing = 0;
		};
		62E54AA726894EF700D7A782 /* Embed Libraries */ = {
			isa = PBXCopyFilesBuildPhase;
			buildActionMask = 2147483647;
			dstPath = "";
			dstSubfolderSpec = 10;
			files = (
				62E54AB726894F1D00D7A782 /* libpt_gfx_wsi_bitmap.dylib in Embed Libraries */,
				62E54AB126894F0900D7A782 /* libvulkan.1.dylib in Embed Libraries */,
				62E54AAF26894F0700D7A782 /* libVkLayer_khronos_validation.dylib in Embed Libraries */,
				62E54AA626894EF700D7A782 /* libMoltenVK.dylib in Embed Libraries */,
				62E54AB326894F1700D7A782 /* libpt_mcrt.dylib in Embed Libraries */,
				62E54AA926894EFF00D7A782 /* libpt_irml.dylib in Embed Libraries */,
				62E54AAD26894F0400D7A782 /* libpt_tbbmalloc.dylib in Embed Libraries */,
				62E54AAB26894F0200D7A782 /* libpt_tbb.dylib in Embed Libraries */,
				62E54AC02689502400D7A782 /* libpt_apple_sdk_posix_mach_osx.dylib in Embed Libraries */,
			);
			name = "Embed Libraries";
			runOnlyForDeploymentPostprocessing = 0;
		};
/* End PBXCopyFilesBuildPhase section */

/* Begin PBXFileReference section */
		6210AF6926891D4D00047DAB /* libVkLayer_khronos_validation.dylib */ = {isa = PBXFileReference; lastKnownFileType = "compiled.mach-o.dylib"; name = libVkLayer_khronos_validation.dylib; path = ../../third_party/libs/lunarg_vulkan_sdk/lib/mach_osx/libVkLayer_khronos_validation.dylib; sourceTree = SOURCE_ROOT; };
		6210AF6C26891E1900047DAB /* VkLayer_khronos_validation.json */ = {isa = PBXFileReference; lastKnownFileType = text.json; name = VkLayer_khronos_validation.json; path = ../../third_party/libs/lunarg_vulkan_sdk/lib/mach_osx/VkLayer_khronos_validation.json; sourceTree = SOURCE_ROOT; };
		6210AF722689206A00047DAB /* MoltenVK_icd.json */ = {isa = PBXFileReference; lastKnownFileType = text.json; name = MoltenVK_icd.json; path = ../../third_party/libs/molten_vk/lib/mach_osx/MoltenVK_icd.json; sourceTree = SOURCE_ROOT; };
		6238290426768846002ECF8A /* libpt_apple_sdk_posix_mach_osx.dylib */ = {isa = PBXFileReference; explicitFileType = "compiled.mach-o.dylib"; includeInIndex = 0; path = libpt_apple_sdk_posix_mach_osx.dylib; sourceTree = BUILT_PRODUCTS_DIR; };
		6238290A267692DD002ECF8A /* pt_apple_sdk_common.h */ = {isa = PBXFileReference; fileEncoding = 4; lastKnownFileType = sourcecode.c.h; name = pt_apple_sdk_common.h; path = ../../include/pt_apple_sdk_common.h; sourceTree = SOURCE_ROOT; };
		6238290C267692F2002ECF8A /* pt_apple_sdk_posix_mach_appkit.h */ = {isa = PBXFileReference; lastKnownFileType = sourcecode.c.h; name = pt_apple_sdk_posix_mach_appkit.h; path = ../../include/pt_apple_sdk_posix_mach_appkit.h; sourceTree = SOURCE_ROOT; };
		6238290D267692FA002ECF8A /* pt_apple_sdk_posix_mach_foundation.h */ = {isa = PBXFileReference; lastKnownFileType = sourcecode.c.h; name = pt_apple_sdk_posix_mach_foundation.h; path = ../../include/pt_apple_sdk_posix_mach_foundation.h; sourceTree = SOURCE_ROOT; };
		6238290E2676930A002ECF8A /* pt_apple_sdk_posix_mach_objc.h */ = {isa = PBXFileReference; lastKnownFileType = sourcecode.c.h; name = pt_apple_sdk_posix_mach_objc.h; path = ../../include/pt_apple_sdk_posix_mach_objc.h; sourceTree = SOURCE_ROOT; };
		6238290F26769323002ECF8A /* pt_apple_sdk_posix_mach_objc.cpp */ = {isa = PBXFileReference; fileEncoding = 4; lastKnownFileType = sourcecode.cpp.cpp; name = pt_apple_sdk_posix_mach_objc.cpp; path = ../../src/pt_apple_sdk_posix_mach_objc.cpp; sourceTree = SOURCE_ROOT; };
		6238291126769328002ECF8A /* pt_apple_sdk_posix_mach_foundation.cpp */ = {isa = PBXFileReference; fileEncoding = 4; lastKnownFileType = sourcecode.cpp.cpp; name = pt_apple_sdk_posix_mach_foundation.cpp; path = ../../src/pt_apple_sdk_posix_mach_foundation.cpp; sourceTree = SOURCE_ROOT; };
		623829132676932F002ECF8A /* pt_apple_sdk_posix_mach_appkit.cpp */ = {isa = PBXFileReference; fileEncoding = 4; lastKnownFileType = sourcecode.cpp.cpp; name = pt_apple_sdk_posix_mach_appkit.cpp; path = ../../src/pt_apple_sdk_posix_mach_appkit.cpp; sourceTree = SOURCE_ROOT; };
		625C06EF268837C500D173BE /* pt_apple_sdk_posix_mach_dispatch.cpp */ = {isa = PBXFileReference; fileEncoding = 4; lastKnownFileType = sourcecode.cpp.cpp; name = pt_apple_sdk_posix_mach_dispatch.cpp; path = ../../src/pt_apple_sdk_posix_mach_dispatch.cpp; sourceTree = SOURCE_ROOT; };
		625C06F1268837D100D173BE /* pt_apple_sdk_posix_mach_dispatch.h */ = {isa = PBXFileReference; lastKnownFileType = sourcecode.c.h; name = pt_apple_sdk_posix_mach_dispatch.h; path = ../../include/pt_apple_sdk_posix_mach_dispatch.h; sourceTree = SOURCE_ROOT; };
		625D4F2C26775B6F000F087B /* libpt_gfx_wsi_window_osx.dylib */ = {isa = PBXFileReference; explicitFileType = "compiled.mach-o.dylib"; includeInIndex = 0; path = libpt_gfx_wsi_window_osx.dylib; sourceTree = BUILT_PRODUCTS_DIR; };
		625D4F3226775CEF000F087B /* pt_gfx_connection_common.cpp */ = {isa = PBXFileReference; fileEncoding = 4; lastKnownFileType = sourcecode.cpp.cpp; name = pt_gfx_connection_common.cpp; path = ../../src/pt_gfx_connection_common.cpp; sourceTree = SOURCE_ROOT; };
		625D4F3426775DA0000F087B /* pt_gfx_connection_common.h */ = {isa = PBXFileReference; lastKnownFileType = sourcecode.c.h; name = pt_gfx_connection_common.h; path = ../../src/pt_gfx_connection_common.h; sourceTree = SOURCE_ROOT; };
		6277492926894ADC009F2E71 /* pt_launcher_wsi_bitmap.app */ = {isa = PBXFileReference; explicitFileType = wrapper.application; includeInIndex = 0; path = pt_launcher_wsi_bitmap.app; sourceTree = BUILT_PRODUCTS_DIR; };
		6277493F26894C3D009F2E71 /* pt_wsi_bitmap.cpp */ = {isa = PBXFileReference; fileEncoding = 4; lastKnownFileType = sourcecode.cpp.cpp; name = pt_wsi_bitmap.cpp; path = ../../examples/launcher/pt_wsi_bitmap.cpp; sourceTree = SOURCE_ROOT; };
		6277494126894CA3009F2E71 /* pt_gfx_connection_utils.h */ = {isa = PBXFileReference; lastKnownFileType = sourcecode.c.h; name = pt_gfx_connection_utils.h; path = ../../examples/launcher/pt_gfx_connection_utils.h; sourceTree = SOURCE_ROOT; };
		6277494226894CBA009F2E71 /* pt_gfx_connection.h */ = {isa = PBXFileReference; lastKnownFileType = sourcecode.c.h; name = pt_gfx_connection.h; path = ../../include/pt_gfx_connection.h; sourceTree = SOURCE_ROOT; };
		6277494726894CE1009F2E71 /* libpt_gfx_wsi_bitmap.dylib */ = {isa = PBXFileReference; explicitFileType = "compiled.mach-o.dylib"; includeInIndex = 0; path = libpt_gfx_wsi_bitmap.dylib; sourceTree = BUILT_PRODUCTS_DIR; };
		6277494B26894D22009F2E71 /* pt_gfx_connection_vk_wsi_bitmap.cpp */ = {isa = PBXFileReference; fileEncoding = 4; lastKnownFileType = sourcecode.cpp.cpp; name = pt_gfx_connection_vk_wsi_bitmap.cpp; path = ../../src/pt_gfx_connection_vk_wsi_bitmap.cpp; sourceTree = SOURCE_ROOT; };
		62A5B4342689183B00AE5275 /* libvulkan.1.dylib */ = {isa = PBXFileReference; lastKnownFileType = "compiled.mach-o.dylib"; name = libvulkan.1.dylib; path = ../../third_party/libs/lunarg_vulkan_sdk/lib/mach_osx/libvulkan.1.dylib; sourceTree = SOURCE_ROOT; };
		62D2305F2688845C0044D96C /* pt_gfx_texture_common.h */ = {isa = PBXFileReference; lastKnownFileType = sourcecode.c.h; name = pt_gfx_texture_common.h; path = ../../src/pt_gfx_texture_common.h; sourceTree = SOURCE_ROOT; };
		62D23060268884630044D96C /* pt_gfx_texture_common.cpp */ = {isa = PBXFileReference; fileEncoding = 4; lastKnownFileType = sourcecode.cpp.cpp; name = pt_gfx_texture_common.cpp; path = ../../src/pt_gfx_texture_common.cpp; sourceTree = SOURCE_ROOT; };
		62D230622688861B0044D96C /* pt_gfx_texture_common_load_dds.cpp */ = {isa = PBXFileReference; fileEncoding = 4; lastKnownFileType = sourcecode.cpp.cpp; name = pt_gfx_texture_common_load_dds.cpp; path = ../../src/pt_gfx_texture_common_load_dds.cpp; sourceTree = SOURCE_ROOT; };
		62D23064268886200044D96C /* pt_gfx_texture_common_load_pvr.cpp */ = {isa = PBXFileReference; fileEncoding = 4; lastKnownFileType = sourcecode.cpp.cpp; name = pt_gfx_texture_common_load_pvr.cpp; path = ../../src/pt_gfx_texture_common_load_pvr.cpp; sourceTree = SOURCE_ROOT; };
		62D230662688862D0044D96C /* pt_gfx_texture_vk.cpp */ = {isa = PBXFileReference; fileEncoding = 4; lastKnownFileType = sourcecode.cpp.cpp; name = pt_gfx_texture_vk.cpp; path = ../../src/pt_gfx_texture_vk.cpp; sourceTree = SOURCE_ROOT; };
		62D23068268886320044D96C /* pt_gfx_texture_vk.h */ = {isa = PBXFileReference; fileEncoding = 4; lastKnownFileType = sourcecode.c.h; name = pt_gfx_texture_vk.h; path = ../../src/pt_gfx_texture_vk.h; sourceTree = SOURCE_ROOT; };
		62D2306A268886570044D96C /* pt_gfx_api_vk.cpp */ = {isa = PBXFileReference; fileEncoding = 4; lastKnownFileType = sourcecode.cpp.cpp; name = pt_gfx_api_vk.cpp; path = ../../src/pt_gfx_api_vk.cpp; sourceTree = SOURCE_ROOT; };
		62D2306C2688865D0044D96C /* pt_gfx_api_vk.h */ = {isa = PBXFileReference; lastKnownFileType = sourcecode.c.h; name = pt_gfx_api_vk.h; path = ../../src/pt_gfx_api_vk.h; sourceTree = SOURCE_ROOT; };
		62D2306D26888F630044D96C /* pt_gfx_connection_vk_wsi_metal.cpp */ = {isa = PBXFileReference; fileEncoding = 4; lastKnownFileType = sourcecode.cpp.cpp; name = pt_gfx_connection_vk_wsi_metal.cpp; path = ../../src/pt_gfx_connection_vk_wsi_metal.cpp; sourceTree = SOURCE_ROOT; };
		62D2306F26888F690044D96C /* pt_gfx_connection_vk.cpp */ = {isa = PBXFileReference; fileEncoding = 4; lastKnownFileType = sourcecode.cpp.cpp; name = pt_gfx_connection_vk.cpp; path = ../../src/pt_gfx_connection_vk.cpp; sourceTree = SOURCE_ROOT; };
		62D2307126888F6D0044D96C /* pt_gfx_connection_vk.h */ = {isa = PBXFileReference; lastKnownFileType = sourcecode.c.h; name = pt_gfx_connection_vk.h; path = ../../src/pt_gfx_connection_vk.h; sourceTree = SOURCE_ROOT; };
		62D2307226888F830044D96C /* pt_gfx_malloc.cpp */ = {isa = PBXFileReference; fileEncoding = 4; lastKnownFileType = sourcecode.cpp.cpp; name = pt_gfx_malloc.cpp; path = ../../src/pt_gfx_malloc.cpp; sourceTree = SOURCE_ROOT; };
		62D2307426888F8E0044D96C /* pt_gfx_malloc.h */ = {isa = PBXFileReference; lastKnownFileType = sourcecode.c.h; name = pt_gfx_malloc.h; path = ../../src/pt_gfx_malloc.h; sourceTree = SOURCE_ROOT; };
		62D2307526888F9B0044D96C /* pt_gfx_malloc_vk.h */ = {isa = PBXFileReference; lastKnownFileType = sourcecode.c.h; name = pt_gfx_malloc_vk.h; path = ../../src/pt_gfx_malloc_vk.h; sourceTree = SOURCE_ROOT; };
		62D2307626888FA20044D96C /* pt_gfx_malloc_vk.cpp */ = {isa = PBXFileReference; fileEncoding = 4; lastKnownFileType = sourcecode.cpp.cpp; name = pt_gfx_malloc_vk.cpp; path = ../../src/pt_gfx_malloc_vk.cpp; sourceTree = SOURCE_ROOT; };
		62D2307A268890680044D96C /* libMoltenVK.dylib */ = {isa = PBXFileReference; lastKnownFileType = "compiled.mach-o.dylib"; name = libMoltenVK.dylib; path = ../../third_party/libs/molten_vk/lib/mach_osx/libMoltenVK.dylib; sourceTree = SOURCE_ROOT; };
		62D230AC268893240044D96C /* libpt_mcrt.dylib */ = {isa = PBXFileReference; explicitFileType = "compiled.mach-o.dylib"; includeInIndex = 0; path = libpt_mcrt.dylib; sourceTree = BUILT_PRODUCTS_DIR; };
		62D230B0268893540044D96C /* pt_mcrt_memcpy_dpdk_rte_memcpy_x86_avx.cpp */ = {isa = PBXFileReference; fileEncoding = 4; lastKnownFileType = sourcecode.cpp.cpp; name = pt_mcrt_memcpy_dpdk_rte_memcpy_x86_avx.cpp; path = ../../src/pt_mcrt_memcpy_dpdk_rte_memcpy_x86_avx.cpp; sourceTree = SOURCE_ROOT; };
		62D230B1268893540044D96C /* pt_mcrt_memcpy_dpdk_rte_memcpy_x86_ssse3.cpp */ = {isa = PBXFileReference; fileEncoding = 4; lastKnownFileType = sourcecode.cpp.cpp; name = pt_mcrt_memcpy_dpdk_rte_memcpy_x86_ssse3.cpp; path = ../../src/pt_mcrt_memcpy_dpdk_rte_memcpy_x86_ssse3.cpp; sourceTree = SOURCE_ROOT; };
		62D230B2268893540044D96C /* pt_mcrt_memcpy_dpdk_rte_memcpy_x86_avx512f.cpp */ = {isa = PBXFileReference; fileEncoding = 4; lastKnownFileType = sourcecode.cpp.cpp; name = pt_mcrt_memcpy_dpdk_rte_memcpy_x86_avx512f.cpp; path = ../../src/pt_mcrt_memcpy_dpdk_rte_memcpy_x86_avx512f.cpp; sourceTree = SOURCE_ROOT; };
		62D230B3268893540044D96C /* pt_mcrt_memcpy.cpp */ = {isa = PBXFileReference; fileEncoding = 4; lastKnownFileType = sourcecode.cpp.cpp; name = pt_mcrt_memcpy.cpp; path = ../../src/pt_mcrt_memcpy.cpp; sourceTree = SOURCE_ROOT; };
		62D230B4268893540044D96C /* pt_mcrt_memcpy_dpdk_rte_memcpy_x86.h */ = {isa = PBXFileReference; fileEncoding = 4; lastKnownFileType = sourcecode.c.h; name = pt_mcrt_memcpy_dpdk_rte_memcpy_x86.h; path = ../../src/pt_mcrt_memcpy_dpdk_rte_memcpy_x86.h; sourceTree = SOURCE_ROOT; };
		62D230B5268893540044D96C /* pt_mcrt_memcpy_dpdk_rte_memcpy_arm64.h */ = {isa = PBXFileReference; fileEncoding = 4; lastKnownFileType = sourcecode.c.h; name = pt_mcrt_memcpy_dpdk_rte_memcpy_arm64.h; path = ../../src/pt_mcrt_memcpy_dpdk_rte_memcpy_arm64.h; sourceTree = SOURCE_ROOT; };
		62D230B6268893540044D96C /* pt_mcrt_memcpy_dpdk_rte_memcpy_arm32.h */ = {isa = PBXFileReference; fileEncoding = 4; lastKnownFileType = sourcecode.c.h; name = pt_mcrt_memcpy_dpdk_rte_memcpy_arm32.h; path = ../../src/pt_mcrt_memcpy_dpdk_rte_memcpy_arm32.h; sourceTree = SOURCE_ROOT; };
		62D230B7268893540044D96C /* pt_mcrt_malloc.cpp */ = {isa = PBXFileReference; fileEncoding = 4; lastKnownFileType = sourcecode.cpp.cpp; name = pt_mcrt_malloc.cpp; path = ../../src/pt_mcrt_malloc.cpp; sourceTree = SOURCE_ROOT; };
		62D230B8268893540044D96C /* pt_mcrt_scalable_allocator_tbb_scheduler.h */ = {isa = PBXFileReference; fileEncoding = 4; lastKnownFileType = sourcecode.c.h; name = pt_mcrt_scalable_allocator_tbb_scheduler.h; path = ../../src/pt_mcrt_scalable_allocator_tbb_scheduler.h; sourceTree = SOURCE_ROOT; };
		62D230B9268893540044D96C /* pt_mcrt_memcpy_dpdk_rte_memcpy_arm32_neon.cpp */ = {isa = PBXFileReference; fileEncoding = 4; lastKnownFileType = sourcecode.cpp.cpp; name = pt_mcrt_memcpy_dpdk_rte_memcpy_arm32_neon.cpp; path = ../../src/pt_mcrt_memcpy_dpdk_rte_memcpy_arm32_neon.cpp; sourceTree = SOURCE_ROOT; };
		62D230BA268893540044D96C /* pt_mcrt_task.cpp */ = {isa = PBXFileReference; fileEncoding = 4; lastKnownFileType = sourcecode.cpp.cpp; name = pt_mcrt_task.cpp; path = ../../src/pt_mcrt_task.cpp; sourceTree = SOURCE_ROOT; };
		62D230BB268893540044D96C /* pt_mcrt_scalable_allocator_tbb_scheduler_common.h */ = {isa = PBXFileReference; fileEncoding = 4; lastKnownFileType = sourcecode.c.h; name = pt_mcrt_scalable_allocator_tbb_scheduler_common.h; path = ../../src/pt_mcrt_scalable_allocator_tbb_scheduler_common.h; sourceTree = SOURCE_ROOT; };
		62D230BC268893540044D96C /* pt_mcrt_memcpy_dpdk_rte_common.h */ = {isa = PBXFileReference; fileEncoding = 4; lastKnownFileType = sourcecode.c.h; name = pt_mcrt_memcpy_dpdk_rte_common.h; path = ../../src/pt_mcrt_memcpy_dpdk_rte_common.h; sourceTree = SOURCE_ROOT; };
		62D230CA268896930044D96C /* libpt_tbbmalloc.dylib */ = {isa = PBXFileReference; lastKnownFileType = "compiled.mach-o.dylib"; name = libpt_tbbmalloc.dylib; path = ../../third_party/libs/intel_tbb/lib/mach_osx/libpt_tbbmalloc.dylib; sourceTree = SOURCE_ROOT; };
		62D230CB268896930044D96C /* libpt_irml.dylib */ = {isa = PBXFileReference; lastKnownFileType = "compiled.mach-o.dylib"; name = libpt_irml.dylib; path = ../../third_party/libs/intel_tbb/lib/mach_osx/libpt_irml.dylib; sourceTree = SOURCE_ROOT; };
		62D230CC268896930044D96C /* libpt_tbb.dylib */ = {isa = PBXFileReference; lastKnownFileType = "compiled.mach-o.dylib"; name = libpt_tbb.dylib; path = ../../third_party/libs/intel_tbb/lib/mach_osx/libpt_tbb.dylib; sourceTree = SOURCE_ROOT; };
		62D793B425974516001CC2AF /* libobjc.tbd */ = {isa = PBXFileReference; lastKnownFileType = "sourcecode.text-based-dylib-definition"; name = libobjc.tbd; path = Platforms/MacOSX.platform/Developer/SDKs/MacOSX.sdk/usr/lib/libobjc.tbd; sourceTree = DEVELOPER_DIR; };
		62D793B825974525001CC2AF /* AppKit.tbd */ = {isa = PBXFileReference; lastKnownFileType = "sourcecode.text-based-dylib-definition"; name = AppKit.tbd; path = Platforms/MacOSX.platform/Developer/SDKs/MacOSX.sdk/System/Library/Frameworks/AppKit.framework/AppKit.tbd; sourceTree = DEVELOPER_DIR; };
		62D793BC25974534001CC2AF /* Foundation.tbd */ = {isa = PBXFileReference; lastKnownFileType = "sourcecode.text-based-dylib-definition"; name = Foundation.tbd; path = Platforms/MacOSX.platform/Developer/SDKs/MacOSX.sdk/System/Library/Frameworks/Foundation.framework/Foundation.tbd; sourceTree = DEVELOPER_DIR; };
		62D793C025974546001CC2AF /* Metal.tbd */ = {isa = PBXFileReference; lastKnownFileType = "sourcecode.text-based-dylib-definition"; name = Metal.tbd; path = Platforms/MacOSX.platform/Developer/SDKs/MacOSX.sdk/System/Library/Frameworks/Metal.framework/Metal.tbd; sourceTree = DEVELOPER_DIR; };
		62D793C62597454D001CC2AF /* MetalKit.tbd */ = {isa = PBXFileReference; lastKnownFileType = "sourcecode.text-based-dylib-definition"; name = MetalKit.tbd; path = Platforms/MacOSX.platform/Developer/SDKs/MacOSX.sdk/System/Library/Frameworks/MetalKit.framework/MetalKit.tbd; sourceTree = DEVELOPER_DIR; };
		62D793E425974E73001CC2AF /* pt_launcher_wsi_window_osx.app */ = {isa = PBXFileReference; explicitFileType = wrapper.application; includeInIndex = 0; path = pt_launcher_wsi_window_osx.app; sourceTree = BUILT_PRODUCTS_DIR; };
		62D793E525974E7C001CC2AF /* PatriotEngine-iPhoneOS.app */ = {isa = PBXFileReference; explicitFileType = wrapper.application; includeInIndex = 0; path = "PatriotEngine-iPhoneOS.app"; sourceTree = BUILT_PRODUCTS_DIR; };
		62D7940C25975766001CC2AF /* pt_wsi_window_osx.cpp */ = {isa = PBXFileReference; lastKnownFileType = sourcecode.cpp.cpp; name = pt_wsi_window_osx.cpp; path = ../../examples/launcher/pt_wsi_window_osx.cpp; sourceTree = SOURCE_ROOT; };
		62F91F36268807C6009FCA7E /* pt_apple_sdk_posix_mach_corevideo.cpp */ = {isa = PBXFileReference; fileEncoding = 4; lastKnownFileType = sourcecode.cpp.cpp; name = pt_apple_sdk_posix_mach_corevideo.cpp; path = ../../src/pt_apple_sdk_posix_mach_corevideo.cpp; sourceTree = SOURCE_ROOT; };
		62F91F38268807E2009FCA7E /* pt_apple_sdk_posix_mach_corevideo.h */ = {isa = PBXFileReference; lastKnownFileType = sourcecode.c.h; name = pt_apple_sdk_posix_mach_corevideo.h; path = ../../include/pt_apple_sdk_posix_mach_corevideo.h; sourceTree = SOURCE_ROOT; };
		62F9437726880A93001A4BC8 /* CoreVideo.tbd */ = {isa = PBXFileReference; lastKnownFileType = "sourcecode.text-based-dylib-definition"; name = CoreVideo.tbd; path = Platforms/MacOSX.platform/Developer/SDKs/MacOSX.sdk/System/Library/Frameworks/CoreVideo.framework/CoreVideo.tbd; sourceTree = DEVELOPER_DIR; };
		92F078822447761900F82881 /* osx.entitlements */ = {isa = PBXFileReference; fileEncoding = 4; lastKnownFileType = text.plist.entitlements; path = osx.entitlements; sourceTree = SOURCE_ROOT; };
		92F0788A24477E2200F82881 /* ios.plist */ = {isa = PBXFileReference; lastKnownFileType = text.plist.xml; path = ios.plist; sourceTree = SOURCE_ROOT; };
		92F0788D2447818700F82881 /* UIKit.tbd */ = {isa = PBXFileReference; lastKnownFileType = "sourcecode.text-based-dylib-definition"; name = UIKit.tbd; path = Platforms/iPhoneOS.platform/Developer/SDKs/iPhoneOS.sdk/System/Library/Frameworks/UIKit.framework/UIKit.tbd; sourceTree = DEVELOPER_DIR; };
		92F078932447863B00F82881 /* libobjc.tbd */ = {isa = PBXFileReference; lastKnownFileType = "sourcecode.text-based-dylib-definition"; name = libobjc.tbd; path = Platforms/iPhoneOS.platform/Developer/SDKs/iPhoneOS.sdk/usr/lib/libobjc.tbd; sourceTree = DEVELOPER_DIR; };
		92F0793224479F0600F82881 /* Foundation.tbd */ = {isa = PBXFileReference; lastKnownFileType = "sourcecode.text-based-dylib-definition"; name = Foundation.tbd; path = Platforms/iPhoneOS.platform/Developer/SDKs/iPhoneOS.sdk/System/Library/Frameworks/Foundation.framework/Foundation.tbd; sourceTree = DEVELOPER_DIR; };
		92F0793424479F1000F82881 /* Metal.tbd */ = {isa = PBXFileReference; lastKnownFileType = "sourcecode.text-based-dylib-definition"; name = Metal.tbd; path = Platforms/iPhoneOS.platform/Developer/SDKs/iPhoneOS.sdk/System/Library/Frameworks/Metal.framework/Metal.tbd; sourceTree = DEVELOPER_DIR; };
		92F0793624479F1500F82881 /* MetalKit.tbd */ = {isa = PBXFileReference; lastKnownFileType = "sourcecode.text-based-dylib-definition"; name = MetalKit.tbd; path = Platforms/iPhoneOS.platform/Developer/SDKs/iPhoneOS.sdk/System/Library/Frameworks/MetalKit.framework/MetalKit.tbd; sourceTree = DEVELOPER_DIR; };
		92F977F22439099100C5F3C5 /* osx.plist */ = {isa = PBXFileReference; lastKnownFileType = text.plist.xml; path = osx.plist; sourceTree = SOURCE_ROOT; };
/* End PBXFileReference section */

/* Begin PBXFrameworksBuildPhase section */
		6238290226768846002ECF8A /* Frameworks */ = {
			isa = PBXFrameworksBuildPhase;
			buildActionMask = 2147483647;
			files = (
				62D793B525974516001CC2AF /* libobjc.tbd in Frameworks */,
				62D793B925974525001CC2AF /* AppKit.tbd in Frameworks */,
				62D793BD25974534001CC2AF /* Foundation.tbd in Frameworks */,
				62F91F37268807C6009FCA7E /* CoreVideo.tbd in Frameworks */,
			);
			runOnlyForDeploymentPostprocessing = 0;
		};
		625D4F2A26775B6F000F087B /* Frameworks */ = {
			isa = PBXFrameworksBuildPhase;
			buildActionMask = 2147483647;
			files = (
				62D230D42688987A0044D96C /* libpt_mcrt.dylib in Frameworks */,
				6277495526894D6A009F2E71 /* libpt_mcrt.dylib in Frameworks */,
				62A5B4352689183B00AE5275 /* libvulkan.1.dylib in Frameworks */,
			);
			runOnlyForDeploymentPostprocessing = 0;
		};
		6277492626894ADC009F2E71 /* Frameworks */ = {
			isa = PBXFrameworksBuildPhase;
			buildActionMask = 2147483647;
			files = (
				62E54AB626894F1D00D7A782 /* libpt_gfx_wsi_bitmap.dylib in Frameworks */,
				62E54AC12689502D00D7A782 /* libpt_apple_sdk_posix_mach_osx.dylib in Frameworks */,
			);
			runOnlyForDeploymentPostprocessing = 0;
		};
		6277494526894CE1009F2E71 /* Frameworks */ = {
			isa = PBXFrameworksBuildPhase;
			buildActionMask = 2147483647;
			files = (
				6277495F26894D85009F2E71 /* libvulkan.1.dylib in Frameworks */,
				6277495A26894D71009F2E71 /* libpt_mcrt.dylib in Frameworks */,
			);
			runOnlyForDeploymentPostprocessing = 0;
		};
		62D230AA268893240044D96C /* Frameworks */ = {
			isa = PBXFrameworksBuildPhase;
			buildActionMask = 2147483647;
			files = (
				62D230CF268896930044D96C /* libpt_irml.dylib in Frameworks */,
				62D230D1268896930044D96C /* libpt_tbb.dylib in Frameworks */,
				62D230CD268896930044D96C /* libpt_tbbmalloc.dylib in Frameworks */,
			);
			runOnlyForDeploymentPostprocessing = 0;
		};
		92983F152447725E003F48B6 /* Frameworks */ = {
			isa = PBXFrameworksBuildPhase;
			buildActionMask = 2147483647;
			files = (
				92F078942447863B00F82881 /* libobjc.tbd in Frameworks */,
				92F0788E2447818700F82881 /* UIKit.tbd in Frameworks */,
				92F0793324479F0600F82881 /* Foundation.tbd in Frameworks */,
				92F0793524479F1000F82881 /* Metal.tbd in Frameworks */,
				92F0793724479F1500F82881 /* MetalKit.tbd in Frameworks */,
			);
			runOnlyForDeploymentPostprocessing = 0;
		};
		92F977E12439099000C5F3C5 /* Frameworks */ = {
			isa = PBXFrameworksBuildPhase;
			buildActionMask = 2147483647;
			files = (
				62D9E1C626779F530003ADBA /* libpt_gfx_wsi_window_osx.dylib in Frameworks */,
				62D9E1C526779F510003ADBA /* libpt_apple_sdk_posix_mach_osx.dylib in Frameworks */,
			);
			runOnlyForDeploymentPostprocessing = 0;
		};
/* End PBXFrameworksBuildPhase section */

/* Begin PBXGroup section */
		6238290826769285002ECF8A /* include */ = {
			isa = PBXGroup;
			children = (
				6277494226894CBA009F2E71 /* pt_gfx_connection.h */,
				6238290A267692DD002ECF8A /* pt_apple_sdk_common.h */,
				6238290E2676930A002ECF8A /* pt_apple_sdk_posix_mach_objc.h */,
				6238290D267692FA002ECF8A /* pt_apple_sdk_posix_mach_foundation.h */,
				6238290C267692F2002ECF8A /* pt_apple_sdk_posix_mach_appkit.h */,
				62F91F38268807E2009FCA7E /* pt_apple_sdk_posix_mach_corevideo.h */,
				625C06F1268837D100D173BE /* pt_apple_sdk_posix_mach_dispatch.h */,
			);
			name = include;
			sourceTree = SOURCE_ROOT;
		};
		62382909267692A3002ECF8A /* src */ = {
			isa = PBXGroup;
			children = (
				62D2306C2688865D0044D96C /* pt_gfx_api_vk.h */,
				62D2306A268886570044D96C /* pt_gfx_api_vk.cpp */,
				625D4F3426775DA0000F087B /* pt_gfx_connection_common.h */,
				625D4F3226775CEF000F087B /* pt_gfx_connection_common.cpp */,
				62D2307126888F6D0044D96C /* pt_gfx_connection_vk.h */,
				62D2306F26888F690044D96C /* pt_gfx_connection_vk.cpp */,
				6277494B26894D22009F2E71 /* pt_gfx_connection_vk_wsi_bitmap.cpp */,
				62D2306D26888F630044D96C /* pt_gfx_connection_vk_wsi_metal.cpp */,
				62D2305F2688845C0044D96C /* pt_gfx_texture_common.h */,
				62D23060268884630044D96C /* pt_gfx_texture_common.cpp */,
				62D230622688861B0044D96C /* pt_gfx_texture_common_load_dds.cpp */,
				62D23064268886200044D96C /* pt_gfx_texture_common_load_pvr.cpp */,
				62D23068268886320044D96C /* pt_gfx_texture_vk.h */,
				62D230662688862D0044D96C /* pt_gfx_texture_vk.cpp */,
				62D2307426888F8E0044D96C /* pt_gfx_malloc.h */,
				62D2307226888F830044D96C /* pt_gfx_malloc.cpp */,
				62D2307526888F9B0044D96C /* pt_gfx_malloc_vk.h */,
				62D2307626888FA20044D96C /* pt_gfx_malloc_vk.cpp */,
				62D230B7268893540044D96C /* pt_mcrt_malloc.cpp */,
				62D230BC268893540044D96C /* pt_mcrt_memcpy_dpdk_rte_common.h */,
				62D230B9268893540044D96C /* pt_mcrt_memcpy_dpdk_rte_memcpy_arm32_neon.cpp */,
				62D230B6268893540044D96C /* pt_mcrt_memcpy_dpdk_rte_memcpy_arm32.h */,
				62D230B5268893540044D96C /* pt_mcrt_memcpy_dpdk_rte_memcpy_arm64.h */,
				62D230B0268893540044D96C /* pt_mcrt_memcpy_dpdk_rte_memcpy_x86_avx.cpp */,
				62D230B2268893540044D96C /* pt_mcrt_memcpy_dpdk_rte_memcpy_x86_avx512f.cpp */,
				62D230B1268893540044D96C /* pt_mcrt_memcpy_dpdk_rte_memcpy_x86_ssse3.cpp */,
				62D230B4268893540044D96C /* pt_mcrt_memcpy_dpdk_rte_memcpy_x86.h */,
				62D230B3268893540044D96C /* pt_mcrt_memcpy.cpp */,
				62D230BB268893540044D96C /* pt_mcrt_scalable_allocator_tbb_scheduler_common.h */,
				62D230B8268893540044D96C /* pt_mcrt_scalable_allocator_tbb_scheduler.h */,
				62D230BA268893540044D96C /* pt_mcrt_task.cpp */,
				6238290F26769323002ECF8A /* pt_apple_sdk_posix_mach_objc.cpp */,
				6238291126769328002ECF8A /* pt_apple_sdk_posix_mach_foundation.cpp */,
				623829132676932F002ECF8A /* pt_apple_sdk_posix_mach_appkit.cpp */,
				62F91F36268807C6009FCA7E /* pt_apple_sdk_posix_mach_corevideo.cpp */,
				625C06EF268837C500D173BE /* pt_apple_sdk_posix_mach_dispatch.cpp */,
			);
			name = src;
			sourceTree = SOURCE_ROOT;
		};
		62D793E7259750A4001CC2AF /* bldsys */ = {
			isa = PBXGroup;
			children = (
				92F977F22439099100C5F3C5 /* osx.plist */,
				92F0788A24477E2200F82881 /* ios.plist */,
				92F078822447761900F82881 /* osx.entitlements */,
			);
			name = bldsys;
			sourceTree = SOURCE_ROOT;
		};
		62D7940D2597576F001CC2AF /* examples */ = {
			isa = PBXGroup;
			children = (
				6277494126894CA3009F2E71 /* pt_gfx_connection_utils.h */,
				6277493F26894C3D009F2E71 /* pt_wsi_bitmap.cpp */,
				62D7940C25975766001CC2AF /* pt_wsi_window_osx.cpp */,
			);
			name = examples;
			sourceTree = SOURCE_ROOT;
		};
		9279CC2124390AE300DACBD7 /* Frameworks */ = {
			isa = PBXGroup;
			children = (
				62A5B4342689183B00AE5275 /* libvulkan.1.dylib */,
				6210AF6C26891E1900047DAB /* VkLayer_khronos_validation.json */,
				6210AF6926891D4D00047DAB /* libVkLayer_khronos_validation.dylib */,
				6210AF722689206A00047DAB /* MoltenVK_icd.json */,
				62D2307A268890680044D96C /* libMoltenVK.dylib */,
				62D230CB268896930044D96C /* libpt_irml.dylib */,
				62D230CC268896930044D96C /* libpt_tbb.dylib */,
				62D230CA268896930044D96C /* libpt_tbbmalloc.dylib */,
				62F9437726880A93001A4BC8 /* CoreVideo.tbd */,
				62D793C62597454D001CC2AF /* MetalKit.tbd */,
				62D793C025974546001CC2AF /* Metal.tbd */,
				62D793BC25974534001CC2AF /* Foundation.tbd */,
				62D793B825974525001CC2AF /* AppKit.tbd */,
				62D793B425974516001CC2AF /* libobjc.tbd */,
				92F0793624479F1500F82881 /* MetalKit.tbd */,
				92F0793424479F1000F82881 /* Metal.tbd */,
				92F0793224479F0600F82881 /* Foundation.tbd */,
				92F078932447863B00F82881 /* libobjc.tbd */,
				92F0788D2447818700F82881 /* UIKit.tbd */,
			);
			name = Frameworks;
			sourceTree = SOURCE_ROOT;
		};
		92F977DB2439099000C5F3C5 = {
			isa = PBXGroup;
			children = (
				62D7940D2597576F001CC2AF /* examples */,
				62D793E7259750A4001CC2AF /* bldsys */,
				6238290826769285002ECF8A /* include */,
				62382909267692A3002ECF8A /* src */,
				9279CC2124390AE300DACBD7 /* Frameworks */,
				62D793E525974E7C001CC2AF /* PatriotEngine-iPhoneOS.app */,
				62D793E425974E73001CC2AF /* pt_launcher_wsi_window_osx.app */,
				6277492926894ADC009F2E71 /* pt_launcher_wsi_bitmap.app */,
				6238290426768846002ECF8A /* libpt_apple_sdk_posix_mach_osx.dylib */,
				625D4F2C26775B6F000F087B /* libpt_gfx_wsi_window_osx.dylib */,
				6277494726894CE1009F2E71 /* libpt_gfx_wsi_bitmap.dylib */,
				62D230AC268893240044D96C /* libpt_mcrt.dylib */,
			);
			sourceTree = "<group>";
		};
/* End PBXGroup section */

/* Begin PBXHeadersBuildPhase section */
		6238290026768846002ECF8A /* Headers */ = {
			isa = PBXHeadersBuildPhase;
			buildActionMask = 2147483647;
			files = (
			);
			runOnlyForDeploymentPostprocessing = 0;
		};
		625D4F2826775B6F000F087B /* Headers */ = {
			isa = PBXHeadersBuildPhase;
			buildActionMask = 2147483647;
			files = (
			);
			runOnlyForDeploymentPostprocessing = 0;
		};
		6277494326894CE1009F2E71 /* Headers */ = {
			isa = PBXHeadersBuildPhase;
			buildActionMask = 2147483647;
			files = (
			);
			runOnlyForDeploymentPostprocessing = 0;
		};
		62D230A8268893240044D96C /* Headers */ = {
			isa = PBXHeadersBuildPhase;
			buildActionMask = 2147483647;
			files = (
			);
			runOnlyForDeploymentPostprocessing = 0;
		};
/* End PBXHeadersBuildPhase section */

/* Begin PBXNativeTarget section */
		6238290326768846002ECF8A /* pt_apple_sdk_posix_mach_osx */ = {
			isa = PBXNativeTarget;
			buildConfigurationList = 6238290726768846002ECF8A /* Build configuration list for PBXNativeTarget "pt_apple_sdk_posix_mach_osx" */;
			buildPhases = (
				6238290026768846002ECF8A /* Headers */,
				6238290126768846002ECF8A /* Sources */,
				6238290226768846002ECF8A /* Frameworks */,
				62C438F7268809BD00D219BA /* Resources */,
			);
			buildRules = (
			);
			dependencies = (
			);
			name = pt_apple_sdk_posix_mach_osx;
			productName = pt_apple_sdk_posix_mach_osx;
			productReference = 6238290426768846002ECF8A /* libpt_apple_sdk_posix_mach_osx.dylib */;
			productType = "com.apple.product-type.library.dynamic";
		};
		625D4F2B26775B6F000F087B /* pt_gfx_wsi_window_osx */ = {
			isa = PBXNativeTarget;
			buildConfigurationList = 625D4F2D26775B6F000F087B /* Build configuration list for PBXNativeTarget "pt_gfx_wsi_window_osx" */;
			buildPhases = (
				625D4F2826775B6F000F087B /* Headers */,
				625D4F2926775B6F000F087B /* Sources */,
				625D4F2A26775B6F000F087B /* Frameworks */,
			);
			buildRules = (
			);
			dependencies = (
				62D230D72688987A0044D96C /* PBXTargetDependency */,
				6277495826894D6A009F2E71 /* PBXTargetDependency */,
			);
			name = pt_gfx_wsi_window_osx;
			productName = pt_gfx_wsi_window_osx;
			productReference = 625D4F2C26775B6F000F087B /* libpt_gfx_wsi_window_osx.dylib */;
			productType = "com.apple.product-type.library.dynamic";
		};
		6277492826894ADC009F2E71 /* pt_launcher_wsi_bitmap */ = {
			isa = PBXNativeTarget;
			buildConfigurationList = 6277493A26894ADC009F2E71 /* Build configuration list for PBXNativeTarget "pt_launcher_wsi_bitmap" */;
			buildPhases = (
				6277492526894ADC009F2E71 /* Sources */,
				6277492626894ADC009F2E71 /* Frameworks */,
				6277492726894ADC009F2E71 /* Resources */,
				62E54AA726894EF700D7A782 /* Embed Libraries */,
			);
			buildRules = (
			);
			dependencies = (
				62E54AB526894F1700D7A782 /* PBXTargetDependency */,
				62E54AB926894F1D00D7A782 /* PBXTargetDependency */,
				62E54ABD26894F2200D7A782 /* PBXTargetDependency */,
			);
			name = pt_launcher_wsi_bitmap;
			productName = pt_launcher_wsi_bitmap;
			productReference = 6277492926894ADC009F2E71 /* pt_launcher_wsi_bitmap.app */;
			productType = "com.apple.product-type.application";
		};
		6277494626894CE1009F2E71 /* pt_gfx_wsi_bitmap */ = {
			isa = PBXNativeTarget;
			buildConfigurationList = 6277494826894CE1009F2E71 /* Build configuration list for PBXNativeTarget "pt_gfx_wsi_bitmap" */;
			buildPhases = (
				6277494326894CE1009F2E71 /* Headers */,
				6277494426894CE1009F2E71 /* Sources */,
				6277494526894CE1009F2E71 /* Frameworks */,
			);
			buildRules = (
			);
			dependencies = (
				6277495D26894D71009F2E71 /* PBXTargetDependency */,
			);
			name = pt_gfx_wsi_bitmap;
			productName = pt_gfx_wsi_bitmap;
			productReference = 6277494726894CE1009F2E71 /* libpt_gfx_wsi_bitmap.dylib */;
			productType = "com.apple.product-type.library.dynamic";
		};
		62D230AB268893240044D96C /* pt_mcrt */ = {
			isa = PBXNativeTarget;
			buildConfigurationList = 62D230AD268893240044D96C /* Build configuration list for PBXNativeTarget "pt_mcrt" */;
			buildPhases = (
				62D230A8268893240044D96C /* Headers */,
				62D230A9268893240044D96C /* Sources */,
				62D230AA268893240044D96C /* Frameworks */,
			);
			buildRules = (
			);
			dependencies = (
			);
			name = pt_mcrt;
			productName = pt_mcrt;
			productReference = 62D230AC268893240044D96C /* libpt_mcrt.dylib */;
			productType = "com.apple.product-type.library.dynamic";
		};
		92983F172447725E003F48B6 /* PatriotEngine-iPhoneOS */ = {
			isa = PBXNativeTarget;
			buildConfigurationList = 92983F2F2447725E003F48B6 /* Build configuration list for PBXNativeTarget "PatriotEngine-iPhoneOS" */;
			buildPhases = (
				92983F142447725E003F48B6 /* Sources */,
				92983F152447725E003F48B6 /* Frameworks */,
				92983F162447725E003F48B6 /* Resources */,
			);
			buildRules = (
			);
			dependencies = (
			);
			name = "PatriotEngine-iPhoneOS";
			productName = CXXBasedMac;
			productReference = 62D793E525974E7C001CC2AF /* PatriotEngine-iPhoneOS.app */;
			productType = "com.apple.product-type.application";
		};
		92F977E32439099000C5F3C5 /* pt_launcher_wsi_window_osx */ = {
			isa = PBXNativeTarget;
			buildConfigurationList = 92F977F82439099100C5F3C5 /* Build configuration list for PBXNativeTarget "pt_launcher_wsi_window_osx" */;
			buildPhases = (
				92F977E02439099000C5F3C5 /* Sources */,
				92F977E12439099000C5F3C5 /* Frameworks */,
				92F977E22439099000C5F3C5 /* Resources */,
				625C06E426880E6200D173BE /* Embed Libraries */,
			);
			buildRules = (
			);
			dependencies = (
				62D230DB26889B330044D96C /* PBXTargetDependency */,
				62D230D926889B2E0044D96C /* PBXTargetDependency */,
				624EFC1826889C0E001F2F63 /* PBXTargetDependency */,
			);
			name = pt_launcher_wsi_window_osx;
			productName = CXXBasedMac;
			productReference = 62D793E425974E73001CC2AF /* pt_launcher_wsi_window_osx.app */;
			productType = "com.apple.product-type.application";
		};
/* End PBXNativeTarget section */

/* Begin PBXProject section */
		92F977DC2439099000C5F3C5 /* Project object */ = {
			isa = PBXProject;
			attributes = {
				LastUpgradeCheck = 1230;
				ORGANIZATIONNAME = AdunZhang;
				TargetAttributes = {
					6238290326768846002ECF8A = {
						CreatedOnToolsVersion = 12.5;
					};
					625D4F2B26775B6F000F087B = {
						CreatedOnToolsVersion = 12.5;
					};
					6277492826894ADC009F2E71 = {
						CreatedOnToolsVersion = 12.5;
					};
					6277494626894CE1009F2E71 = {
						CreatedOnToolsVersion = 12.5;
					};
					62D230AB268893240044D96C = {
						CreatedOnToolsVersion = 12.5;
					};
					92983F172447725E003F48B6 = {
						CreatedOnToolsVersion = 11.4;
					};
					92F977E32439099000C5F3C5 = {
						CreatedOnToolsVersion = 11.4;
					};
				};
			};
			buildConfigurationList = 92F977DF2439099000C5F3C5 /* Build configuration list for PBXProject "PatriotEngine" */;
			compatibilityVersion = "Xcode 9.3";
			developmentRegion = en;
			hasScannedForEncodings = 0;
			knownRegions = (
				en,
				Base,
			);
			mainGroup = 92F977DB2439099000C5F3C5;
			productRefGroup = 92F977DB2439099000C5F3C5;
			projectDirPath = "";
			projectRoot = "";
			targets = (
				92983F172447725E003F48B6 /* PatriotEngine-iPhoneOS */,
				92F977E32439099000C5F3C5 /* pt_launcher_wsi_window_osx */,
				6277492826894ADC009F2E71 /* pt_launcher_wsi_bitmap */,
				625D4F2B26775B6F000F087B /* pt_gfx_wsi_window_osx */,
				6277494626894CE1009F2E71 /* pt_gfx_wsi_bitmap */,
				62D230AB268893240044D96C /* pt_mcrt */,
				6238290326768846002ECF8A /* pt_apple_sdk_posix_mach_osx */,
			);
		};
/* End PBXProject section */

/* Begin PBXResourcesBuildPhase section */
		6277492726894ADC009F2E71 /* Resources */ = {
			isa = PBXResourcesBuildPhase;
			buildActionMask = 2147483647;
			files = (
				62E54ABE26894F5B00D7A782 /* VkLayer_khronos_validation.json in Resources */,
				62E54ABF26894F5D00D7A782 /* MoltenVK_icd.json in Resources */,
			);
			runOnlyForDeploymentPostprocessing = 0;
		};
		62C438F7268809BD00D219BA /* Resources */ = {
			isa = PBXResourcesBuildPhase;
			buildActionMask = 2147483647;
			files = (
			);
			runOnlyForDeploymentPostprocessing = 0;
		};
		92983F162447725E003F48B6 /* Resources */ = {
			isa = PBXResourcesBuildPhase;
			buildActionMask = 2147483647;
			files = (
			);
			runOnlyForDeploymentPostprocessing = 0;
		};
		92F977E22439099000C5F3C5 /* Resources */ = {
			isa = PBXResourcesBuildPhase;
			buildActionMask = 2147483647;
			files = (
				6210AF712689203D00047DAB /* VkLayer_khronos_validation.json in Resources */,
				6210AF73268920A900047DAB /* MoltenVK_icd.json in Resources */,
			);
			runOnlyForDeploymentPostprocessing = 0;
		};
/* End PBXResourcesBuildPhase section */

/* Begin PBXSourcesBuildPhase section */
		6238290126768846002ECF8A /* Sources */ = {
			isa = PBXSourcesBuildPhase;
			buildActionMask = 2147483647;
			files = (
				6238291026769323002ECF8A /* pt_apple_sdk_posix_mach_objc.cpp in Sources */,
				625C06DD26880C7C00D173BE /* pt_apple_sdk_posix_mach_corevideo.cpp in Sources */,
				6238291226769328002ECF8A /* pt_apple_sdk_posix_mach_foundation.cpp in Sources */,
				623829142676932F002ECF8A /* pt_apple_sdk_posix_mach_appkit.cpp in Sources */,
				625C06F0268837C500D173BE /* pt_apple_sdk_posix_mach_dispatch.cpp in Sources */,
			);
			runOnlyForDeploymentPostprocessing = 0;
		};
		625D4F2926775B6F000F087B /* Sources */ = {
			isa = PBXSourcesBuildPhase;
			buildActionMask = 2147483647;
			files = (
				62D230902688921E0044D96C /* pt_gfx_api_vk.cpp in Sources */,
				62D2308E2688921E0044D96C /* pt_gfx_connection_common.cpp in Sources */,
				62D230912688921E0044D96C /* pt_gfx_connection_vk.cpp in Sources */,
				62D230882688921E0044D96C /* pt_gfx_connection_vk_wsi_metal.cpp in Sources */,
				62D230892688921E0044D96C /* pt_gfx_texture_common.cpp in Sources */,
				62D2308C2688921E0044D96C /* pt_gfx_texture_vk.cpp in Sources */,
				62D2308F2688921E0044D96C /* pt_gfx_texture_common_load_dds.cpp in Sources */,
				62D2308D2688921E0044D96C /* pt_gfx_texture_common_load_pvr.cpp in Sources */,
				62D2308A2688921E0044D96C /* pt_gfx_malloc.cpp in Sources */,
				62D2308B2688921E0044D96C /* pt_gfx_malloc_vk.cpp in Sources */,
			);
			runOnlyForDeploymentPostprocessing = 0;
		};
		6277492526894ADC009F2E71 /* Sources */ = {
			isa = PBXSourcesBuildPhase;
			buildActionMask = 2147483647;
			files = (
				6277494026894C3D009F2E71 /* pt_wsi_bitmap.cpp in Sources */,
				62E54AA326894E1400D7A782 /* pt_gfx_connection_vk_wsi_bitmap.cpp in Sources */,
			);
			runOnlyForDeploymentPostprocessing = 0;
		};
		6277494426894CE1009F2E71 /* Sources */ = {
			isa = PBXSourcesBuildPhase;
			buildActionMask = 2147483647;
			files = (
				62E54AA226894DFF00D7A782 /* pt_gfx_api_vk.cpp in Sources */,
				6277495126894D30009F2E71 /* pt_gfx_connection_common.cpp in Sources */,
				6277495226894D30009F2E71 /* pt_gfx_connection_vk.cpp in Sources */,
				62E54AA426894EA600D7A782 /* pt_gfx_connection_vk_wsi_bitmap.cpp in Sources */,
				6277495026894D30009F2E71 /* pt_gfx_texture_common.cpp in Sources */,
				6277495326894D30009F2E71 /* pt_gfx_texture_vk.cpp in Sources */,
				6277494D26894D30009F2E71 /* pt_gfx_texture_common_load_dds.cpp in Sources */,
				6277494F26894D30009F2E71 /* pt_gfx_texture_common_load_pvr.cpp in Sources */,
				6277495426894D30009F2E71 /* pt_gfx_malloc.cpp in Sources */,
				6277494E26894D30009F2E71 /* pt_gfx_malloc_vk.cpp in Sources */,
			);
			runOnlyForDeploymentPostprocessing = 0;
		};
		62D230A9268893240044D96C /* Sources */ = {
			isa = PBXSourcesBuildPhase;
			buildActionMask = 2147483647;
			files = (
				62D230C6268893540044D96C /* pt_mcrt_memcpy_dpdk_rte_memcpy_arm32_neon.cpp in Sources */,
				62D230BD268893540044D96C /* pt_mcrt_memcpy_dpdk_rte_memcpy_x86_avx.cpp in Sources */,
				62D230BF268893540044D96C /* pt_mcrt_memcpy_dpdk_rte_memcpy_x86_avx512f.cpp in Sources */,
				62D230C0268893540044D96C /* pt_mcrt_memcpy.cpp in Sources */,
				62D230C7268893540044D96C /* pt_mcrt_task.cpp in Sources */,
				62D230C4268893540044D96C /* pt_mcrt_malloc.cpp in Sources */,
				62D230BE268893540044D96C /* pt_mcrt_memcpy_dpdk_rte_memcpy_x86_ssse3.cpp in Sources */,
			);
			runOnlyForDeploymentPostprocessing = 0;
		};
		92983F142447725E003F48B6 /* Sources */ = {
			isa = PBXSourcesBuildPhase;
			buildActionMask = 2147483647;
			files = (
			);
			runOnlyForDeploymentPostprocessing = 0;
		};
		92F977E02439099000C5F3C5 /* Sources */ = {
			isa = PBXSourcesBuildPhase;
			buildActionMask = 2147483647;
			files = (
				62D7940E25975789001CC2AF /* pt_wsi_window_osx.cpp in Sources */,
			);
			runOnlyForDeploymentPostprocessing = 0;
		};
/* End PBXSourcesBuildPhase section */

/* Begin PBXTargetDependency section */
		624EFC1826889C0E001F2F63 /* PBXTargetDependency */ = {
			isa = PBXTargetDependency;
			target = 62D230AB268893240044D96C /* pt_mcrt */;
			targetProxy = 624EFC1726889C0E001F2F63 /* PBXContainerItemProxy */;
		};
		6277495826894D6A009F2E71 /* PBXTargetDependency */ = {
			isa = PBXTargetDependency;
			target = 62D230AB268893240044D96C /* pt_mcrt */;
			targetProxy = 6277495726894D6A009F2E71 /* PBXContainerItemProxy */;
		};
		6277495D26894D71009F2E71 /* PBXTargetDependency */ = {
			isa = PBXTargetDependency;
			target = 62D230AB268893240044D96C /* pt_mcrt */;
			targetProxy = 6277495C26894D71009F2E71 /* PBXContainerItemProxy */;
		};
		62D230D72688987A0044D96C /* PBXTargetDependency */ = {
			isa = PBXTargetDependency;
			target = 62D230AB268893240044D96C /* pt_mcrt */;
			targetProxy = 62D230D62688987A0044D96C /* PBXContainerItemProxy */;
		};
		62D230D926889B2E0044D96C /* PBXTargetDependency */ = {
			isa = PBXTargetDependency;
			target = 6238290326768846002ECF8A /* pt_apple_sdk_posix_mach_osx */;
			targetProxy = 62D230D826889B2E0044D96C /* PBXContainerItemProxy */;
		};
		62D230DB26889B330044D96C /* PBXTargetDependency */ = {
			isa = PBXTargetDependency;
			target = 625D4F2B26775B6F000F087B /* pt_gfx_wsi_window_osx */;
			targetProxy = 62D230DA26889B330044D96C /* PBXContainerItemProxy */;
		};
		62E54AB526894F1700D7A782 /* PBXTargetDependency */ = {
			isa = PBXTargetDependency;
			target = 62D230AB268893240044D96C /* pt_mcrt */;
			targetProxy = 62E54AB426894F1700D7A782 /* PBXContainerItemProxy */;
		};
		62E54AB926894F1D00D7A782 /* PBXTargetDependency */ = {
			isa = PBXTargetDependency;
			target = 6277494626894CE1009F2E71 /* pt_gfx_wsi_bitmap */;
			targetProxy = 62E54AB826894F1D00D7A782 /* PBXContainerItemProxy */;
		};
		62E54ABD26894F2200D7A782 /* PBXTargetDependency */ = {
			isa = PBXTargetDependency;
			target = 6238290326768846002ECF8A /* pt_apple_sdk_posix_mach_osx */;
			targetProxy = 62E54ABC26894F2200D7A782 /* PBXContainerItemProxy */;
		};
/* End PBXTargetDependency section */

/* Begin XCBuildConfiguration section */
		6238290526768846002ECF8A /* Debug */ = {
			isa = XCBuildConfiguration;
			buildSettings = {
				CODE_SIGN_STYLE = Automatic;
				DYLIB_COMPATIBILITY_VERSION = 1;
				DYLIB_CURRENT_VERSION = 1;
				DYLIB_INSTALL_NAME_BASE = "@rpath";
				EXECUTABLE_PREFIX = lib;
				GCC_PREPROCESSOR_DEFINITIONS = (
					"$(inherited)",
					"PT_ATTR_APPLE_SDK=PT_ATTR_EXPORT",
				);
				GCC_SYMBOLS_PRIVATE_EXTERN = YES;
				PRODUCT_NAME = "$(TARGET_NAME)";
				SDKROOT = macosx;
				SKIP_INSTALL = YES;
			};
			name = Debug;
		};
		6238290626768846002ECF8A /* Release */ = {
			isa = XCBuildConfiguration;
			buildSettings = {
				CODE_SIGN_STYLE = Automatic;
				DYLIB_COMPATIBILITY_VERSION = 1;
				DYLIB_CURRENT_VERSION = 1;
				DYLIB_INSTALL_NAME_BASE = "@rpath";
				EXECUTABLE_PREFIX = lib;
				GCC_PREPROCESSOR_DEFINITIONS = (
					"$(inherited)",
					"PT_ATTR_APPLE_SDK=PT_ATTR_EXPORT",
				);
				GCC_SYMBOLS_PRIVATE_EXTERN = YES;
				PRODUCT_NAME = "$(TARGET_NAME)";
				SDKROOT = macosx;
				SKIP_INSTALL = YES;
			};
			name = Release;
		};
		625D4F2E26775B6F000F087B /* Debug */ = {
			isa = XCBuildConfiguration;
			buildSettings = {
				CODE_SIGN_STYLE = Automatic;
				DYLIB_COMPATIBILITY_VERSION = 1;
				DYLIB_CURRENT_VERSION = 1;
				DYLIB_INSTALL_NAME_BASE = "@rpath";
				EXECUTABLE_PREFIX = lib;
				GCC_PREPROCESSOR_DEFINITIONS = (
					"$(inherited)",
					"PT_ATTR_GFX=PT_ATTR_EXPORT",
				);
				GCC_SYMBOLS_PRIVATE_EXTERN = YES;
				LIBRARY_SEARCH_PATHS = "$(PROJECT_DIR)/../../third_party/libs/lunarg_vulkan_sdk/lib/mach_osx";
				PRODUCT_NAME = "$(TARGET_NAME)";
				SDKROOT = macosx;
				SKIP_INSTALL = YES;
			};
			name = Debug;
		};
		625D4F2F26775B6F000F087B /* Release */ = {
			isa = XCBuildConfiguration;
			buildSettings = {
				CODE_SIGN_STYLE = Automatic;
				DYLIB_COMPATIBILITY_VERSION = 1;
				DYLIB_CURRENT_VERSION = 1;
				DYLIB_INSTALL_NAME_BASE = "@rpath";
				EXECUTABLE_PREFIX = lib;
				GCC_PREPROCESSOR_DEFINITIONS = (
					"$(inherited)",
					"PT_ATTR_GFX=PT_ATTR_EXPORT",
				);
				GCC_SYMBOLS_PRIVATE_EXTERN = YES;
				LIBRARY_SEARCH_PATHS = "$(PROJECT_DIR)/../../third_party/libs/lunarg_vulkan_sdk/lib/mach_osx";
				PRODUCT_NAME = "$(TARGET_NAME)";
				SDKROOT = macosx;
				SKIP_INSTALL = YES;
			};
			name = Release;
		};
		6277493B26894ADC009F2E71 /* Debug */ = {
			isa = XCBuildConfiguration;
			buildSettings = {
				ASSETCATALOG_COMPILER_GLOBAL_ACCENT_COLOR_NAME = AccentColor;
				CODE_SIGN_ENTITLEMENTS = osx.entitlements;
				CODE_SIGN_STYLE = Automatic;
				COMBINE_HIDPI_IMAGES = YES;
				DYLIB_INSTALL_NAME_BASE = "@executable_path/../Frameworks";
				INFOPLIST_FILE = osx.plist;
				LD_RUNPATH_SEARCH_PATHS = (
					"$(inherited)",
					"@executable_path/../Frameworks",
				);
				MACOSX_DEPLOYMENT_TARGET = 11.3;
				PRODUCT_BUNDLE_IDENTIFIER = "PatriotEngine.HanetakaYuminaga.pt-launcher-wsi-bitmap";
				PRODUCT_NAME = "$(TARGET_NAME)";
				SDKROOT = macosx;
			};
			name = Debug;
		};
		6277493C26894ADC009F2E71 /* Release */ = {
			isa = XCBuildConfiguration;
			buildSettings = {
				ASSETCATALOG_COMPILER_GLOBAL_ACCENT_COLOR_NAME = AccentColor;
				CODE_SIGN_ENTITLEMENTS = osx.entitlements;
				CODE_SIGN_STYLE = Automatic;
				COMBINE_HIDPI_IMAGES = YES;
				DYLIB_INSTALL_NAME_BASE = "@executable_path/../Frameworks";
				INFOPLIST_FILE = osx.plist;
				LD_RUNPATH_SEARCH_PATHS = (
					"$(inherited)",
					"@executable_path/../Frameworks",
				);
				MACOSX_DEPLOYMENT_TARGET = 11.3;
				PRODUCT_BUNDLE_IDENTIFIER = "PatriotEngine.HanetakaYuminaga.pt-launcher-wsi-bitmap";
				PRODUCT_NAME = "$(TARGET_NAME)";
				SDKROOT = macosx;
			};
			name = Release;
		};
		6277494926894CE1009F2E71 /* Debug */ = {
			isa = XCBuildConfiguration;
			buildSettings = {
				CODE_SIGN_STYLE = Automatic;
				DYLIB_COMPATIBILITY_VERSION = 1;
				DYLIB_CURRENT_VERSION = 1;
				DYLIB_INSTALL_NAME_BASE = "@rpath";
				EXECUTABLE_PREFIX = lib;
				LIBRARY_SEARCH_PATHS = "$(PROJECT_DIR)/../../third_party/libs/lunarg_vulkan_sdk/lib/mach_osx";
				PRODUCT_NAME = "$(TARGET_NAME)";
				SDKROOT = macosx;
				SKIP_INSTALL = YES;
			};
			name = Debug;
		};
		6277494A26894CE1009F2E71 /* Release */ = {
			isa = XCBuildConfiguration;
			buildSettings = {
				CODE_SIGN_STYLE = Automatic;
				DYLIB_COMPATIBILITY_VERSION = 1;
				DYLIB_CURRENT_VERSION = 1;
				DYLIB_INSTALL_NAME_BASE = "@rpath";
				EXECUTABLE_PREFIX = lib;
				LIBRARY_SEARCH_PATHS = "$(PROJECT_DIR)/../../third_party/libs/lunarg_vulkan_sdk/lib/mach_osx";
				PRODUCT_NAME = "$(TARGET_NAME)";
				SDKROOT = macosx;
				SKIP_INSTALL = YES;
			};
			name = Release;
		};
		62D230AE268893240044D96C /* Debug */ = {
			isa = XCBuildConfiguration;
			buildSettings = {
				CODE_SIGN_STYLE = Automatic;
				DEVELOPMENT_ASSET_PATHS = "";
				DYLIB_COMPATIBILITY_VERSION = 1;
				DYLIB_CURRENT_VERSION = 1;
				DYLIB_INSTALL_NAME_BASE = "@rpath";
				EXECUTABLE_PREFIX = lib;
				LIBRARY_SEARCH_PATHS = "$(PROJECT_DIR)/../../third_party/libs/intel_tbb/lib/mach_osx";
				OTHER_CFLAGS = (
					"-mssse3",
					"-mavx",
					"-mavx512f",
				);
				PRODUCT_NAME = "$(TARGET_NAME)";
				SDKROOT = macosx;
				SKIP_INSTALL = YES;
			};
			name = Debug;
		};
		62D230AF268893240044D96C /* Release */ = {
			isa = XCBuildConfiguration;
			buildSettings = {
				CODE_SIGN_STYLE = Automatic;
				DEVELOPMENT_ASSET_PATHS = "";
				DYLIB_COMPATIBILITY_VERSION = 1;
				DYLIB_CURRENT_VERSION = 1;
				DYLIB_INSTALL_NAME_BASE = "@rpath";
				EXECUTABLE_PREFIX = lib;
				LIBRARY_SEARCH_PATHS = "$(PROJECT_DIR)/../../third_party/libs/intel_tbb/lib/mach_osx";
				OTHER_CFLAGS = (
					"-mssse3",
					"-mavx",
					"-mavx512f",
				);
				PRODUCT_NAME = "$(TARGET_NAME)";
				SDKROOT = macosx;
				SKIP_INSTALL = YES;
			};
			name = Release;
		};
		92983F302447725E003F48B6 /* Debug */ = {
			isa = XCBuildConfiguration;
			buildSettings = {
				ASSETCATALOG_COMPILER_APPICON_NAME = AppIcon;
				CODE_SIGN_IDENTITY = "Apple Development";
				CODE_SIGN_STYLE = Automatic;
				DEVELOPMENT_TEAM = 6MJZWFY372;
				DYLIB_INSTALL_NAME_BASE = "@executable_path/../Frameworks";
				INFOPLIST_FILE = ios.plist;
				IPHONEOS_DEPLOYMENT_TARGET = 13.4;
				LD_RUNPATH_SEARCH_PATHS = (
					"$(inherited)",
					"@executable_path/../Frameworks",
				);
				PRODUCT_BUNDLE_IDENTIFIER = "HanetakaYuminaga.PatriotEngine-iPhoneOS";
				PRODUCT_NAME = "$(TARGET_NAME)";
				PROVISIONING_PROFILE_SPECIFIER = "";
				SDKROOT = iphoneos;
				TARGETED_DEVICE_FAMILY = "1,2";
			};
			name = Debug;
		};
		92983F312447725E003F48B6 /* Release */ = {
			isa = XCBuildConfiguration;
			buildSettings = {
				ASSETCATALOG_COMPILER_APPICON_NAME = AppIcon;
				CODE_SIGN_IDENTITY = "Apple Development";
				CODE_SIGN_STYLE = Automatic;
				DEVELOPMENT_TEAM = "";
				DYLIB_INSTALL_NAME_BASE = "@executable_path/../Frameworks";
				INFOPLIST_FILE = ios.plist;
				IPHONEOS_DEPLOYMENT_TARGET = 13.4;
				LD_RUNPATH_SEARCH_PATHS = (
					"$(inherited)",
					"@executable_path/../Frameworks",
				);
				PRODUCT_BUNDLE_IDENTIFIER = "HanetakaYuminaga.PatriotEngine-iPhoneOS";
				PRODUCT_NAME = "$(TARGET_NAME)";
				PROVISIONING_PROFILE_SPECIFIER = "";
				SDKROOT = iphoneos;
				TARGETED_DEVICE_FAMILY = "1,2";
				VALIDATE_PRODUCT = YES;
			};
			name = Release;
		};
		92F977F62439099100C5F3C5 /* Debug */ = {
			isa = XCBuildConfiguration;
			buildSettings = {
				ALWAYS_SEARCH_USER_PATHS = NO;
				CLANG_ANALYZER_NONNULL = YES;
				CLANG_ANALYZER_NUMBER_OBJECT_CONVERSION = YES_AGGRESSIVE;
				CLANG_CXX_LANGUAGE_STANDARD = "gnu++14";
				CLANG_CXX_LIBRARY = "libc++";
				CLANG_ENABLE_MODULES = YES;
				CLANG_ENABLE_OBJC_ARC = YES;
				CLANG_ENABLE_OBJC_WEAK = YES;
				CLANG_WARN_BLOCK_CAPTURE_AUTORELEASING = YES;
				CLANG_WARN_BOOL_CONVERSION = YES;
				CLANG_WARN_COMMA = YES;
				CLANG_WARN_CONSTANT_CONVERSION = YES;
				CLANG_WARN_DEPRECATED_OBJC_IMPLEMENTATIONS = YES;
				CLANG_WARN_DIRECT_OBJC_ISA_USAGE = YES_ERROR;
				CLANG_WARN_DOCUMENTATION_COMMENTS = YES;
				CLANG_WARN_EMPTY_BODY = YES;
				CLANG_WARN_ENUM_CONVERSION = YES;
				CLANG_WARN_INFINITE_RECURSION = YES;
				CLANG_WARN_INT_CONVERSION = YES;
				CLANG_WARN_NON_LITERAL_NULL_CONVERSION = YES;
				CLANG_WARN_OBJC_IMPLICIT_RETAIN_SELF = YES;
				CLANG_WARN_OBJC_LITERAL_CONVERSION = YES;
				CLANG_WARN_OBJC_ROOT_CLASS = YES_ERROR;
				CLANG_WARN_QUOTED_INCLUDE_IN_FRAMEWORK_HEADER = YES;
				CLANG_WARN_RANGE_LOOP_ANALYSIS = YES;
				CLANG_WARN_STRICT_PROTOTYPES = YES;
				CLANG_WARN_SUSPICIOUS_MOVE = YES;
				CLANG_WARN_UNGUARDED_AVAILABILITY = YES_AGGRESSIVE;
				CLANG_WARN_UNREACHABLE_CODE = YES;
				CLANG_WARN__DUPLICATE_METHOD_MATCH = YES;
				COPY_PHASE_STRIP = NO;
				DEBUG_INFORMATION_FORMAT = dwarf;
				ENABLE_STRICT_OBJC_MSGSEND = YES;
				ENABLE_TESTABILITY = YES;
				GCC_C_LANGUAGE_STANDARD = gnu11;
				GCC_DYNAMIC_NO_PIC = NO;
				GCC_NO_COMMON_BLOCKS = YES;
				GCC_OPTIMIZATION_LEVEL = 0;
				GCC_PREPROCESSOR_DEFINITIONS = (
					"DEBUG=1",
					"$(inherited)",
				);
				GCC_WARN_64_TO_32_BIT_CONVERSION = YES;
				GCC_WARN_ABOUT_RETURN_TYPE = YES_ERROR;
				GCC_WARN_UNDECLARED_SELECTOR = YES;
				GCC_WARN_UNINITIALIZED_AUTOS = YES_AGGRESSIVE;
				GCC_WARN_UNUSED_FUNCTION = YES;
				GCC_WARN_UNUSED_VARIABLE = YES;
				HEADER_SEARCH_PATHS = (
					"$(PROJECT_DIR)/../../include",
					"$(PROJECT_DIR)/../../third_party/libs/intel_tbb/include",
					"$(PROJECT_DIR)/../../third_party/libs/lunarg_vulkan_sdk/include",
				);
				MACOSX_DEPLOYMENT_TARGET = 10.15;
				MTL_ENABLE_DEBUG_INFO = INCLUDE_SOURCE;
				MTL_FAST_MATH = YES;
				ONLY_ACTIVE_ARCH = YES;
			};
			name = Debug;
		};
		92F977F72439099100C5F3C5 /* Release */ = {
			isa = XCBuildConfiguration;
			buildSettings = {
				ALWAYS_SEARCH_USER_PATHS = NO;
				CLANG_ANALYZER_NONNULL = YES;
				CLANG_ANALYZER_NUMBER_OBJECT_CONVERSION = YES_AGGRESSIVE;
				CLANG_CXX_LANGUAGE_STANDARD = "gnu++14";
				CLANG_CXX_LIBRARY = "libc++";
				CLANG_ENABLE_MODULES = YES;
				CLANG_ENABLE_OBJC_ARC = YES;
				CLANG_ENABLE_OBJC_WEAK = YES;
				CLANG_WARN_BLOCK_CAPTURE_AUTORELEASING = YES;
				CLANG_WARN_BOOL_CONVERSION = YES;
				CLANG_WARN_COMMA = YES;
				CLANG_WARN_CONSTANT_CONVERSION = YES;
				CLANG_WARN_DEPRECATED_OBJC_IMPLEMENTATIONS = YES;
				CLANG_WARN_DIRECT_OBJC_ISA_USAGE = YES_ERROR;
				CLANG_WARN_DOCUMENTATION_COMMENTS = YES;
				CLANG_WARN_EMPTY_BODY = YES;
				CLANG_WARN_ENUM_CONVERSION = YES;
				CLANG_WARN_INFINITE_RECURSION = YES;
				CLANG_WARN_INT_CONVERSION = YES;
				CLANG_WARN_NON_LITERAL_NULL_CONVERSION = YES;
				CLANG_WARN_OBJC_IMPLICIT_RETAIN_SELF = YES;
				CLANG_WARN_OBJC_LITERAL_CONVERSION = YES;
				CLANG_WARN_OBJC_ROOT_CLASS = YES_ERROR;
				CLANG_WARN_QUOTED_INCLUDE_IN_FRAMEWORK_HEADER = YES;
				CLANG_WARN_RANGE_LOOP_ANALYSIS = YES;
				CLANG_WARN_STRICT_PROTOTYPES = YES;
				CLANG_WARN_SUSPICIOUS_MOVE = YES;
				CLANG_WARN_UNGUARDED_AVAILABILITY = YES_AGGRESSIVE;
				CLANG_WARN_UNREACHABLE_CODE = YES;
				CLANG_WARN__DUPLICATE_METHOD_MATCH = YES;
				COPY_PHASE_STRIP = NO;
				DEBUG_INFORMATION_FORMAT = "dwarf-with-dsym";
				ENABLE_NS_ASSERTIONS = NO;
				ENABLE_STRICT_OBJC_MSGSEND = YES;
				GCC_C_LANGUAGE_STANDARD = gnu11;
				GCC_NO_COMMON_BLOCKS = YES;
				GCC_WARN_64_TO_32_BIT_CONVERSION = YES;
				GCC_WARN_ABOUT_RETURN_TYPE = YES_ERROR;
				GCC_WARN_UNDECLARED_SELECTOR = YES;
				GCC_WARN_UNINITIALIZED_AUTOS = YES_AGGRESSIVE;
				GCC_WARN_UNUSED_FUNCTION = YES;
				GCC_WARN_UNUSED_VARIABLE = YES;
				HEADER_SEARCH_PATHS = (
					"$(PROJECT_DIR)/../../include",
					"$(PROJECT_DIR)/../../third_party/libs/intel_tbb/include",
					"$(PROJECT_DIR)/../../third_party/libs/lunarg_vulkan_sdk/include",
				);
				MACOSX_DEPLOYMENT_TARGET = 10.15;
				MTL_ENABLE_DEBUG_INFO = NO;
				MTL_FAST_MATH = YES;
			};
			name = Release;
		};
		92F977F92439099100C5F3C5 /* Debug */ = {
			isa = XCBuildConfiguration;
			buildSettings = {
				CODE_SIGN_ENTITLEMENTS = osx.entitlements;
				CODE_SIGN_IDENTITY = "-";
				CODE_SIGN_STYLE = Automatic;
				COMBINE_HIDPI_IMAGES = YES;
				DEVELOPMENT_ASSET_PATHS = "";
				DYLIB_INSTALL_NAME_BASE = "@executable_path/../Frameworks";
				HEADER_SEARCH_PATHS = (
					"$(PROJECT_DIR)/../../include",
					"$(PROJECT_DIR)/../../third_party/libs/molten_vk/include",
				);
				INFOPLIST_FILE = osx.plist;
				LD_RUNPATH_SEARCH_PATHS = (
					"$(inherited)",
					"@executable_path/../Frameworks",
				);
				LIBRARY_SEARCH_PATHS = (
					"$(inherited)",
					"$(SYSTEM_LIBRARY_DIR)/Frameworks/Foundation.framework/Versions/Current",
					"$(SYSTEM_LIBRARY_DIR)/Frameworks/AppKit.framework/Versions/Current",
					"$(SYSTEM_LIBRARY_DIR)/Frameworks/Metal.framework/Versions/Current",
					"$(SYSTEM_LIBRARY_DIR)/Frameworks/MetalKit.framework/Versions/Current",
				);
				PRODUCT_BUNDLE_IDENTIFIER = HanetakaYuminaga.pt_launcher_wsi_window_osx;
				PRODUCT_NAME = "$(TARGET_NAME)";
				SDKROOT = macosx;
			};
			name = Debug;
		};
		92F977FA2439099100C5F3C5 /* Release */ = {
			isa = XCBuildConfiguration;
			buildSettings = {
				CODE_SIGN_ENTITLEMENTS = osx.entitlements;
				CODE_SIGN_IDENTITY = "-";
				CODE_SIGN_STYLE = Automatic;
				COMBINE_HIDPI_IMAGES = YES;
				DEVELOPMENT_ASSET_PATHS = "";
				DYLIB_INSTALL_NAME_BASE = "@executable_path/../Frameworks";
				HEADER_SEARCH_PATHS = (
					"$(PROJECT_DIR)/../../include",
					"$(PROJECT_DIR)/../../third_party/libs/molten_vk/include",
				);
				INFOPLIST_FILE = osx.plist;
				LD_RUNPATH_SEARCH_PATHS = (
					"$(inherited)",
					"@executable_path/../Frameworks",
				);
				LIBRARY_SEARCH_PATHS = (
					"$(inherited)",
					"$(SYSTEM_LIBRARY_DIR)/Frameworks/Foundation.framework/Versions/Current",
					"$(SYSTEM_LIBRARY_DIR)/Frameworks/AppKit.framework/Versions/Current",
					"$(SYSTEM_LIBRARY_DIR)/Frameworks/Metal.framework/Versions/Current",
					"$(SYSTEM_LIBRARY_DIR)/Frameworks/MetalKit.framework/Versions/Current",
				);
				PRODUCT_BUNDLE_IDENTIFIER = HanetakaYuminaga.pt_launcher_wsi_window_osx;
				PRODUCT_NAME = "$(TARGET_NAME)";
				SDKROOT = macosx;
			};
			name = Release;
		};
/* End XCBuildConfiguration section */

/* Begin XCConfigurationList section */
		6238290726768846002ECF8A /* Build configuration list for PBXNativeTarget "pt_apple_sdk_posix_mach_osx" */ = {
			isa = XCConfigurationList;
			buildConfigurations = (
				6238290526768846002ECF8A /* Debug */,
				6238290626768846002ECF8A /* Release */,
			);
			defaultConfigurationIsVisible = 0;
			defaultConfigurationName = Release;
		};
		625D4F2D26775B6F000F087B /* Build configuration list for PBXNativeTarget "pt_gfx_wsi_window_osx" */ = {
			isa = XCConfigurationList;
			buildConfigurations = (
				625D4F2E26775B6F000F087B /* Debug */,
				625D4F2F26775B6F000F087B /* Release */,
			);
			defaultConfigurationIsVisible = 0;
			defaultConfigurationName = Release;
		};
		6277493A26894ADC009F2E71 /* Build configuration list for PBXNativeTarget "pt_launcher_wsi_bitmap" */ = {
			isa = XCConfigurationList;
			buildConfigurations = (
				6277493B26894ADC009F2E71 /* Debug */,
				6277493C26894ADC009F2E71 /* Release */,
			);
			defaultConfigurationIsVisible = 0;
			defaultConfigurationName = Release;
		};
		6277494826894CE1009F2E71 /* Build configuration list for PBXNativeTarget "pt_gfx_wsi_bitmap" */ = {
			isa = XCConfigurationList;
			buildConfigurations = (
				6277494926894CE1009F2E71 /* Debug */,
				6277494A26894CE1009F2E71 /* Release */,
			);
			defaultConfigurationIsVisible = 0;
			defaultConfigurationName = Release;
		};
		62D230AD268893240044D96C /* Build configuration list for PBXNativeTarget "pt_mcrt" */ = {
			isa = XCConfigurationList;
			buildConfigurations = (
				62D230AE268893240044D96C /* Debug */,
				62D230AF268893240044D96C /* Release */,
			);
			defaultConfigurationIsVisible = 0;
			defaultConfigurationName = Release;
		};
		92983F2F2447725E003F48B6 /* Build configuration list for PBXNativeTarget "PatriotEngine-iPhoneOS" */ = {
			isa = XCConfigurationList;
			buildConfigurations = (
				92983F302447725E003F48B6 /* Debug */,
				92983F312447725E003F48B6 /* Release */,
			);
			defaultConfigurationIsVisible = 0;
			defaultConfigurationName = Release;
		};
		92F977DF2439099000C5F3C5 /* Build configuration list for PBXProject "PatriotEngine" */ = {
			isa = XCConfigurationList;
			buildConfigurations = (
				92F977F62439099100C5F3C5 /* Debug */,
				92F977F72439099100C5F3C5 /* Release */,
			);
			defaultConfigurationIsVisible = 0;
			defaultConfigurationName = Release;
		};
		92F977F82439099100C5F3C5 /* Build configuration list for PBXNativeTarget "pt_launcher_wsi_window_osx" */ = {
			isa = XCConfigurationList;
			buildConfigurations = (
				92F977F92439099100C5F3C5 /* Debug */,
				92F977FA2439099100C5F3C5 /* Release */,
			);
			defaultConfigurationIsVisible = 0;
			defaultConfigurationName = Release;
		};
/* End XCConfigurationList section */
	};
	rootObject = 92F977DC2439099000C5F3C5 /* Project object */;
}
