
Microsoft Visual Studio Solution File, Format Version 12.00
# Visual Studio 15
VisualStudioVersion = 15.0.28010.2003
MinimumVisualStudioVersion = 10.0.40219.1
Project("{8BC9CEB8-8B4A-11D0-8D11-00A0C91BC942}") = "PTSystem_PosixMach", "..\..\..\Runtime\Solution\PosixMach\PTSystem_PosixMach.vcxproj", "{BF34BFB9-2D35-47AF-A522-E57A2D837BCF}"
EndProject
Global
	GlobalSection(SolutionConfigurationPlatforms) = preSolution
		Debug|ARM = Debug|ARM
		Debug|ARM64 = Debug|ARM64
		Debug|x64 = Debug|x64
		Debug|x86 = Debug|x86
		Release|ARM = Release|ARM
		Release|ARM64 = Release|ARM64
		Release|x64 = Release|x64
		Release|x86 = Release|x86
	EndGlobalSection
	GlobalSection(ProjectConfigurationPlatforms) = postSolution
		{BF34BFB9-2D35-47AF-A522-E57A2D837BCF}.Debug|ARM.ActiveCfg = Debug|ARM
		{BF34BFB9-2D35-47AF-A522-E57A2D837BCF}.Debug|ARM.Build.0 = Debug|ARM
		{BF34BFB9-2D35-47AF-A522-E57A2D837BCF}.Debug|ARM64.ActiveCfg = Debug|ARM64
		{BF34BFB9-2D35-47AF-A522-E57A2D837BCF}.Debug|ARM64.Build.0 = Debug|ARM64
		{BF34BFB9-2D35-47AF-A522-E57A2D837BCF}.Debug|x64.ActiveCfg = Debug|x64
		{BF34BFB9-2D35-47AF-A522-E57A2D837BCF}.Debug|x64.Build.0 = Debug|x64
		{BF34BFB9-2D35-47AF-A522-E57A2D837BCF}.Debug|x86.ActiveCfg = Debug|x86
		{BF34BFB9-2D35-47AF-A522-E57A2D837BCF}.Debug|x86.Build.0 = Debug|x86
		{BF34BFB9-2D35-47AF-A522-E57A2D837BCF}.Release|ARM.ActiveCfg = Release|ARM
		{BF34BFB9-2D35-47AF-A522-E57A2D837BCF}.Release|ARM.Build.0 = Release|ARM
		{BF34BFB9-2D35-47AF-A522-E57A2D837BCF}.Release|ARM64.ActiveCfg = Release|ARM64
		{BF34BFB9-2D35-47AF-A522-E57A2D837BCF}.Release|ARM64.Build.0 = Release|ARM64
		{BF34BFB9-2D35-47AF-A522-E57A2D837BCF}.Release|x64.ActiveCfg = Release|x64
		{BF34BFB9-2D35-47AF-A522-E57A2D837BCF}.Release|x64.Build.0 = Release|x64
		{BF34BFB9-2D35-47AF-A522-E57A2D837BCF}.Release|x86.ActiveCfg = Release|x86
		{BF34BFB9-2D35-47AF-A522-E57A2D837BCF}.Release|x86.Build.0 = Release|x86
	EndGlobalSection
	GlobalSection(SolutionProperties) = preSolution
		HideSolutionNode = FALSE
	EndGlobalSection
	GlobalSection(ExtensibilityGlobals) = postSolution
		SolutionGuid = {A31EEA13-9CDE-4A61-BB73-D0078C18A118}
	EndGlobalSection
EndGlobal
