<?xml version="1.0" encoding="utf-8"?>
<Project ToolsVersion="4.0" xmlns="http://schemas.microsoft.com/developer/msbuild/2003">
  <ItemGroup>
    <ClCompile Include="..\src\pt_gfx_connection_vk.cpp">
      <Filter>src</Filter>
    </ClCompile>
    <ClCompile Include="..\src\pt_gfx_device_vk.cpp">
      <Filter>src</Filter>
    </ClCompile>
    <ClCompile Include="pt_dllmain.cpp">
      <Filter>bldsys</Filter>
    </ClCompile>
    <ClCompile Include="..\src\pt_gfx_connection_base.cpp">
      <Filter>src</Filter>
    </ClCompile>
    <ClCompile Include="..\src\pt_gfx_frame_object_base.cpp">
      <Filter>src</Filter>
    </ClCompile>
    <ClCompile Include="..\src\pt_gfx_malloc_vk.cpp">
      <Filter>src</Filter>
    </ClCompile>
    <ClCompile Include="..\src\pt_gfx_material_base.cpp">
      <Filter>src</Filter>
    </ClCompile>
    <ClCompile Include="..\src\pt_gfx_material_vk.cpp">
      <Filter>src</Filter>
    </ClCompile>
    <ClCompile Include="..\src\pt_gfx_connection_d3d12.cpp">
      <Filter>src</Filter>
    </ClCompile>
    <ClCompile Include="..\src\pt_gfx_device_vk_wsi_win32.cpp">
      <Filter>src</Filter>
    </ClCompile>
    <ClCompile Include="..\src\pt_gfx_malloc_vma.cpp">
      <Filter>src</Filter>
    </ClCompile>
    <ClCompile Include="..\src\imaging\streaming_object.cpp">
      <Filter>src\imaging</Filter>
    </ClCompile>
    <ClCompile Include="..\src\imaging\mesh_asset_load.cpp">
      <Filter>src\imaging</Filter>
    </ClCompile>
    <ClCompile Include="..\src\imaging\mesh_asset_load_pmx.cpp">
      <Filter>src\imaging</Filter>
    </ClCompile>
    <ClCompile Include="..\src\imaging\texture_asset_load.cpp">
      <Filter>src\imaging</Filter>
    </ClCompile>
    <ClCompile Include="..\src\imaging\texture_asset_load_dds.cpp">
      <Filter>src\imaging</Filter>
    </ClCompile>
    <ClCompile Include="..\src\imaging\texture_asset_load_pvr.cpp">
      <Filter>src\imaging</Filter>
    </ClCompile>
    <ClCompile Include="..\src\imaging\mesh.cpp">
      <Filter>src\imaging</Filter>
    </ClCompile>
    <ClCompile Include="..\src\imaging\vk\vk_mesh.cpp">
      <Filter>src\imaging\vk</Filter>
    </ClCompile>
    <ClCompile Include="..\src\imaging\texture.cpp">
      <Filter>src\imaging</Filter>
    </ClCompile>
    <ClCompile Include="..\src\imaging\vk\vk_texture.cpp">
      <Filter>src\imaging\vk</Filter>
    </ClCompile>
    <ClCompile Include="..\src\imaging\mesh_vertex_tangent.cpp">
      <Filter>src\imaging</Filter>
    </ClCompile>
    <ClCompile Include="..\src\scene\pt_gfx_scene_base.cpp">
      <Filter>src\scene</Filter>
    </ClCompile>
    <ClCompile Include="..\src\scene\pt_gfx_scene_vk.cpp">
      <Filter>src\scene</Filter>
    </ClCompile>
    <ClCompile Include="..\src\scene\pt_gfx_node_base.cpp">
      <Filter>src\scene</Filter>
    </ClCompile>
    <ClCompile Include="..\src\scene\pt_gfx_node_vk.cpp">
      <Filter>src\scene</Filter>
    </ClCompile>
  </ItemGroup>
  <ItemGroup>
    <Filter Include="src">
      <UniqueIdentifier>{631ba767-dbf5-49ef-bf95-a5a08ff70e12}</UniqueIdentifier>
    </Filter>
    <Filter Include="bldsys">
      <UniqueIdentifier>{54f99e20-410c-4f28-bbbf-41bff928b7bf}</UniqueIdentifier>
    </Filter>
    <Filter Include="include">
      <UniqueIdentifier>{76f083d5-5c74-4e04-9112-91a9eefbc7aa}</UniqueIdentifier>
    </Filter>
    <Filter Include="src\imaging">
      <UniqueIdentifier>{17dec8b2-f43e-44d2-a390-6414204f1d26}</UniqueIdentifier>
    </Filter>
    <Filter Include="src\imaging\vk">
      <UniqueIdentifier>{b2a5d29a-afcc-4bc9-b959-300505eb0572}</UniqueIdentifier>
    </Filter>
    <Filter Include="src\scene">
      <UniqueIdentifier>{a4eaf793-1aa8-4f3d-ad85-96d1d2841132}</UniqueIdentifier>
    </Filter>
  </ItemGroup>
  <ItemGroup>
    <ClInclude Include="..\src\pt_gfx_connection_base.h">
      <Filter>src</Filter>
    </ClInclude>
    <ClInclude Include="..\src\pt_gfx_connection_vk.h">
      <Filter>src</Filter>
    </ClInclude>
    <ClInclude Include="..\src\pt_gfx_device_vk.h">
      <Filter>src</Filter>
    </ClInclude>
    <ClInclude Include="..\src\pt_gfx_frame_object_base.h">
      <Filter>src</Filter>
    </ClInclude>
    <ClInclude Include="..\src\pt_gfx_malloc_vk.h">
      <Filter>src</Filter>
    </ClInclude>
    <ClInclude Include="..\src\pt_gfx_material_base.h">
      <Filter>src</Filter>
    </ClInclude>
    <ClInclude Include="..\src\pt_gfx_material_vk.h">
      <Filter>src</Filter>
    </ClInclude>
    <ClInclude Include="..\src\pt_gfx_connection_d3d12.h">
      <Filter>src</Filter>
    </ClInclude>
    <ClInclude Include="..\include\pt_gfx_common.h">
      <Filter>include</Filter>
    </ClInclude>
    <ClInclude Include="..\include\pt_gfx_connection.h">
      <Filter>include</Filter>
    </ClInclude>
    <ClInclude Include="..\src\imaging\streaming_object.h">
      <Filter>src\imaging</Filter>
    </ClInclude>
    <ClInclude Include="..\src\imaging\mesh_asset_load.h">
      <Filter>src\imaging</Filter>
    </ClInclude>
    <ClInclude Include="..\src\imaging\mesh_asset_load_pmx.h">
      <Filter>src\imaging</Filter>
    </ClInclude>
    <ClInclude Include="..\src\imaging\texture_asset_load.h">
      <Filter>src\imaging</Filter>
    </ClInclude>
    <ClInclude Include="..\src\imaging\mesh.h">
      <Filter>src\imaging</Filter>
    </ClInclude>
    <ClInclude Include="..\src\imaging\vk\vk_mesh.h">
      <Filter>src\imaging\vk</Filter>
    </ClInclude>
    <ClInclude Include="..\src\imaging\texture.h">
      <Filter>src\imaging</Filter>
    </ClInclude>
    <ClInclude Include="..\src\imaging\vk\vk_texture.h">
      <Filter>src\imaging\vk</Filter>
    </ClInclude>
    <ClInclude Include="..\include\pt_io.h">
      <Filter>include</Filter>
    </ClInclude>
    <ClInclude Include="..\src\imaging\mesh_vertex.sli">
      <Filter>src\imaging</Filter>
    </ClInclude>
    <ClInclude Include="..\include\pt_math.h">
      <Filter>include</Filter>
    </ClInclude>
    <ClInclude Include="..\include\pt_math_common.h">
      <Filter>include</Filter>
    </ClInclude>
    <ClInclude Include="..\include\pt_common.h">
      <Filter>include</Filter>
    </ClInclude>
    <ClInclude Include="..\include\pt_math_pack.h">
      <Filter>include</Filter>
    </ClInclude>
    <ClInclude Include="..\src\imaging\mesh_vertex_tangent.h">
      <Filter>src\imaging</Filter>
    </ClInclude>
    <ClInclude Include="..\src\scene\pt_gfx_scene_vk.h">
      <Filter>src\scene</Filter>
    </ClInclude>
    <ClInclude Include="..\src\scene\pt_gfx_scene_base.h">
      <Filter>src\scene</Filter>
    </ClInclude>
    <ClInclude Include="..\src\scene\pt_gfx_node_base.h">
      <Filter>src\scene</Filter>
    </ClInclude>
    <ClInclude Include="..\src\scene\pt_gfx_node_vk.h">
      <Filter>src\scene</Filter>
    </ClInclude>
  </ItemGroup>
  <ItemGroup>
    <None Include="..\src\imaging\vk\quaternion.glsli">
      <Filter>src\imaging\vk</Filter>
    </None>
  </ItemGroup>
  <ItemGroup>
    <CustomBuild Include="..\src\imaging\vk\forward_shading_mesh_vertex.glsl">
      <Filter>src\imaging\vk</Filter>
    </CustomBuild>
    <CustomBuild Include="..\src\imaging\vk\forward_shading_mesh_fragment.glsl">
      <Filter>src\imaging\vk</Filter>
    </CustomBuild>
  </ItemGroup>
</Project>