
Microsoft Visual Studio Solution File, Format Version 12.00
# Visual Studio 15
VisualStudioVersion = 15.0.26730.16
MinimumVisualStudioVersion = 10.0.40219.1
Project("{8BC9CEB8-8B4A-11D0-8D11-00A0C91BC942}") = "PTMain_Win32Desktop", "PTMain_Win32Desktop.vcxproj", "{7686E349-AAB6-4328-B96E-17A08A3DF168}"
EndProject
Project("{8BC9CEB8-8B4A-11D0-8D11-00A0C91BC942}") = "PTSceneEditor", "PTSceneEditor\PTSceneEditor.vcxproj", "{ACBCCAD2-384B-43B6-89E0-C8FB98DF4E60}"
EndProject
Global
	GlobalSection(SolutionConfigurationPlatforms) = preSolution
		Debug|x64 = Debug|x64
		Debug|x86 = Debug|x86
		Release|x64 = Release|x64
		Release|x86 = Release|x86
	EndGlobalSection
	GlobalSection(ProjectConfigurationPlatforms) = postSolution
		{7686E349-AAB6-4328-B96E-17A08A3DF168}.Debug|x64.ActiveCfg = Debug|x64
		{7686E349-AAB6-4328-B96E-17A08A3DF168}.Debug|x64.Build.0 = Debug|x64
		{7686E349-AAB6-4328-B96E-17A08A3DF168}.Debug|x86.ActiveCfg = Debug|x64
		{7686E349-AAB6-4328-B96E-17A08A3DF168}.Release|x64.ActiveCfg = Release|x64
		{7686E349-AAB6-4328-B96E-17A08A3DF168}.Release|x64.Build.0 = Release|x64
		{7686E349-AAB6-4328-B96E-17A08A3DF168}.Release|x86.ActiveCfg = Release|x64
		{ACBCCAD2-384B-43B6-89E0-C8FB98DF4E60}.Debug|x64.ActiveCfg = Debug|x64
		{ACBCCAD2-384B-43B6-89E0-C8FB98DF4E60}.Debug|x64.Build.0 = Debug|x64
		{ACBCCAD2-384B-43B6-89E0-C8FB98DF4E60}.Debug|x86.ActiveCfg = Debug|x64
		{ACBCCAD2-384B-43B6-89E0-C8FB98DF4E60}.Release|x64.ActiveCfg = Release|x64
		{ACBCCAD2-384B-43B6-89E0-C8FB98DF4E60}.Release|x64.Build.0 = Release|x64
		{ACBCCAD2-384B-43B6-89E0-C8FB98DF4E60}.Release|x86.ActiveCfg = Release|x64
	EndGlobalSection
	GlobalSection(SolutionProperties) = preSolution
		HideSolutionNode = FALSE
	EndGlobalSection
	GlobalSection(ExtensibilityGlobals) = postSolution
		SolutionGuid = {19CF8DB9-F8A5-4334-961B-4C710F372D1E}
	EndGlobalSection
EndGlobal
